<?xml version="1.0"?>
<CONFIG>
  <ProjectOptions>
    <Version Value="9"/>
    <PathDelim Value="\"/>
    <General>
      <Flags>
        <LRSInOutputDirectory Value="False"/>
      </Flags>
      <SessionStorage Value="InProjectDir"/>
      <MainUnit Value="0"/>
      <UseAppBundle Value="False"/>
      <ResourceType Value="res"/>
      <Icon Value="0"/>
    </General>
    <VersionInfo>
      <UseVersionInfo Value="True"/>
      <MajorVersionNr Value="1"/>
      <RevisionNr Value="1"/>
      <BuildNr Value="63"/>
      <StringTable ProductVersion="" FileDescription="mnSQLite Viewer"/>
    </VersionInfo>
    <BuildModes Count="1">
      <Item1 Name="default" Default="True"/>
    </BuildModes>
    <PublishOptions>
      <Version Value="2"/>
      <IgnoreBinaries Value="False"/>
      <IncludeFileFilter Value="*.(pas|pp|inc|lfm|lpr|lrs|lpi|lpk|sh|xml)"/>
      <ExcludeFileFilter Value="*.(bak|ppu|ppw|o|so);*~;backup"/>
    </PublishOptions>
    <RunParams>
      <local>
        <FormatVersion Value="1"/>
        <LaunchingApplication PathPlusParams="/usr/X11R6/bin/xterm -T 'Lazarus Run Output' -e $(LazarusDir)/tools/runwait.sh $(TargetCmdLine)"/>
      </local>
    </RunParams>
    <RequiredPackages Count="6">
      <Item1>
        <PackageName Value="MiniXML"/>
      </Item1>
      <Item2>
        <PackageName Value="MiniConnections"/>
      </Item2>
      <Item3>
        <PackageName Value="MiniCommons"/>
      </Item3>
      <Item4>
        <PackageName Value="MiniLib"/>
      </Item4>
      <Item5>
        <PackageName Value="SynEdit"/>
        <MinVersion Major="1" Valid="True"/>
      </Item5>
      <Item6>
        <PackageName Value="LCL"/>
      </Item6>
    </RequiredPackages>
    <Units Count="6">
      <Unit0>
        <Filename Value="SqliteViewer.lpr"/>
        <IsPartOfProject Value="True"/>
        <UnitName Value="SqliteViewer"/>
      </Unit0>
      <Unit1>
        <Filename Value="Main.pas"/>
        <IsPartOfProject Value="True"/>
        <ComponentName Value="MainForm"/>
        <ResourceBaseClass Value="Form"/>
        <UnitName Value="Main"/>
      </Unit1>
      <Unit2>
        <Filename Value="..\lib\sqlvClasses.pas"/>
        <IsPartOfProject Value="True"/>
        <UnitName Value="sqlvClasses"/>
      </Unit2>
      <Unit3>
        <Filename Value="sqlvStdClasses.pas"/>
        <IsPartOfProject Value="True"/>
        <UnitName Value="sqlvStdClasses"/>
      </Unit3>
      <Unit4>
        <Filename Value="AboutForm.pas"/>
        <IsPartOfProject Value="True"/>
        <ComponentName Value="AboutForm"/>
        <ResourceBaseClass Value="Form"/>
        <UnitName Value="AboutForm"/>
      </Unit4>
      <Unit5>
        <Filename Value="CSVIEForms.pas"/>
        <IsPartOfProject Value="True"/>
        <ComponentName Value="CSVIEForm"/>
        <ResourceBaseClass Value="Form"/>
        <UnitName Value="CSVIEForms"/>
      </Unit5>
    </Units>
  </ProjectOptions>
  <CompilerOptions>
    <Version Value="10"/>
    <PathDelim Value="\"/>
    <Target>
      <Filename Value="..\bin\SqliteViewer.exe"/>
    </Target>
    <SearchPaths>
      <IncludeFiles Value="$(ProjOutDir)"/>
      <OtherUnitFiles Value="..\lib"/>
      <UnitOutputDirectory Value="..\units"/>
    </SearchPaths>
    <Parsing>
      <SyntaxOptions>
        <UseAnsiStrings Value="False"/>
      </SyntaxOptions>
    </Parsing>
    <Linking>
      <Debugging>
        <GenerateDebugInfo Value="True"/>
        <DebugInfoType Value="dsAuto"/>
      </Debugging>
      <Options>
        <Win32>
          <GraphicApplication Value="True"/>
        </Win32>
      </Options>
    </Linking>
    <Other>
      <Verbosity>
        <ShowHints Value="False"/>
        <ShowGenInfo Value="False"/>
      </Verbosity>
      <WriteFPCLogo Value="False"/>
      <CompilerMessages>
        <UseMsgFile Value="True"/>
      </CompilerMessages>
      <CompilerPath Value="$(CompPath)"/>
    </Other>
  </CompilerOptions>
</CONFIG>
