<?xml version="1.0"?>
<CONFIG>
  <ProjectOptions>
    <Version Value="9"/>
    <PathDelim Value="\"/>
    <General>
      <MainUnit Value="0"/>
      <UseXPManifest Value="True"/>
      <Icon Value="0"/>
      <ActiveWindowIndexAtStart Value="0"/>
    </General>
    <VersionInfo>
      <Language Value=""/>
      <CharSet Value=""/>
      <StringTable ProductVersion=""/>
    </VersionInfo>
    <BuildModes Count="1">
      <Item1 Name="default" Default="True"/>
    </BuildModes>
    <PublishOptions>
      <Version Value="2"/>
      <IgnoreBinaries Value="False"/>
      <IncludeFileFilter Value="*.(pas|pp|inc|lfm|lpr|lrs|lpi|lpk|sh|xml)"/>
      <ExcludeFileFilter Value="*.(bak|ppu|ppw|o|so);*~;backup"/>
    </PublishOptions>
    <RunParams>
      <local>
        <FormatVersion Value="1"/>
        <LaunchingApplication PathPlusParams="/usr/X11R6/bin/xterm -T 'Lazarus Run Output' -e $(LazarusDir)/tools/runwait.sh $(TargetCmdLine)"/>
      </local>
    </RunParams>
    <RequiredPackages Count="4">
      <Item1>
        <PackageName Value="LCLBase"/>
        <MinVersion Major="1" Release="1" Valid="True"/>
      </Item1>
      <Item2>
        <PackageName Value="LazControls"/>
        <MinVersion Valid="True"/>
      </Item2>
      <Item3>
        <PackageName Value="NativeLib"/>
        <MinVersion Valid="True"/>
      </Item3>
      <Item4>
        <PackageName Value="LCL"/>
      </Item4>
    </RequiredPackages>
    <Units Count="164">
      <Unit0>
        <Filename Value="project1.lpr"/>
        <IsPartOfProject Value="True"/>
        <UnitName Value="project1"/>
        <WindowIndex Value="0"/>
        <TopLine Value="1"/>
        <CursorPos X="11" Y="10"/>
        <UsageCount Value="148"/>
      </Unit0>
      <Unit1>
        <Filename Value="Unit1.pas"/>
        <IsPartOfProject Value="True"/>
        <ComponentName Value="Form1"/>
        <HasResources Value="True"/>
        <ResourceBaseClass Value="Form"/>
        <UnitName Value="Unit1"/>
        <EditorIndex Value="0"/>
        <WindowIndex Value="0"/>
        <TopLine Value="39"/>
        <CursorPos X="27" Y="67"/>
        <UsageCount Value="148"/>
        <Loaded Value="True"/>
        <LoadedDesigner Value="True"/>
      </Unit1>
      <Unit2>
        <Filename Value="..\..\ntvCtrls.pas"/>
        <UnitName Value="ntvCtrls"/>
        <TopLine Value="1"/>
        <CursorPos X="1" Y="4"/>
        <UsageCount Value="5"/>
      </Unit2>
      <Unit3>
        <Filename Value="..\..\ntvUtils.pas"/>
        <UnitName Value="ntvUtils"/>
        <WindowIndex Value="0"/>
        <TopLine Value="1"/>
        <CursorPos X="1" Y="1"/>
        <UsageCount Value="11"/>
      </Unit3>
      <Unit4>
        <Filename Value="..\..\ntvRegCtrls.pas"/>
        <UnitName Value="ntvRegCtrls"/>
        <WindowIndex Value="0"/>
        <TopLine Value="1"/>
        <CursorPos X="22" Y="16"/>
        <UsageCount Value="35"/>
      </Unit4>
      <Unit5>
        <Filename Value="..\..\ntvPageControls.pas"/>
        <UnitName Value="ntvPageControls"/>
        <EditorIndex Value="1"/>
        <WindowIndex Value="0"/>
        <TopLine Value="1"/>
        <CursorPos X="1" Y="1"/>
        <UsageCount Value="55"/>
        <Loaded Value="True"/>
      </Unit5>
      <Unit6>
        <Filename Value="..\..\ntvProgressBar.pas"/>
        <UnitName Value="ntvProgressBar"/>
        <TopLine Value="1"/>
        <CursorPos X="21" Y="1"/>
        <UsageCount Value="5"/>
      </Unit6>
      <Unit7>
        <Filename Value="..\..\ntvProgressBars.pas"/>
        <UnitName Value="ntvProgressBars"/>
        <WindowIndex Value="0"/>
        <TopLine Value="180"/>
        <CursorPos X="30" Y="188"/>
        <UsageCount Value="11"/>
      </Unit7>
      <Unit8>
        <Filename Value="..\..\ntvDotMatrix.pas"/>
        <UnitName Value="ntvDotMatrix"/>
        <WindowIndex Value="0"/>
        <TopLine Value="183"/>
        <CursorPos X="10" Y="203"/>
        <UsageCount Value="9"/>
      </Unit8>
      <Unit9>
        <Filename Value="..\..\ntvCtrlsLib.lrs"/>
        <TopLine Value="1"/>
        <CursorPos X="27" Y="1"/>
        <UsageCount Value="5"/>
      </Unit9>
      <Unit10>
        <Filename Value="..\..\images\res.cmd"/>
        <TopLine Value="1"/>
        <CursorPos X="17" Y="3"/>
        <UsageCount Value="5"/>
        <DefaultSyntaxHighlighter Value="None"/>
      </Unit10>
      <Unit11>
        <Filename Value="..\..\..\..\..\MiniSocket\source\mnWin32Sockets.pas"/>
        <UnitName Value="mnWin32Sockets"/>
        <TopLine Value="21"/>
        <CursorPos X="3" Y="32"/>
        <UsageCount Value="5"/>
      </Unit11>
      <Unit12>
        <Filename Value="W:\programs\fpc\src\rtl\win\winsock2.pp"/>
        <UnitName Value="WinSock2"/>
        <TopLine Value="1"/>
        <CursorPos X="1" Y="1"/>
        <UsageCount Value="5"/>
      </Unit12>
      <Unit13>
        <Filename Value="V:\dev\synapse\blcksock.pas"/>
        <UnitName Value="blcksock"/>
        <TopLine Value="3417"/>
        <CursorPos X="34" Y="3427"/>
        <UsageCount Value="5"/>
      </Unit13>
      <Unit14>
        <Filename Value="V:\dev\synapse\sswin32.pas"/>
        <UnitName Value="sswin32"/>
        <TopLine Value="1473"/>
        <CursorPos X="88" Y="1483"/>
        <UsageCount Value="5"/>
      </Unit14>
      <Unit15>
        <Filename Value="W:\programs\lazarus\lcl\include\winapih.inc"/>
        <WindowIndex Value="0"/>
        <TopLine Value="316"/>
        <CursorPos X="19" Y="346"/>
        <UsageCount Value="11"/>
      </Unit15>
      <Unit16>
        <Filename Value="W:\programs\fpc\src\rtl\win32\classes.pp"/>
        <UnitName Value="Classes"/>
        <TopLine Value="1"/>
        <CursorPos X="1" Y="1"/>
        <UsageCount Value="5"/>
      </Unit16>
      <Unit17>
        <Filename Value="W:\programs\lazarus\lcl\controls.pp"/>
        <UnitName Value="Controls"/>
        <WindowIndex Value="0"/>
        <TopLine Value="1369"/>
        <CursorPos X="37" Y="1390"/>
        <UsageCount Value="19"/>
      </Unit17>
      <Unit18>
        <Filename Value="W:\programs\lazarus\lcl\include\control.inc"/>
        <WindowIndex Value="0"/>
        <TopLine Value="1148"/>
        <CursorPos X="1" Y="1162"/>
        <UsageCount Value="12"/>
        <Bookmarks Count="1">
          <Item0 X="1" Y="425" ID="2"/>
        </Bookmarks>
      </Unit18>
      <Unit19>
        <Filename Value="W:\programs\lazarus\lcl\include\docktree.inc"/>
        <TopLine Value="102"/>
        <CursorPos X="3" Y="104"/>
        <UsageCount Value="6"/>
      </Unit19>
      <Unit20>
        <Filename Value="W:\programs\lazarus\lcl\grids.pas"/>
        <UnitName Value="Grids"/>
        <WindowIndex Value="0"/>
        <TopLine Value="3674"/>
        <CursorPos X="3" Y="3676"/>
        <UsageCount Value="6"/>
      </Unit20>
      <Unit21>
        <Filename Value="W:\programs\lazarus\lcl\extctrls.pp"/>
        <UnitName Value="ExtCtrls"/>
        <WindowIndex Value="0"/>
        <TopLine Value="1"/>
        <CursorPos X="1" Y="1"/>
        <UsageCount Value="6"/>
      </Unit21>
      <Unit22>
        <Filename Value="W:\programs\lazarus\lcl\include\custompage.inc"/>
        <TopLine Value="133"/>
        <CursorPos X="12" Y="143"/>
        <UsageCount Value="5"/>
      </Unit22>
      <Unit23>
        <Filename Value="W:\programs\lazarus\lcl\calendar.pp"/>
        <UnitName Value="Calendar"/>
        <TopLine Value="146"/>
        <CursorPos X="26" Y="166"/>
        <UsageCount Value="5"/>
      </Unit23>
      <Unit24>
        <Filename Value="W:\programs\lazarus\lcl\comctrls.pp"/>
        <UnitName Value="ComCtrls"/>
        <WindowIndex Value="0"/>
        <TopLine Value="1418"/>
        <CursorPos X="15" Y="1430"/>
        <UsageCount Value="7"/>
      </Unit24>
      <Unit25>
        <Filename Value="W:\programs\lazarus\lcl\include\toolbutton.inc"/>
        <TopLine Value="1"/>
        <CursorPos X="36" Y="6"/>
        <UsageCount Value="5"/>
      </Unit25>
      <Unit26>
        <Filename Value="W:\programs\lazarus\lcl\include\customnotebook.inc"/>
        <TopLine Value="195"/>
        <CursorPos X="1" Y="195"/>
        <UsageCount Value="5"/>
      </Unit26>
      <Unit27>
        <Filename Value="W:\programs\lazarus\lcl\include\customsplitter.inc"/>
        <TopLine Value="518"/>
        <CursorPos X="3" Y="523"/>
        <UsageCount Value="5"/>
      </Unit27>
      <Unit28>
        <Filename Value="W:\programs\lazarus\components\rtticontrols\rttictrls.pas"/>
        <UnitName Value="RTTICtrls"/>
        <TopLine Value="1"/>
        <CursorPos X="1" Y="1"/>
        <UsageCount Value="5"/>
      </Unit28>
      <Unit29>
        <Filename Value="project1.lpi"/>
        <TopLine Value="1"/>
        <CursorPos X="1" Y="1"/>
        <UsageCount Value="5"/>
        <DefaultSyntaxHighlighter Value="XML"/>
      </Unit29>
      <Unit30>
        <Filename Value="Unit1.lfm"/>
        <WindowIndex Value="0"/>
        <TopLine Value="1"/>
        <CursorPos X="1" Y="1"/>
        <UsageCount Value="7"/>
        <DefaultSyntaxHighlighter Value="LFM"/>
      </Unit30>
      <Unit31>
        <Filename Value="W:\programs\lazarus\components\rx\apputils.pp"/>
        <UnitName Value="AppUtils"/>
        <TopLine Value="37"/>
        <CursorPos X="61" Y="37"/>
        <UsageCount Value="5"/>
      </Unit31>
      <Unit32>
        <Filename Value="W:\programs\lazarus\components\rx\placement.pp"/>
        <UnitName Value="Placement"/>
        <TopLine Value="1"/>
        <CursorPos X="1" Y="1"/>
        <UsageCount Value="5"/>
      </Unit32>
      <Unit33>
        <Filename Value="W:\programs\fpc\src\rtl\objpas\classes\classesh.inc"/>
        <TopLine Value="1"/>
        <CursorPos X="1" Y="1"/>
        <UsageCount Value="7"/>
      </Unit33>
      <Unit34>
        <Filename Value="W:\programs\lazarus\components\plotfunction\plotpanel.pp"/>
        <UnitName Value="plotpanel"/>
        <TopLine Value="81"/>
        <CursorPos X="36" Y="92"/>
        <UsageCount Value="5"/>
      </Unit34>
      <Unit35>
        <Filename Value="W:\programs\lazarus\ideintf\componentreg.pas"/>
        <UnitName Value="ComponentReg"/>
        <TopLine Value="43"/>
        <CursorPos X="1" Y="43"/>
        <UsageCount Value="5"/>
      </Unit35>
      <Unit36>
        <Filename Value="W:\programs\lazarus\ideintf\srceditorintf.pas"/>
        <UnitName Value="SrcEditorIntf"/>
        <TopLine Value="1"/>
        <CursorPos X="1" Y="1"/>
        <UsageCount Value="5"/>
      </Unit36>
      <Unit37>
        <Filename Value="W:\programs\lazarus\ideintf\propedits.pp"/>
        <UnitName Value="PropEdits"/>
        <TopLine Value="6715"/>
        <CursorPos X="35" Y="6717"/>
        <UsageCount Value="7"/>
      </Unit37>
      <Unit38>
        <Filename Value="W:\programs\lazarus\components\filebrowser\frmfilebrowser.lfm"/>
        <TopLine Value="1"/>
        <CursorPos X="1" Y="1"/>
        <UsageCount Value="5"/>
        <DefaultSyntaxHighlighter Value="LFM"/>
      </Unit38>
      <Unit39>
        <Filename Value="W:\programs\lazarus\components\filebrowser\frmfilebrowser.lrs"/>
        <TopLine Value="1"/>
        <CursorPos X="1" Y="1"/>
        <UsageCount Value="5"/>
      </Unit39>
      <Unit40>
        <Filename Value="W:\programs\lazarus\components\filebrowser\frmfilebrowser.pas"/>
        <ComponentName Value="FileBrowserForm"/>
        <HasResources Value="True"/>
        <ResourceBaseClass Value="Form"/>
        <UnitName Value="frmFileBrowser"/>
        <TopLine Value="1"/>
        <CursorPos X="1" Y="1"/>
        <UsageCount Value="5"/>
      </Unit40>
      <Unit41>
        <Filename Value="W:\programs\lazarus\components\filebrowser\frmconfigfilebrowser.pp"/>
        <ComponentName Value="FileBrowserConfigForm"/>
        <HasResources Value="True"/>
        <ResourceBaseClass Value="Form"/>
        <UnitName Value="frmconfigfilebrowser"/>
        <TopLine Value="1"/>
        <CursorPos X="77" Y="6"/>
        <UsageCount Value="5"/>
      </Unit41>
      <Unit42>
        <Filename Value="W:\programs\lazarus\components\filebrowser\regidefilebrowser.pp"/>
        <UnitName Value="regidefilebrowser"/>
        <TopLine Value="1"/>
        <CursorPos X="1" Y="1"/>
        <UsageCount Value="5"/>
      </Unit42>
      <Unit43>
        <Filename Value="W:\programs\lazarus\lcl\interfaces\win32\win32wsextctrls.pp"/>
        <UnitName Value="Win32WSExtCtrls"/>
        <WindowIndex Value="0"/>
        <TopLine Value="58"/>
        <CursorPos X="20" Y="78"/>
        <UsageCount Value="10"/>
      </Unit43>
      <Unit44>
        <Filename Value="W:\programs\lazarus\lcl\widgetset\wsextctrls.pp"/>
        <UnitName Value="WSExtCtrls"/>
        <TopLine Value="386"/>
        <CursorPos X="1" Y="387"/>
        <UsageCount Value="5"/>
      </Unit44>
      <Unit45>
        <Filename Value="W:\programs\lazarus\lcl\widgetset\wscontrols.pp"/>
        <UnitName Value="WSControls"/>
        <WindowIndex Value="0"/>
        <TopLine Value="76"/>
        <CursorPos X="20" Y="97"/>
        <UsageCount Value="10"/>
      </Unit45>
      <Unit46>
        <Filename Value="W:\programs\lazarus\lcl\widgetset\wslclclasses.pp"/>
        <UnitName Value="WSLCLClasses"/>
        <TopLine Value="1"/>
        <CursorPos X="1" Y="1"/>
        <UsageCount Value="5"/>
      </Unit46>
      <Unit47>
        <Filename Value="W:\programs\lazarus\lcl\interfaces\win32\win32callback.inc"/>
        <WindowIndex Value="0"/>
        <TopLine Value="2624"/>
        <CursorPos X="44" Y="2642"/>
        <UsageCount Value="10"/>
      </Unit47>
      <Unit48>
        <Filename Value="W:\programs\lazarus\lcl\lclclasses.pp"/>
        <UnitName Value="LCLClasses"/>
        <TopLine Value="126"/>
        <CursorPos X="3" Y="146"/>
        <UsageCount Value="5"/>
      </Unit48>
      <Unit49>
        <Filename Value="W:\programs\lazarus\lcl\include\tabcontrol.inc"/>
        <TopLine Value="1"/>
        <CursorPos X="1" Y="1"/>
        <UsageCount Value="5"/>
      </Unit49>
      <Unit50>
        <Filename Value="W:\programs\lazarus\lcl\stdctrls.pp"/>
        <UnitName Value="StdCtrls"/>
        <TopLine Value="1"/>
        <CursorPos X="1" Y="1"/>
        <UsageCount Value="6"/>
      </Unit50>
      <Unit51>
        <Filename Value="W:\programs\lazarus\lcl\interfaces\win32\win32wsfactory.pas"/>
        <UnitName Value="Win32WSFactory"/>
        <TopLine Value="1"/>
        <CursorPos X="1" Y="1"/>
        <UsageCount Value="5"/>
      </Unit51>
      <Unit52>
        <Filename Value="W:\programs\lazarus\lcl\interfaces\wince\wincewsextctrls.pp"/>
        <UnitName Value="WinCEWSExtCtrls"/>
        <TopLine Value="569"/>
        <CursorPos X="3" Y="579"/>
        <UsageCount Value="5"/>
      </Unit52>
      <Unit53>
        <Filename Value="W:\programs\lazarus\lcl\include\customtrayicon.inc"/>
        <TopLine Value="170"/>
        <CursorPos X="1" Y="174"/>
        <UsageCount Value="5"/>
      </Unit53>
      <Unit54>
        <Filename Value="W:\programs\lazarus\lcl\widgetset\wsfactory.pas"/>
        <UnitName Value="WSFactory"/>
        <TopLine Value="62"/>
        <CursorPos X="1" Y="102"/>
        <UsageCount Value="5"/>
      </Unit54>
      <Unit55>
        <Filename Value="W:\programs\lazarus\lcl\interfaces\win32\win32winapi.inc"/>
        <WindowIndex Value="0"/>
        <TopLine Value="1"/>
        <CursorPos X="1" Y="1"/>
        <UsageCount Value="5"/>
      </Unit55>
      <Unit56>
        <Filename Value="W:\programs\lazarus\lcl\include\wincontrol.inc"/>
        <WindowIndex Value="0"/>
        <TopLine Value="7143"/>
        <CursorPos X="2" Y="7161"/>
        <UsageCount Value="11"/>
      </Unit56>
      <Unit57>
        <Filename Value="W:\programs\lazarus\lcl\lmessages.pp"/>
        <UnitName Value="LMessages"/>
        <WindowIndex Value="0"/>
        <TopLine Value="232"/>
        <CursorPos X="3" Y="242"/>
        <UsageCount Value="10"/>
      </Unit57>
      <Unit58>
        <Filename Value="W:\programs\lazarus\lcl\widgetset\wscalendar.pp"/>
        <UnitName Value="WSCalendar"/>
        <TopLine Value="47"/>
        <CursorPos X="29" Y="54"/>
        <UsageCount Value="5"/>
      </Unit58>
      <Unit59>
        <Filename Value="W:\programs\lazarus\components\turbopower_ipro\ipconst.pas"/>
        <UnitName Value="IpConst"/>
        <TopLine Value="199"/>
        <CursorPos X="7" Y="209"/>
        <UsageCount Value="6"/>
      </Unit59>
      <Unit60>
        <Filename Value="W:\programs\lazarus\ide\main.pp"/>
        <UnitName Value="Main"/>
        <TopLine Value="1717"/>
        <CursorPos X="19" Y="1722"/>
        <UsageCount Value="6"/>
      </Unit60>
      <Unit61>
        <Filename Value="W:\programs\lazarus\ide\include\ide.inc"/>
        <TopLine Value="1"/>
        <CursorPos X="1" Y="3"/>
        <UsageCount Value="5"/>
      </Unit61>
      <Unit62>
        <Filename Value="W:\programs\lazarus\lcl\interfaces\win32\win32wsstdctrls.pp"/>
        <UnitName Value="Win32WSStdCtrls"/>
        <TopLine Value="1"/>
        <CursorPos X="1" Y="1"/>
        <UsageCount Value="5"/>
      </Unit62>
      <Unit63>
        <Filename Value="W:\programs\lazarus\lcl\interfaces\win32\win32int.pp"/>
        <UnitName Value="Win32Int"/>
        <TopLine Value="216"/>
        <CursorPos X="20" Y="235"/>
        <UsageCount Value="5"/>
      </Unit63>
      <Unit64>
        <Filename Value="W:\programs\fpc\src\rtl\win\wininc\messages.inc"/>
        <TopLine Value="1023"/>
        <CursorPos X="26" Y="1044"/>
        <UsageCount Value="5"/>
      </Unit64>
      <Unit65>
        <Filename Value="W:\programs\lazarus\lcl\include\dragobject.inc"/>
        <TopLine Value="1"/>
        <CursorPos X="1" Y="1"/>
        <UsageCount Value="5"/>
      </Unit65>
      <Unit66>
        <Filename Value="W:\programs\lazarus\ide\fpdoceditwindow.pas"/>
        <ComponentName Value="FPDocEditor"/>
        <HasResources Value="True"/>
        <ResourceBaseClass Value="Form"/>
        <UnitName Value="FPDocEditWindow"/>
        <TopLine Value="69"/>
        <CursorPos X="18" Y="90"/>
        <UsageCount Value="5"/>
      </Unit66>
      <Unit67>
        <Filename Value="W:\programs\lazarus\ide\componentlist.pas"/>
        <ComponentName Value="ComponentListForm"/>
        <HasResources Value="True"/>
        <ResourceBaseClass Value="Form"/>
        <UnitName Value="ComponentList"/>
        <TopLine Value="34"/>
        <CursorPos X="7" Y="37"/>
        <UsageCount Value="5"/>
      </Unit67>
      <Unit68>
        <Filename Value="W:\programs\lazarus\tools\lazdatadesktop\frmmain.pp"/>
        <ComponentName Value="MainForm"/>
        <HasResources Value="True"/>
        <ResourceBaseClass Value="Form"/>
        <UnitName Value="frmmain"/>
        <TopLine Value="105"/>
        <CursorPos X="16" Y="126"/>
        <UsageCount Value="5"/>
      </Unit68>
      <Unit69>
        <Filename Value="W:\programs\lazarus\lcl\include\tabsheet.inc"/>
        <TopLine Value="26"/>
        <CursorPos X="24" Y="33"/>
        <UsageCount Value="5"/>
      </Unit69>
      <Unit70>
        <Filename Value="W:\programs\lazarus\lcl\widgetset\wscomctrls.pp"/>
        <UnitName Value="WSComCtrls"/>
        <TopLine Value="558"/>
        <CursorPos X="1" Y="563"/>
        <UsageCount Value="5"/>
      </Unit70>
      <Unit71>
        <Filename Value="W:\programs\lazarus\designer\abstracteditor.pp"/>
        <UnitName Value="AbstractEditor"/>
        <TopLine Value="1"/>
        <CursorPos X="1" Y="1"/>
        <UsageCount Value="5"/>
      </Unit71>
      <Unit72>
        <Filename Value="W:\programs\lazarus\designer\aligncompsdlg.lfm"/>
        <TopLine Value="1"/>
        <CursorPos X="1" Y="1"/>
        <UsageCount Value="5"/>
        <DefaultSyntaxHighlighter Value="LFM"/>
      </Unit72>
      <Unit73>
        <Filename Value="W:\programs\lazarus\designer\aligncompsdlg.pp"/>
        <ComponentName Value="AlignComponentsDialog"/>
        <HasResources Value="True"/>
        <ResourceBaseClass Value="Form"/>
        <UnitName Value="AlignCompsDlg"/>
        <TopLine Value="1"/>
        <CursorPos X="1" Y="1"/>
        <UsageCount Value="5"/>
      </Unit73>
      <Unit74>
        <Filename Value="W:\programs\lazarus\designer\designer.pp"/>
        <UnitName Value="Designer"/>
        <WindowIndex Value="0"/>
        <TopLine Value="1"/>
        <CursorPos X="1" Y="1"/>
        <UsageCount Value="13"/>
        <Bookmarks Count="1">
          <Item0 X="37" Y="1781" ID="1"/>
        </Bookmarks>
      </Unit74>
      <Unit75>
        <Filename Value="W:\programs\lazarus\ideintf\componenteditors.pas"/>
        <UnitName Value="ComponentEditors"/>
        <WindowIndex Value="0"/>
        <TopLine Value="1176"/>
        <CursorPos X="1" Y="1198"/>
        <UsageCount Value="7"/>
      </Unit75>
      <Unit76>
        <Filename Value="W:\programs\lazarus\lcl\forms.pp"/>
        <UnitName Value="Forms"/>
        <WindowIndex Value="0"/>
        <TopLine Value="607"/>
        <CursorPos X="14" Y="628"/>
        <UsageCount Value="9"/>
      </Unit76>
      <Unit77>
        <Filename Value="W:\programs\lazarus\ideintf\maskpropedit.pas"/>
        <ComponentName Value="MaskEditorForm"/>
        <HasResources Value="True"/>
        <ResourceBaseClass Value="Form"/>
        <UnitName Value="MaskPropEdit"/>
        <TopLine Value="63"/>
        <CursorPos X="33" Y="85"/>
        <UsageCount Value="7"/>
      </Unit77>
      <Unit78>
        <Filename Value="W:\programs\lazarus\components\synunihighlighter\synunireg.pas"/>
        <UnitName Value="SynUniReg"/>
        <TopLine Value="54"/>
        <CursorPos X="3" Y="63"/>
        <UsageCount Value="7"/>
      </Unit78>
      <Unit79>
        <Filename Value="W:\work\delphi\lib\Nova\NovaRegister.pas"/>
        <UnitName Value="NovaRegister"/>
        <TopLine Value="160"/>
        <CursorPos X="1" Y="175"/>
        <UsageCount Value="5"/>
      </Unit79>
      <Unit80>
        <Filename Value="W:\programs\lazarus\ide\editoroptions.pp"/>
        <UnitName Value="EditorOptions"/>
        <TopLine Value="2174"/>
        <CursorPos X="1" Y="2174"/>
        <UsageCount Value="5"/>
      </Unit80>
      <Unit81>
        <Filename Value="W:\programs\lazarus\ide\compileroptionsdlg.pp"/>
        <ComponentName Value="frmCompilerOptions"/>
        <HasResources Value="True"/>
        <ResourceBaseClass Value="Form"/>
        <UnitName Value="CompilerOptionsDlg"/>
        <TopLine Value="55"/>
        <CursorPos X="19" Y="67"/>
        <UsageCount Value="5"/>
      </Unit81>
      <Unit82>
        <Filename Value="W:\programs\lazarus\examples\notebooktest.pp"/>
        <UnitName Value="NotebookTest"/>
        <TopLine Value="20"/>
        <CursorPos X="35" Y="23"/>
        <UsageCount Value="5"/>
      </Unit82>
      <Unit83>
        <Filename Value="W:\programs\lazarus\lcl\interfaces\qt\qtwsextctrls.pp"/>
        <UnitName Value="QtWSExtCtrls"/>
        <TopLine Value="347"/>
        <CursorPos X="29" Y="360"/>
        <UsageCount Value="5"/>
      </Unit83>
      <Unit84>
        <Filename Value="W:\programs\lazarus\lcl\interfaces\carbon\carbonwscontrols.pp"/>
        <UnitName Value="CarbonWSControls"/>
        <TopLine Value="110"/>
        <CursorPos X="42" Y="122"/>
        <UsageCount Value="5"/>
      </Unit84>
      <Unit85>
        <Filename Value="W:\programs\lazarus\lcl\interfaces\qt\qtwscontrols.pp"/>
        <UnitName Value="QtWSControls"/>
        <TopLine Value="314"/>
        <CursorPos X="19" Y="326"/>
        <UsageCount Value="5"/>
      </Unit85>
      <Unit86>
        <Filename Value="W:\programs\lazarus\lcl\include\treeview.inc"/>
        <TopLine Value="4926"/>
        <CursorPos X="3" Y="4932"/>
        <UsageCount Value="6"/>
      </Unit86>
      <Unit87>
        <Filename Value="C:\Program Files\Borland\Delphi7\Source\Vcl\Controls.pas"/>
        <UnitName Value="Controls"/>
        <WindowIndex Value="0"/>
        <TopLine Value="52"/>
        <CursorPos X="3" Y="63"/>
        <UsageCount Value="8"/>
      </Unit87>
      <Unit88>
        <Filename Value="W:\programs\lazarus\lcl\include\customform.inc"/>
        <WindowIndex Value="0"/>
        <TopLine Value="1"/>
        <CursorPos X="1" Y="1"/>
        <UsageCount Value="6"/>
      </Unit88>
      <Unit89>
        <Filename Value="W:\programs\lazarus\examples\dockmanager\package\easydocksite.pas"/>
        <UnitName Value="EasyDockSite"/>
        <TopLine Value="191"/>
        <CursorPos X="29" Y="212"/>
        <UsageCount Value="5"/>
      </Unit89>
      <Unit90>
        <Filename Value="W:\programs\lazarus\lcl\lclmessageglue.pas"/>
        <UnitName Value="LCLMessageGlue"/>
        <TopLine Value="64"/>
        <CursorPos X="1" Y="64"/>
        <UsageCount Value="5"/>
      </Unit90>
      <Unit91>
        <Filename Value="W:\programs\lazarus\lcl\include\pagecontrol.inc"/>
        <TopLine Value="74"/>
        <CursorPos X="3" Y="77"/>
        <UsageCount Value="5"/>
      </Unit91>
      <Unit92>
        <Filename Value="W:\programs\lazarus\designer\objinspext.pas"/>
        <UnitName Value="ObjInspExt"/>
        <TopLine Value="22"/>
        <CursorPos X="19" Y="28"/>
        <UsageCount Value="6"/>
      </Unit92>
      <Unit93>
        <Filename Value="W:\programs\lazarus\ideintf\oifavouriteproperties.pas"/>
        <UnitName Value="OIFavouriteProperties"/>
        <TopLine Value="1"/>
        <CursorPos X="27" Y="14"/>
        <UsageCount Value="6"/>
      </Unit93>
      <Unit94>
        <Filename Value="V:\dev\lazarus-ccr\components\jvcllaz\run\JvExControls.pas"/>
        <UnitName Value="JvExControls"/>
        <TopLine Value="1022"/>
        <CursorPos X="72" Y="1041"/>
        <UsageCount Value="5"/>
      </Unit94>
      <Unit95>
        <Filename Value="V:\dev\lazarus-ccr\components\orpheus\o32vlop1.pas"/>
        <UnitName Value="o32vlop1"/>
        <TopLine Value="54"/>
        <CursorPos X="8" Y="75"/>
        <UsageCount Value="5"/>
      </Unit95>
      <Unit96>
        <Filename Value="V:\dev\lazarus-ccr\components\richmemo\win32\win32richmemo.pas"/>
        <UnitName Value="Win32RichMemo"/>
        <TopLine Value="128"/>
        <CursorPos X="18" Y="140"/>
        <UsageCount Value="5"/>
      </Unit96>
      <Unit97>
        <Filename Value="V:\dev\lazarus-ccr\components\rx\rxctrls.pas"/>
        <UnitName Value="rxctrls"/>
        <TopLine Value="2899"/>
        <CursorPos X="36" Y="2899"/>
        <UsageCount Value="5"/>
      </Unit97>
      <Unit98>
        <Filename Value="V:\dev\lazarus-ccr\components\virtualtreeview\virtualtrees.pas"/>
        <UnitName Value="VirtualTrees"/>
        <TopLine Value="2205"/>
        <CursorPos X="87" Y="2241"/>
        <UsageCount Value="5"/>
      </Unit98>
      <Unit99>
        <Filename Value="V:\dev\lazarus-ccr\components\virtualtreeview-new\VirtualTrees.pas"/>
        <UnitName Value="VirtualTrees"/>
        <TopLine Value="1"/>
        <CursorPos X="1" Y="1"/>
        <UsageCount Value="5"/>
      </Unit99>
      <Unit100>
        <Filename Value="V:\dev\lazarus-ccr\components\acs\Src\fileformats\windows\directdraw.pas"/>
        <UnitName Value="directdraw"/>
        <TopLine Value="3716"/>
        <CursorPos X="61" Y="3728"/>
        <UsageCount Value="5"/>
      </Unit100>
      <Unit101>
        <Filename Value="V:\dev\lazarus-ccr\components\gradcontrols\src\ugradtabcontrol.pas"/>
        <UnitName Value="ugradtabcontrol"/>
        <TopLine Value="2117"/>
        <CursorPos X="21" Y="2127"/>
        <UsageCount Value="5"/>
      </Unit101>
      <Unit102>
        <Filename Value="W:\programs\lazarus\lcl\lcltype.pp"/>
        <UnitName Value="LCLType"/>
        <WindowIndex Value="0"/>
        <TopLine Value="70"/>
        <CursorPos X="18" Y="91"/>
        <UsageCount Value="10"/>
      </Unit102>
      <Unit103>
        <Filename Value="W:\programs\lazarus\lcl\lclproc.pas"/>
        <UnitName Value="LCLProc"/>
        <WindowIndex Value="0"/>
        <TopLine Value="1"/>
        <CursorPos X="1" Y="1"/>
        <UsageCount Value="7"/>
      </Unit103>
      <Unit104>
        <Filename Value="W:\programs\lazarus\lcl\lclintf.pas"/>
        <UnitName Value="LCLIntf"/>
        <WindowIndex Value="0"/>
        <TopLine Value="1"/>
        <CursorPos X="1" Y="1"/>
        <UsageCount Value="5"/>
      </Unit104>
      <Unit105>
        <Filename Value="W:\programs\lazarus\components\turbopower_ipro\iphtml.pas"/>
        <UnitName Value="IpHtml"/>
        <WindowIndex Value="0"/>
        <TopLine Value="18501"/>
        <CursorPos X="3" Y="18503"/>
        <UsageCount Value="5"/>
      </Unit105>
      <Unit106>
        <Filename Value="W:\programs\lazarus\components\synedit\synedit.pp"/>
        <UnitName Value="SynEdit"/>
        <WindowIndex Value="0"/>
        <TopLine Value="4334"/>
        <CursorPos X="3" Y="4336"/>
        <UsageCount Value="5"/>
      </Unit106>
      <Unit107>
        <Filename Value="W:\programs\lazarus\lcl\nonwin32\messages.pp"/>
        <UnitName Value="Messages"/>
        <WindowIndex Value="0"/>
        <TopLine Value="33"/>
        <CursorPos X="49" Y="45"/>
        <UsageCount Value="5"/>
      </Unit107>
      <Unit108>
        <Filename Value="..\..\NativeLib.pas"/>
        <UnitName Value="NativeLib"/>
        <TopLine Value="1"/>
        <CursorPos X="1" Y="1"/>
        <UsageCount Value="5"/>
      </Unit108>
      <Unit109>
        <Filename Value="W:\programs\lazarus\lcl\interfaces\win32\win32winapih.inc"/>
        <WindowIndex Value="0"/>
        <TopLine Value="1"/>
        <CursorPos X="1" Y="1"/>
        <UsageCount Value="5"/>
      </Unit109>
      <Unit110>
        <Filename Value="W:\programs\lazarus\designer\designerprocs.pas"/>
        <UnitName Value="DesignerProcs"/>
        <WindowIndex Value="0"/>
        <TopLine Value="113"/>
        <CursorPos X="1" Y="114"/>
        <UsageCount Value="10"/>
      </Unit110>
      <Unit111>
        <Filename Value="V:\programs\FPC\2.4\src\rtl\objpas\types.pp"/>
        <UnitName Value="types"/>
        <WindowIndex Value="0"/>
        <TopLine Value="1"/>
        <CursorPos X="1" Y="1"/>
        <UsageCount Value="12"/>
      </Unit111>
      <Unit112>
        <Filename Value="..\..\ntvTabs.pas"/>
        <IsPartOfProject Value="True"/>
        <UnitName Value="ntvTabs"/>
        <IsVisibleTab Value="True"/>
        <EditorIndex Value="2"/>
        <WindowIndex Value="0"/>
        <TopLine Value="196"/>
        <CursorPos X="20" Y="211"/>
        <UsageCount Value="116"/>
        <Bookmarks Count="2">
          <Item0 X="35" Y="584" ID="2"/>
          <Item1 X="3" Y="203" ID="1"/>
        </Bookmarks>
        <Loaded Value="True"/>
      </Unit112>
      <Unit113>
        <Filename Value="V:\programs\FPC\2.4\src\rtl\objpas\classes\classesh.inc"/>
        <WindowIndex Value="0"/>
        <TopLine Value="390"/>
        <CursorPos X="15" Y="411"/>
        <UsageCount Value="16"/>
      </Unit113>
      <Unit114>
        <Filename Value="V:\programs\FPC\2.4\src\rtl\inc\objpash.inc"/>
        <WindowIndex Value="0"/>
        <TopLine Value="1"/>
        <CursorPos X="1" Y="1"/>
        <UsageCount Value="16"/>
      </Unit114>
      <Unit115>
        <Filename Value="V:\programs\FPC\2.4\src\rtl\inc\objpas.inc"/>
        <WindowIndex Value="0"/>
        <TopLine Value="1"/>
        <CursorPos X="1" Y="1"/>
        <UsageCount Value="16"/>
      </Unit115>
      <Unit116>
        <Filename Value="V:\programs\FPC\2.4\src\rtl\objpas\classes\collect.inc"/>
        <WindowIndex Value="0"/>
        <TopLine Value="42"/>
        <CursorPos X="2" Y="45"/>
        <UsageCount Value="16"/>
      </Unit116>
      <Unit117>
        <Filename Value="V:\programs\FPC\2.4\src\rtl\objpas\classes\compon.inc"/>
        <WindowIndex Value="0"/>
        <TopLine Value="223"/>
        <CursorPos X="1" Y="223"/>
        <UsageCount Value="16"/>
      </Unit117>
      <Unit118>
        <Filename Value="W:\programs\lazarus\lcl\include\winapi.inc"/>
        <WindowIndex Value="0"/>
        <TopLine Value="1664"/>
        <CursorPos X="1" Y="1679"/>
        <UsageCount Value="7"/>
      </Unit118>
      <Unit119>
        <Filename Value="W:\programs\lazarus\lcl\include\canvas.inc"/>
        <WindowIndex Value="0"/>
        <TopLine Value="1"/>
        <CursorPos X="1" Y="1"/>
        <UsageCount Value="16"/>
      </Unit119>
      <Unit120>
        <Filename Value="W:\programs\lazarus\lcl\graphics.pp"/>
        <UnitName Value="Graphics"/>
        <WindowIndex Value="0"/>
        <TopLine Value="74"/>
        <CursorPos X="52" Y="77"/>
        <UsageCount Value="19"/>
      </Unit120>
      <Unit121>
        <Filename Value="..\..\ntvTabSets.pas"/>
        <IsPartOfProject Value="True"/>
        <UnitName Value="ntvTabSets"/>
        <WindowIndex Value="0"/>
        <TopLine Value="696"/>
        <CursorPos X="23" Y="701"/>
        <UsageCount Value="81"/>
        <Bookmarks Count="1">
          <Item0 X="1" Y="24" ID="3"/>
        </Bookmarks>
      </Unit121>
      <Unit122>
        <Filename Value="W:\programs\lazarus\ide\lazarus.pp"/>
        <UnitName Value="Lazarus"/>
        <WindowIndex Value="0"/>
        <TopLine Value="1"/>
        <CursorPos X="26" Y="6"/>
        <UsageCount Value="7"/>
      </Unit122>
      <Unit123>
        <Filename Value="..\..\ntvThemes.pas"/>
        <UnitName Value="ntvThemes"/>
        <WindowIndex Value="0"/>
        <TopLine Value="74"/>
        <CursorPos X="6" Y="86"/>
        <UsageCount Value="10"/>
        <Bookmarks Count="1">
          <Item0 X="3" Y="36" ID="1"/>
        </Bookmarks>
      </Unit123>
      <Unit124>
        <Filename Value="W:\programs\lazarus\components\lazreport\source\barcode.pas"/>
        <UnitName Value="Barcode"/>
        <WindowIndex Value="0"/>
        <TopLine Value="53"/>
        <CursorPos X="1" Y="73"/>
        <UsageCount Value="7"/>
      </Unit124>
      <Unit125>
        <Filename Value="W:\programs\lazarus\lcl\themes.pas"/>
        <UnitName Value="Themes"/>
        <WindowIndex Value="0"/>
        <TopLine Value="387"/>
        <CursorPos X="14" Y="409"/>
        <UsageCount Value="7"/>
      </Unit125>
      <Unit126>
        <Filename Value="W:\programs\lazarus\lcl\interfaces\win32\win32uxtheme.pas"/>
        <UnitName Value="Win32UxTheme"/>
        <WindowIndex Value="0"/>
        <TopLine Value="1"/>
        <CursorPos X="1" Y="1"/>
        <UsageCount Value="7"/>
      </Unit126>
      <Unit127>
        <Filename Value="W:\programs\lazarus\lcl\interfaces\win32\win32themes.pas"/>
        <UnitName Value="Win32Themes"/>
        <WindowIndex Value="0"/>
        <TopLine Value="327"/>
        <CursorPos X="7" Y="342"/>
        <UsageCount Value="7"/>
      </Unit127>
      <Unit128>
        <Filename Value="..\..\ntvStdThemes.pas"/>
        <UnitName Value="ntvStdThemes"/>
        <WindowIndex Value="0"/>
        <TopLine Value="15"/>
        <CursorPos X="34" Y="28"/>
        <UsageCount Value="10"/>
      </Unit128>
      <Unit129>
        <Filename Value="..\..\..\..\..\pos\source\posDraws.pas"/>
        <UnitName Value="posDraws"/>
        <WindowIndex Value="0"/>
        <TopLine Value="88"/>
        <CursorPos X="56" Y="94"/>
        <UsageCount Value="10"/>
        <DefaultSyntaxHighlighter Value="Delphi"/>
      </Unit129>
      <Unit130>
        <Filename Value="..\..\..\..\..\pos\source\posUtils.pas"/>
        <UnitName Value="posUtils"/>
        <WindowIndex Value="0"/>
        <TopLine Value="457"/>
        <CursorPos X="3" Y="478"/>
        <UsageCount Value="12"/>
        <DefaultSyntaxHighlighter Value="Delphi"/>
      </Unit130>
      <Unit131>
        <Filename Value="..\..\..\..\..\pos\source\posTypes.pas"/>
        <UnitName Value="posTypes"/>
        <WindowIndex Value="0"/>
        <TopLine Value="5"/>
        <CursorPos X="1" Y="26"/>
        <UsageCount Value="10"/>
        <DefaultSyntaxHighlighter Value="Delphi"/>
      </Unit131>
      <Unit132>
        <Filename Value="P:\programs\fpc\2.4\src\rtl\objpas\classes\classesh.inc"/>
        <WindowIndex Value="0"/>
        <TopLine Value="1869"/>
        <CursorPos X="10" Y="1890"/>
        <UsageCount Value="9"/>
      </Unit132>
      <Unit133>
        <Filename Value="P:\programs\fpc\2.4\src\rtl\objpas\classes\collect.inc"/>
        <WindowIndex Value="0"/>
        <TopLine Value="307"/>
        <CursorPos X="11" Y="309"/>
        <UsageCount Value="9"/>
      </Unit133>
      <Unit134>
        <Filename Value="W:\programs\lazarus\components\customdrawn\customdrawnextras.pas"/>
        <UnitName Value="customdrawnextras"/>
        <WindowIndex Value="0"/>
        <TopLine Value="2752"/>
        <CursorPos X="34" Y="2768"/>
        <UsageCount Value="8"/>
      </Unit134>
      <Unit135>
        <Filename Value="P:\programs\fpc\2.4\src\rtl\win\wininc\struct.inc"/>
        <WindowIndex Value="0"/>
        <TopLine Value="472"/>
        <CursorPos X="6" Y="493"/>
        <UsageCount Value="8"/>
      </Unit135>
      <Unit136>
        <Filename Value="W:\programs\lazarus\lcl\include\intfbaselcl.inc"/>
        <WindowIndex Value="0"/>
        <TopLine Value="29"/>
        <CursorPos X="3" Y="32"/>
        <UsageCount Value="8"/>
      </Unit136>
      <Unit137>
        <Filename Value="P:\programs\fpc\2.4\src\rtl\objpas\sysutils\sysutilh.inc"/>
        <WindowIndex Value="0"/>
        <TopLine Value="155"/>
        <CursorPos X="14" Y="176"/>
        <UsageCount Value="8"/>
      </Unit137>
      <Unit138>
        <Filename Value="P:\programs\fpc\2.4\src\rtl\win\sysutils.pp"/>
        <UnitName Value="sysutils"/>
        <WindowIndex Value="0"/>
        <TopLine Value="608"/>
        <CursorPos X="3" Y="610"/>
        <UsageCount Value="8"/>
      </Unit138>
      <Unit139>
        <Filename Value="C:\Program Files\Borland\Delphi7\Source\Vcl\ComCtrls.pas"/>
        <UnitName Value="ComCtrls"/>
        <WindowIndex Value="0"/>
        <TopLine Value="11499"/>
        <CursorPos X="37" Y="11522"/>
        <UsageCount Value="8"/>
      </Unit139>
      <Unit140>
        <Filename Value="..\..\..\..\..\pos\source\posControls.pas"/>
        <UnitName Value="posControls"/>
        <WindowIndex Value="0"/>
        <TopLine Value="1049"/>
        <CursorPos X="21" Y="1053"/>
        <UsageCount Value="10"/>
        <DefaultSyntaxHighlighter Value="Delphi"/>
      </Unit140>
      <Unit141>
        <Filename Value="P:\programs\fpc\2.4\src\rtl\objpas\types.pp"/>
        <UnitName Value="types"/>
        <WindowIndex Value="0"/>
        <TopLine Value="49"/>
        <CursorPos X="3" Y="70"/>
        <UsageCount Value="10"/>
      </Unit141>
      <Unit142>
        <Filename Value="V:\dev\lazarus-ccr\components\jvcllaz\run\JvPageList.pas"/>
        <UnitName Value="JvPageList"/>
        <WindowIndex Value="0"/>
        <TopLine Value="112"/>
        <CursorPos X="15" Y="132"/>
        <UsageCount Value="10"/>
      </Unit142>
      <Unit143>
        <Filename Value="V:\dev\lazarus-ccr\components\orpheus\ovccalc.pas"/>
        <UnitName Value="ovccalc"/>
        <WindowIndex Value="0"/>
        <TopLine Value="1962"/>
        <CursorPos X="57" Y="1975"/>
        <UsageCount Value="10"/>
      </Unit143>
      <Unit144>
        <Filename Value="..\..\..\..\..\pos\source\posLists.pas"/>
        <UnitName Value="posLists"/>
        <WindowIndex Value="0"/>
        <TopLine Value="344"/>
        <CursorPos X="19" Y="364"/>
        <UsageCount Value="9"/>
        <DefaultSyntaxHighlighter Value="Delphi"/>
      </Unit144>
      <Unit145>
        <Filename Value="..\..\..\..\..\pos\source\posImages.pas"/>
        <UnitName Value="posImages"/>
        <WindowIndex Value="0"/>
        <TopLine Value="135"/>
        <CursorPos X="16" Y="145"/>
        <UsageCount Value="11"/>
        <DefaultSyntaxHighlighter Value="Delphi"/>
      </Unit145>
      <Unit146>
        <Filename Value="W:\programs\lazarus\components\lazcontrols\lazcontrols.pas"/>
        <UnitName Value="LazControls"/>
        <WindowIndex Value="0"/>
        <TopLine Value="1"/>
        <CursorPos X="1" Y="1"/>
        <UsageCount Value="7"/>
      </Unit146>
      <Unit147>
        <Filename Value="W:\programs\lazarus\components\lazcontrols\dividerbevel.pas"/>
        <UnitName Value="DividerBevel"/>
        <WindowIndex Value="0"/>
        <TopLine Value="1"/>
        <CursorPos X="80" Y="21"/>
        <UsageCount Value="7"/>
      </Unit147>
      <Unit148>
        <Filename Value="Unit2.pas"/>
        <IsPartOfProject Value="True"/>
        <ComponentName Value="Form2"/>
        <HasResources Value="True"/>
        <ResourceBaseClass Value="Form"/>
        <UnitName Value="Unit2"/>
        <WindowIndex Value="0"/>
        <TopLine Value="7"/>
        <CursorPos X="1" Y="29"/>
        <UsageCount Value="44"/>
      </Unit148>
      <Unit149>
        <Filename Value="P:\dev\lazarus\lcl\include\control.inc"/>
        <WindowIndex Value="0"/>
        <TopLine Value="3154"/>
        <CursorPos X="1" Y="3170"/>
        <UsageCount Value="16"/>
      </Unit149>
      <Unit150>
        <Filename Value="P:\dev\fpc\2.6\src\rtl\objpas\classes\classesh.inc"/>
        <WindowIndex Value="0"/>
        <TopLine Value="1697"/>
        <CursorPos X="15" Y="1711"/>
        <UsageCount Value="16"/>
      </Unit150>
      <Unit151>
        <Filename Value="P:\dev\fpc\2.6\src\rtl\objpas\classes\compon.inc"/>
        <WindowIndex Value="0"/>
        <TopLine Value="372"/>
        <CursorPos X="3" Y="378"/>
        <UsageCount Value="16"/>
      </Unit151>
      <Unit152>
        <Filename Value="P:\dev\lazarus\lcl\graphics.pp"/>
        <UnitName Value="Graphics"/>
        <EditorIndex Value="3"/>
        <WindowIndex Value="0"/>
        <TopLine Value="1178"/>
        <CursorPos X="25" Y="1181"/>
        <UsageCount Value="14"/>
        <Loaded Value="True"/>
      </Unit152>
      <Unit153>
        <Filename Value="P:\dev\lazarus\lcl\include\winapih.inc"/>
        <WindowIndex Value="0"/>
        <TopLine Value="66"/>
        <CursorPos X="10" Y="82"/>
        <UsageCount Value="11"/>
      </Unit153>
      <Unit154>
        <Filename Value="P:\dev\lazarus\lcl\lclproc.pas"/>
        <UnitName Value="LCLProc"/>
        <WindowIndex Value="0"/>
        <TopLine Value="1"/>
        <CursorPos X="1" Y="1"/>
        <UsageCount Value="10"/>
      </Unit154>
      <Unit155>
        <Filename Value="P:\dev\fpc\2.6\src\packages\fcl-image\src\fpcanvas.pp"/>
        <UnitName Value="FPCanvas"/>
        <WindowIndex Value="0"/>
        <TopLine Value="361"/>
        <CursorPos X="15" Y="377"/>
        <UsageCount Value="11"/>
      </Unit155>
      <Unit156>
        <Filename Value="P:\dev\fpc\2.6\src\packages\fcl-image\src\fpcanvas.inc"/>
        <WindowIndex Value="0"/>
        <TopLine Value="389"/>
        <CursorPos X="29" Y="393"/>
        <UsageCount Value="11"/>
      </Unit156>
      <Unit157>
        <Filename Value="P:\dev\fpc\2.6\src\packages\fcl-image\src\fpcdrawh.inc"/>
        <WindowIndex Value="0"/>
        <TopLine Value="17"/>
        <CursorPos X="3" Y="19"/>
        <UsageCount Value="11"/>
      </Unit157>
      <Unit158>
        <Filename Value="P:\dev\lazarus\lcl\include\canvas.inc"/>
        <WindowIndex Value="0"/>
        <TopLine Value="29"/>
        <CursorPos X="11" Y="36"/>
        <UsageCount Value="11"/>
      </Unit158>
      <Unit159>
        <Filename Value="P:\dev\lazarus\lcl\include\intfbasewinapi.inc"/>
        <WindowIndex Value="0"/>
        <TopLine Value="344"/>
        <CursorPos X="3" Y="346"/>
        <UsageCount Value="11"/>
      </Unit159>
      <Unit160>
        <Filename Value="P:\dev\lazarus\lcl\controls.pp"/>
        <UnitName Value="Controls"/>
        <WindowIndex Value="0"/>
        <TopLine Value="1961"/>
        <CursorPos X="15" Y="1976"/>
        <UsageCount Value="10"/>
      </Unit160>
      <Unit161>
        <Filename Value="P:\dev\lazarus\lcl\include\wincontrol.inc"/>
        <WindowIndex Value="0"/>
        <TopLine Value="1"/>
        <CursorPos X="1" Y="1"/>
        <UsageCount Value="10"/>
      </Unit161>
      <Unit162>
        <Filename Value="P:\dev\lazarus\components\synedit\synedit.pp"/>
        <UnitName Value="SynEdit"/>
        <WindowIndex Value="0"/>
        <TopLine Value="426"/>
        <CursorPos X="1" Y="438"/>
        <UsageCount Value="10"/>
      </Unit162>
      <Unit163>
        <Filename Value="P:\dev\fpc\2.6\src\rtl\inc\objpash.inc"/>
        <WindowIndex Value="0"/>
        <TopLine Value="175"/>
        <CursorPos X="23" Y="192"/>
        <UsageCount Value="10"/>
      </Unit163>
    </Units>
    <JumpHistory Count="30" HistoryIndex="29">
      <Position1>
        <Filename Value="..\..\ntvTabs.pas"/>
        <Caret Line="583" Column="10" TopLine="576"/>
      </Position1>
      <Position2>
        <Filename Value="..\..\ntvTabs.pas"/>
        <Caret Line="47" Column="25" TopLine="35"/>
      </Position2>
      <Position3>
        <Filename Value="..\..\ntvTabs.pas"/>
        <Caret Line="57" Column="15" TopLine="35"/>
      </Position3>
      <Position4>
        <Filename Value="..\..\ntvTabs.pas"/>
        <Caret Line="47" Column="16" TopLine="40"/>
      </Position4>
      <Position5>
        <Filename Value="Unit1.pas"/>
        <Caret Line="129" Column="21" TopLine="125"/>
      </Position5>
      <Position6>
        <Filename Value="Unit1.pas"/>
        <Caret Line="62" Column="5" TopLine="44"/>
      </Position6>
      <Position7>
        <Filename Value="Unit1.pas"/>
        <Caret Line="61" Column="22" TopLine="44"/>
      </Position7>
      <Position8>
        <Filename Value="Unit1.pas"/>
        <Caret Line="70" Column="3" TopLine="44"/>
      </Position8>
      <Position9>
        <Filename Value="Unit1.pas"/>
        <Caret Line="65" Column="3" TopLine="35"/>
      </Position9>
      <Position10>
        <Filename Value="..\..\ntvTabs.pas"/>
        <Caret Line="47" Column="3" TopLine="32"/>
      </Position10>
      <Position11>
        <Filename Value="..\..\ntvTabs.pas"/>
        <Caret Line="664" Column="27" TopLine="636"/>
      </Position11>
      <Position12>
        <Filename Value="..\..\ntvTabs.pas"/>
        <Caret Line="1" Column="1" TopLine="1"/>
      </Position12>
      <Position13>
        <Filename Value="..\..\ntvTabs.pas"/>
        <Caret Line="53" Column="5" TopLine="27"/>
      </Position13>
      <Position14>
        <Filename Value="Unit1.pas"/>
        <Caret Line="81" Column="29" TopLine="79"/>
      </Position14>
      <Position15>
        <Filename Value="Unit1.pas"/>
        <Caret Line="82" Column="50" TopLine="78"/>
      </Position15>
      <Position16>
        <Filename Value="Unit1.pas"/>
        <Caret Line="160" Column="27" TopLine="149"/>
      </Position16>
      <Position17>
        <Filename Value="..\..\ntvTabs.pas"/>
        <Caret Line="212" Column="5" TopLine="200"/>
      </Position17>
      <Position18>
        <Filename Value="..\..\ntvTabs.pas"/>
        <Caret Line="215" Column="9" TopLine="187"/>
      </Position18>
      <Position19>
        <Filename Value="..\..\ntvTabs.pas"/>
        <Caret Line="196" Column="22" TopLine="188"/>
      </Position19>
      <Position20>
        <Filename Value="..\..\ntvTabs.pas"/>
        <Caret Line="258" Column="9" TopLine="233"/>
      </Position20>
      <Position21>
        <Filename Value="..\..\ntvTabs.pas"/>
        <Caret Line="245" Column="28" TopLine="224"/>
      </Position21>
      <Position22>
        <Filename Value="Unit1.pas"/>
        <Caret Line="202" Column="42" TopLine="189"/>
      </Position22>
      <Position23>
        <Filename Value="Unit1.pas"/>
        <Caret Line="203" Column="42" TopLine="190"/>
      </Position23>
      <Position24>
        <Filename Value="Unit1.pas"/>
        <Caret Line="205" Column="20" TopLine="191"/>
      </Position24>
      <Position25>
        <Filename Value="..\..\ntvPageControls.pas"/>
        <Caret Line="66" Column="14" TopLine="62"/>
      </Position25>
      <Position26>
        <Filename Value="Unit1.pas"/>
        <Caret Line="67" Column="14" TopLine="35"/>
      </Position26>
      <Position27>
        <Filename Value="..\..\ntvTabs.pas"/>
        <Caret Line="220" Column="87" TopLine="213"/>
      </Position27>
      <Position28>
        <Filename Value="..\..\ntvTabs.pas"/>
        <Caret Line="1" Column="1" TopLine="1"/>
      </Position28>
      <Position29>
        <Filename Value="..\..\ntvTabs.pas"/>
        <Caret Line="134" Column="27" TopLine="106"/>
      </Position29>
      <Position30>
        <Filename Value="..\..\ntvTabs.pas"/>
        <Caret Line="468" Column="1" TopLine="441"/>
      </Position30>
    </JumpHistory>
  </ProjectOptions>
  <CompilerOptions>
    <Version Value="11"/>
    <PathDelim Value="\"/>
    <SearchPaths>
      <IncludeFiles Value="$(ProjOutDir)"/>
      <OtherUnitFiles Value="$(LazarusDir)\ideintf\units\$(TargetCPU)-$(TargetOS);..\.."/>
      <UnitOutputDirectory Value="units\$(TargetCPU)-$(TargetOS)"/>
    </SearchPaths>
    <Parsing>
      <SyntaxOptions>
        <UseAnsiStrings Value="False"/>
      </SyntaxOptions>
    </Parsing>
    <Linking>
      <Options>
        <Win32>
          <GraphicApplication Value="True"/>
        </Win32>
      </Options>
    </Linking>
    <Other>
      <CompilerMessages>
        <UseMsgFile Value="True"/>
      </CompilerMessages>
      <CompilerPath Value="$(CompPath)"/>
    </Other>
  </CompilerOptions>
  <Debugging>
    <Watches Count="1">
      <Item1>
        <Expression Value="self"/>
      </Item1>
    </Watches>
    <Exceptions Count="3">
      <Item1>
        <Name Value="EAbort"/>
      </Item1>
      <Item2>
        <Name Value="ECodetoolError"/>
      </Item2>
      <Item3>
        <Name Value="EFOpenError"/>
      </Item3>
    </Exceptions>
  </Debugging>
  <EditorMacros Count="0"/>
</CONFIG>
