<?xml version="1.0" encoding="UTF-8"?>
<CONFIG>
  <ProjectOptions>
    <Version Value="11"/>
    <PathDelim Value="\"/>
    <General>
      <MainUnit Value="0"/>
      <UseXPManifest Value="True"/>
      <Icon Value="0"/>
    </General>
    <VersionInfo>
      <Language Value=""/>
      <CharSet Value=""/>
    </VersionInfo>
    <BuildModes Count="1">
      <Item1 Name="default" Default="True"/>
    </BuildModes>
    <PublishOptions>
      <Version Value="2"/>
    </PublishOptions>
    <RunParams>
      <FormatVersion Value="2"/>
      <Modes Count="1">
        <Mode0 Name="default">
          <local>
            <LaunchingApplication PathPlusParams="/usr/X11R6/bin/xterm -T 'Lazarus Run Output' -e $(LazarusDir)/tools/runwait.sh $(TargetCmdLine)"/>
          </local>
        </Mode0>
      </Modes>
    </RunParams>
    <RequiredPackages Count="4">
      <Item1>
        <PackageName Value="LCLBase"/>
        <MinVersion Major="1" Release="1" Valid="True"/>
      </Item1>
      <Item2>
        <PackageName Value="LazControls"/>
        <MinVersion Valid="True"/>
      </Item2>
      <Item3>
        <PackageName Value="NativeLib"/>
        <MinVersion Valid="True"/>
      </Item3>
      <Item4>
        <PackageName Value="LCL"/>
      </Item4>
    </RequiredPackages>
    <Units Count="179">
      <Unit0>
        <Filename Value="project1.lpr"/>
        <IsPartOfProject Value="True"/>
        <EditorIndex Value="-1"/>
        <CursorPos X="26" Y="12"/>
        <UsageCount Value="171"/>
      </Unit0>
      <Unit1>
        <Filename Value="Unit1.pas"/>
        <IsPartOfProject Value="True"/>
        <ComponentName Value="Form1"/>
        <HasResources Value="True"/>
        <ResourceBaseClass Value="Form"/>
        <CursorPos X="51" Y="38"/>
        <UsageCount Value="171"/>
        <Loaded Value="True"/>
        <LoadedDesigner Value="True"/>
      </Unit1>
      <Unit2>
        <Filename Value="..\..\ntvCtrls.pas"/>
        <CursorPos Y="4"/>
        <UsageCount Value="3"/>
      </Unit2>
      <Unit3>
        <Filename Value="..\..\ntvUtils.pas"/>
        <UsageCount Value="9"/>
      </Unit3>
      <Unit4>
        <Filename Value="..\..\ntvRegCtrls.pas"/>
        <EditorIndex Value="-1"/>
        <TopLine Value="41"/>
        <CursorPos X="31" Y="54"/>
        <UsageCount Value="35"/>
      </Unit4>
      <Unit5>
        <Filename Value="..\..\ntvPageControls.pas"/>
        <EditorIndex Value="-1"/>
        <TopLine Value="56"/>
        <CursorPos X="76" Y="81"/>
        <UsageCount Value="65"/>
      </Unit5>
      <Unit6>
        <Filename Value="..\..\ntvProgressBar.pas"/>
        <CursorPos X="21"/>
        <UsageCount Value="3"/>
      </Unit6>
      <Unit7>
        <Filename Value="..\..\ntvProgressBars.pas"/>
        <TopLine Value="180"/>
        <CursorPos X="30" Y="188"/>
        <UsageCount Value="9"/>
      </Unit7>
      <Unit8>
        <Filename Value="..\..\ntvDotMatrix.pas"/>
        <TopLine Value="183"/>
        <CursorPos X="10" Y="203"/>
        <UsageCount Value="7"/>
      </Unit8>
      <Unit9>
        <Filename Value="..\..\ntvCtrlsLib.lrs"/>
        <CursorPos X="27"/>
        <UsageCount Value="3"/>
      </Unit9>
      <Unit10>
        <Filename Value="..\..\images\res.cmd"/>
        <CursorPos X="17" Y="3"/>
        <UsageCount Value="3"/>
        <DefaultSyntaxHighlighter Value="None"/>
      </Unit10>
      <Unit11>
        <Filename Value="..\..\..\..\..\MiniSocket\source\mnWin32Sockets.pas"/>
        <TopLine Value="21"/>
        <CursorPos X="3" Y="32"/>
        <UsageCount Value="3"/>
      </Unit11>
      <Unit12>
        <Filename Value="W:\programs\fpc\src\rtl\win\winsock2.pp"/>
        <UsageCount Value="3"/>
      </Unit12>
      <Unit13>
        <Filename Value="V:\dev\synapse\blcksock.pas"/>
        <TopLine Value="3417"/>
        <CursorPos X="34" Y="3427"/>
        <UsageCount Value="3"/>
      </Unit13>
      <Unit14>
        <Filename Value="V:\dev\synapse\sswin32.pas"/>
        <TopLine Value="1473"/>
        <CursorPos X="88" Y="1483"/>
        <UsageCount Value="3"/>
      </Unit14>
      <Unit15>
        <Filename Value="W:\programs\lazarus\lcl\include\winapih.inc"/>
        <TopLine Value="316"/>
        <CursorPos X="19" Y="346"/>
        <UsageCount Value="9"/>
      </Unit15>
      <Unit16>
        <Filename Value="W:\programs\fpc\src\rtl\win32\classes.pp"/>
        <UsageCount Value="3"/>
      </Unit16>
      <Unit17>
        <Filename Value="W:\programs\lazarus\lcl\controls.pp"/>
        <TopLine Value="1369"/>
        <CursorPos X="37" Y="1390"/>
        <UsageCount Value="17"/>
      </Unit17>
      <Unit18>
        <Filename Value="W:\programs\lazarus\lcl\include\control.inc"/>
        <TopLine Value="1148"/>
        <CursorPos Y="1162"/>
        <UsageCount Value="10"/>
        <Bookmarks Count="1">
          <Item0 Y="425" ID="2"/>
        </Bookmarks>
      </Unit18>
      <Unit19>
        <Filename Value="W:\programs\lazarus\lcl\include\docktree.inc"/>
        <TopLine Value="102"/>
        <CursorPos X="3" Y="104"/>
        <UsageCount Value="4"/>
      </Unit19>
      <Unit20>
        <Filename Value="W:\programs\lazarus\lcl\grids.pas"/>
        <TopLine Value="3674"/>
        <CursorPos X="3" Y="3676"/>
        <UsageCount Value="4"/>
      </Unit20>
      <Unit21>
        <Filename Value="W:\programs\lazarus\lcl\extctrls.pp"/>
        <UsageCount Value="4"/>
      </Unit21>
      <Unit22>
        <Filename Value="W:\programs\lazarus\lcl\include\custompage.inc"/>
        <TopLine Value="133"/>
        <CursorPos X="12" Y="143"/>
        <UsageCount Value="3"/>
      </Unit22>
      <Unit23>
        <Filename Value="W:\programs\lazarus\lcl\calendar.pp"/>
        <TopLine Value="146"/>
        <CursorPos X="26" Y="166"/>
        <UsageCount Value="3"/>
      </Unit23>
      <Unit24>
        <Filename Value="W:\programs\lazarus\lcl\comctrls.pp"/>
        <TopLine Value="1418"/>
        <CursorPos X="15" Y="1430"/>
        <UsageCount Value="5"/>
      </Unit24>
      <Unit25>
        <Filename Value="W:\programs\lazarus\lcl\include\toolbutton.inc"/>
        <CursorPos X="36" Y="6"/>
        <UsageCount Value="3"/>
      </Unit25>
      <Unit26>
        <Filename Value="W:\programs\lazarus\lcl\include\customnotebook.inc"/>
        <TopLine Value="195"/>
        <CursorPos Y="195"/>
        <UsageCount Value="3"/>
      </Unit26>
      <Unit27>
        <Filename Value="W:\programs\lazarus\lcl\include\customsplitter.inc"/>
        <TopLine Value="518"/>
        <CursorPos X="3" Y="523"/>
        <UsageCount Value="3"/>
      </Unit27>
      <Unit28>
        <Filename Value="W:\programs\lazarus\components\rtticontrols\rttictrls.pas"/>
        <UsageCount Value="3"/>
      </Unit28>
      <Unit29>
        <Filename Value="project1.lpi"/>
        <UsageCount Value="3"/>
        <DefaultSyntaxHighlighter Value="XML"/>
      </Unit29>
      <Unit30>
        <Filename Value="Unit1.lfm"/>
        <UsageCount Value="5"/>
        <DefaultSyntaxHighlighter Value="LFM"/>
      </Unit30>
      <Unit31>
        <Filename Value="W:\programs\lazarus\components\rx\apputils.pp"/>
        <TopLine Value="37"/>
        <CursorPos X="61" Y="37"/>
        <UsageCount Value="3"/>
      </Unit31>
      <Unit32>
        <Filename Value="W:\programs\lazarus\components\rx\placement.pp"/>
        <UsageCount Value="3"/>
      </Unit32>
      <Unit33>
        <Filename Value="W:\programs\fpc\src\rtl\objpas\classes\classesh.inc"/>
        <UsageCount Value="5"/>
      </Unit33>
      <Unit34>
        <Filename Value="W:\programs\lazarus\components\plotfunction\plotpanel.pp"/>
        <TopLine Value="81"/>
        <CursorPos X="36" Y="92"/>
        <UsageCount Value="3"/>
      </Unit34>
      <Unit35>
        <Filename Value="W:\programs\lazarus\ideintf\componentreg.pas"/>
        <TopLine Value="43"/>
        <CursorPos Y="43"/>
        <UsageCount Value="3"/>
      </Unit35>
      <Unit36>
        <Filename Value="W:\programs\lazarus\ideintf\srceditorintf.pas"/>
        <UsageCount Value="3"/>
      </Unit36>
      <Unit37>
        <Filename Value="W:\programs\lazarus\ideintf\propedits.pp"/>
        <TopLine Value="6715"/>
        <CursorPos X="35" Y="6717"/>
        <UsageCount Value="5"/>
      </Unit37>
      <Unit38>
        <Filename Value="W:\programs\lazarus\components\filebrowser\frmfilebrowser.lfm"/>
        <UsageCount Value="3"/>
        <DefaultSyntaxHighlighter Value="LFM"/>
      </Unit38>
      <Unit39>
        <Filename Value="W:\programs\lazarus\components\filebrowser\frmfilebrowser.lrs"/>
        <UsageCount Value="3"/>
      </Unit39>
      <Unit40>
        <Filename Value="W:\programs\lazarus\components\filebrowser\frmfilebrowser.pas"/>
        <ComponentName Value="FileBrowserForm"/>
        <HasResources Value="True"/>
        <ResourceBaseClass Value="Form"/>
        <UsageCount Value="3"/>
      </Unit40>
      <Unit41>
        <Filename Value="W:\programs\lazarus\components\filebrowser\frmconfigfilebrowser.pp"/>
        <ComponentName Value="FileBrowserConfigForm"/>
        <HasResources Value="True"/>
        <ResourceBaseClass Value="Form"/>
        <CursorPos X="77" Y="6"/>
        <UsageCount Value="3"/>
      </Unit41>
      <Unit42>
        <Filename Value="W:\programs\lazarus\components\filebrowser\regidefilebrowser.pp"/>
        <UsageCount Value="3"/>
      </Unit42>
      <Unit43>
        <Filename Value="W:\programs\lazarus\lcl\interfaces\win32\win32wsextctrls.pp"/>
        <TopLine Value="58"/>
        <CursorPos X="20" Y="78"/>
        <UsageCount Value="8"/>
      </Unit43>
      <Unit44>
        <Filename Value="W:\programs\lazarus\lcl\widgetset\wsextctrls.pp"/>
        <TopLine Value="386"/>
        <CursorPos Y="387"/>
        <UsageCount Value="3"/>
      </Unit44>
      <Unit45>
        <Filename Value="W:\programs\lazarus\lcl\widgetset\wscontrols.pp"/>
        <TopLine Value="76"/>
        <CursorPos X="20" Y="97"/>
        <UsageCount Value="8"/>
      </Unit45>
      <Unit46>
        <Filename Value="W:\programs\lazarus\lcl\widgetset\wslclclasses.pp"/>
        <UsageCount Value="3"/>
      </Unit46>
      <Unit47>
        <Filename Value="W:\programs\lazarus\lcl\interfaces\win32\win32callback.inc"/>
        <TopLine Value="2624"/>
        <CursorPos X="44" Y="2642"/>
        <UsageCount Value="8"/>
      </Unit47>
      <Unit48>
        <Filename Value="W:\programs\lazarus\lcl\lclclasses.pp"/>
        <TopLine Value="126"/>
        <CursorPos X="3" Y="146"/>
        <UsageCount Value="3"/>
      </Unit48>
      <Unit49>
        <Filename Value="W:\programs\lazarus\lcl\include\tabcontrol.inc"/>
        <UsageCount Value="3"/>
      </Unit49>
      <Unit50>
        <Filename Value="W:\programs\lazarus\lcl\stdctrls.pp"/>
        <UsageCount Value="4"/>
      </Unit50>
      <Unit51>
        <Filename Value="W:\programs\lazarus\lcl\interfaces\win32\win32wsfactory.pas"/>
        <UsageCount Value="3"/>
      </Unit51>
      <Unit52>
        <Filename Value="W:\programs\lazarus\lcl\interfaces\wince\wincewsextctrls.pp"/>
        <TopLine Value="569"/>
        <CursorPos X="3" Y="579"/>
        <UsageCount Value="3"/>
      </Unit52>
      <Unit53>
        <Filename Value="W:\programs\lazarus\lcl\include\customtrayicon.inc"/>
        <TopLine Value="170"/>
        <CursorPos Y="174"/>
        <UsageCount Value="3"/>
      </Unit53>
      <Unit54>
        <Filename Value="W:\programs\lazarus\lcl\widgetset\wsfactory.pas"/>
        <TopLine Value="62"/>
        <CursorPos Y="102"/>
        <UsageCount Value="3"/>
      </Unit54>
      <Unit55>
        <Filename Value="W:\programs\lazarus\lcl\interfaces\win32\win32winapi.inc"/>
        <UsageCount Value="3"/>
      </Unit55>
      <Unit56>
        <Filename Value="W:\programs\lazarus\lcl\include\wincontrol.inc"/>
        <TopLine Value="7143"/>
        <CursorPos X="2" Y="7161"/>
        <UsageCount Value="9"/>
      </Unit56>
      <Unit57>
        <Filename Value="W:\programs\lazarus\lcl\lmessages.pp"/>
        <TopLine Value="232"/>
        <CursorPos X="3" Y="242"/>
        <UsageCount Value="8"/>
      </Unit57>
      <Unit58>
        <Filename Value="W:\programs\lazarus\lcl\widgetset\wscalendar.pp"/>
        <TopLine Value="47"/>
        <CursorPos X="29" Y="54"/>
        <UsageCount Value="3"/>
      </Unit58>
      <Unit59>
        <Filename Value="W:\programs\lazarus\components\turbopower_ipro\ipconst.pas"/>
        <TopLine Value="199"/>
        <CursorPos X="7" Y="209"/>
        <UsageCount Value="4"/>
      </Unit59>
      <Unit60>
        <Filename Value="W:\programs\lazarus\ide\main.pp"/>
        <TopLine Value="1717"/>
        <CursorPos X="19" Y="1722"/>
        <UsageCount Value="4"/>
      </Unit60>
      <Unit61>
        <Filename Value="W:\programs\lazarus\ide\include\ide.inc"/>
        <CursorPos Y="3"/>
        <UsageCount Value="3"/>
      </Unit61>
      <Unit62>
        <Filename Value="W:\programs\lazarus\lcl\interfaces\win32\win32wsstdctrls.pp"/>
        <UsageCount Value="3"/>
      </Unit62>
      <Unit63>
        <Filename Value="W:\programs\lazarus\lcl\interfaces\win32\win32int.pp"/>
        <TopLine Value="216"/>
        <CursorPos X="20" Y="235"/>
        <UsageCount Value="3"/>
      </Unit63>
      <Unit64>
        <Filename Value="W:\programs\fpc\src\rtl\win\wininc\messages.inc"/>
        <TopLine Value="1023"/>
        <CursorPos X="26" Y="1044"/>
        <UsageCount Value="3"/>
      </Unit64>
      <Unit65>
        <Filename Value="W:\programs\lazarus\lcl\include\dragobject.inc"/>
        <UsageCount Value="3"/>
      </Unit65>
      <Unit66>
        <Filename Value="W:\programs\lazarus\ide\fpdoceditwindow.pas"/>
        <ComponentName Value="FPDocEditor"/>
        <HasResources Value="True"/>
        <ResourceBaseClass Value="Form"/>
        <TopLine Value="69"/>
        <CursorPos X="18" Y="90"/>
        <UsageCount Value="3"/>
      </Unit66>
      <Unit67>
        <Filename Value="W:\programs\lazarus\ide\componentlist.pas"/>
        <ComponentName Value="ComponentListForm"/>
        <HasResources Value="True"/>
        <ResourceBaseClass Value="Form"/>
        <TopLine Value="34"/>
        <CursorPos X="7" Y="37"/>
        <UsageCount Value="3"/>
      </Unit67>
      <Unit68>
        <Filename Value="W:\programs\lazarus\tools\lazdatadesktop\frmmain.pp"/>
        <ComponentName Value="MainForm"/>
        <HasResources Value="True"/>
        <ResourceBaseClass Value="Form"/>
        <TopLine Value="105"/>
        <CursorPos X="16" Y="126"/>
        <UsageCount Value="3"/>
      </Unit68>
      <Unit69>
        <Filename Value="W:\programs\lazarus\lcl\include\tabsheet.inc"/>
        <TopLine Value="26"/>
        <CursorPos X="24" Y="33"/>
        <UsageCount Value="3"/>
      </Unit69>
      <Unit70>
        <Filename Value="W:\programs\lazarus\lcl\widgetset\wscomctrls.pp"/>
        <TopLine Value="558"/>
        <CursorPos Y="563"/>
        <UsageCount Value="3"/>
      </Unit70>
      <Unit71>
        <Filename Value="W:\programs\lazarus\designer\abstracteditor.pp"/>
        <UsageCount Value="3"/>
      </Unit71>
      <Unit72>
        <Filename Value="W:\programs\lazarus\designer\aligncompsdlg.lfm"/>
        <UsageCount Value="3"/>
        <DefaultSyntaxHighlighter Value="LFM"/>
      </Unit72>
      <Unit73>
        <Filename Value="W:\programs\lazarus\designer\aligncompsdlg.pp"/>
        <ComponentName Value="AlignComponentsDialog"/>
        <HasResources Value="True"/>
        <ResourceBaseClass Value="Form"/>
        <UsageCount Value="3"/>
      </Unit73>
      <Unit74>
        <Filename Value="W:\programs\lazarus\designer\designer.pp"/>
        <UsageCount Value="11"/>
        <Bookmarks Count="1">
          <Item0 X="37" Y="1781" ID="1"/>
        </Bookmarks>
      </Unit74>
      <Unit75>
        <Filename Value="W:\programs\lazarus\ideintf\componenteditors.pas"/>
        <TopLine Value="1176"/>
        <CursorPos Y="1198"/>
        <UsageCount Value="5"/>
      </Unit75>
      <Unit76>
        <Filename Value="W:\programs\lazarus\lcl\forms.pp"/>
        <TopLine Value="607"/>
        <CursorPos X="14" Y="628"/>
        <UsageCount Value="7"/>
      </Unit76>
      <Unit77>
        <Filename Value="W:\programs\lazarus\ideintf\maskpropedit.pas"/>
        <ComponentName Value="MaskEditorForm"/>
        <HasResources Value="True"/>
        <ResourceBaseClass Value="Form"/>
        <TopLine Value="63"/>
        <CursorPos X="33" Y="85"/>
        <UsageCount Value="5"/>
      </Unit77>
      <Unit78>
        <Filename Value="W:\programs\lazarus\components\synunihighlighter\synunireg.pas"/>
        <TopLine Value="54"/>
        <CursorPos X="3" Y="63"/>
        <UsageCount Value="5"/>
      </Unit78>
      <Unit79>
        <Filename Value="W:\work\delphi\lib\Nova\NovaRegister.pas"/>
        <TopLine Value="160"/>
        <CursorPos Y="175"/>
        <UsageCount Value="3"/>
      </Unit79>
      <Unit80>
        <Filename Value="W:\programs\lazarus\ide\editoroptions.pp"/>
        <TopLine Value="2174"/>
        <CursorPos Y="2174"/>
        <UsageCount Value="3"/>
      </Unit80>
      <Unit81>
        <Filename Value="W:\programs\lazarus\ide\compileroptionsdlg.pp"/>
        <ComponentName Value="frmCompilerOptions"/>
        <HasResources Value="True"/>
        <ResourceBaseClass Value="Form"/>
        <TopLine Value="55"/>
        <CursorPos X="19" Y="67"/>
        <UsageCount Value="3"/>
      </Unit81>
      <Unit82>
        <Filename Value="W:\programs\lazarus\examples\notebooktest.pp"/>
        <TopLine Value="20"/>
        <CursorPos X="35" Y="23"/>
        <UsageCount Value="3"/>
      </Unit82>
      <Unit83>
        <Filename Value="W:\programs\lazarus\lcl\interfaces\qt\qtwsextctrls.pp"/>
        <TopLine Value="347"/>
        <CursorPos X="29" Y="360"/>
        <UsageCount Value="3"/>
      </Unit83>
      <Unit84>
        <Filename Value="W:\programs\lazarus\lcl\interfaces\carbon\carbonwscontrols.pp"/>
        <TopLine Value="110"/>
        <CursorPos X="42" Y="122"/>
        <UsageCount Value="3"/>
      </Unit84>
      <Unit85>
        <Filename Value="W:\programs\lazarus\lcl\interfaces\qt\qtwscontrols.pp"/>
        <TopLine Value="314"/>
        <CursorPos X="19" Y="326"/>
        <UsageCount Value="3"/>
      </Unit85>
      <Unit86>
        <Filename Value="W:\programs\lazarus\lcl\include\treeview.inc"/>
        <TopLine Value="4926"/>
        <CursorPos X="3" Y="4932"/>
        <UsageCount Value="4"/>
      </Unit86>
      <Unit87>
        <Filename Value="C:\Program Files\Borland\Delphi7\Source\Vcl\Controls.pas"/>
        <TopLine Value="52"/>
        <CursorPos X="3" Y="63"/>
        <UsageCount Value="6"/>
      </Unit87>
      <Unit88>
        <Filename Value="W:\programs\lazarus\lcl\include\customform.inc"/>
        <UsageCount Value="4"/>
      </Unit88>
      <Unit89>
        <Filename Value="W:\programs\lazarus\examples\dockmanager\package\easydocksite.pas"/>
        <TopLine Value="191"/>
        <CursorPos X="29" Y="212"/>
        <UsageCount Value="3"/>
      </Unit89>
      <Unit90>
        <Filename Value="W:\programs\lazarus\lcl\lclmessageglue.pas"/>
        <TopLine Value="64"/>
        <CursorPos Y="64"/>
        <UsageCount Value="3"/>
      </Unit90>
      <Unit91>
        <Filename Value="W:\programs\lazarus\lcl\include\pagecontrol.inc"/>
        <TopLine Value="74"/>
        <CursorPos X="3" Y="77"/>
        <UsageCount Value="3"/>
      </Unit91>
      <Unit92>
        <Filename Value="W:\programs\lazarus\designer\objinspext.pas"/>
        <TopLine Value="22"/>
        <CursorPos X="19" Y="28"/>
        <UsageCount Value="4"/>
      </Unit92>
      <Unit93>
        <Filename Value="W:\programs\lazarus\ideintf\oifavouriteproperties.pas"/>
        <CursorPos X="27" Y="14"/>
        <UsageCount Value="4"/>
      </Unit93>
      <Unit94>
        <Filename Value="V:\dev\lazarus-ccr\components\jvcllaz\run\JvExControls.pas"/>
        <TopLine Value="1022"/>
        <CursorPos X="72" Y="1041"/>
        <UsageCount Value="3"/>
      </Unit94>
      <Unit95>
        <Filename Value="V:\dev\lazarus-ccr\components\orpheus\o32vlop1.pas"/>
        <TopLine Value="54"/>
        <CursorPos X="8" Y="75"/>
        <UsageCount Value="3"/>
      </Unit95>
      <Unit96>
        <Filename Value="V:\dev\lazarus-ccr\components\richmemo\win32\win32richmemo.pas"/>
        <TopLine Value="128"/>
        <CursorPos X="18" Y="140"/>
        <UsageCount Value="3"/>
      </Unit96>
      <Unit97>
        <Filename Value="V:\dev\lazarus-ccr\components\rx\rxctrls.pas"/>
        <TopLine Value="2899"/>
        <CursorPos X="36" Y="2899"/>
        <UsageCount Value="3"/>
      </Unit97>
      <Unit98>
        <Filename Value="V:\dev\lazarus-ccr\components\virtualtreeview\virtualtrees.pas"/>
        <TopLine Value="2205"/>
        <CursorPos X="87" Y="2241"/>
        <UsageCount Value="3"/>
      </Unit98>
      <Unit99>
        <Filename Value="V:\dev\lazarus-ccr\components\virtualtreeview-new\VirtualTrees.pas"/>
        <UsageCount Value="3"/>
      </Unit99>
      <Unit100>
        <Filename Value="V:\dev\lazarus-ccr\components\acs\Src\fileformats\windows\directdraw.pas"/>
        <TopLine Value="3716"/>
        <CursorPos X="61" Y="3728"/>
        <UsageCount Value="3"/>
      </Unit100>
      <Unit101>
        <Filename Value="V:\dev\lazarus-ccr\components\gradcontrols\src\ugradtabcontrol.pas"/>
        <TopLine Value="2117"/>
        <CursorPos X="21" Y="2127"/>
        <UsageCount Value="3"/>
      </Unit101>
      <Unit102>
        <Filename Value="W:\programs\lazarus\lcl\lcltype.pp"/>
        <TopLine Value="70"/>
        <CursorPos X="18" Y="91"/>
        <UsageCount Value="8"/>
      </Unit102>
      <Unit103>
        <Filename Value="W:\programs\lazarus\lcl\lclproc.pas"/>
        <UsageCount Value="5"/>
      </Unit103>
      <Unit104>
        <Filename Value="W:\programs\lazarus\lcl\lclintf.pas"/>
        <UsageCount Value="3"/>
      </Unit104>
      <Unit105>
        <Filename Value="W:\programs\lazarus\components\turbopower_ipro\iphtml.pas"/>
        <TopLine Value="18501"/>
        <CursorPos X="3" Y="18503"/>
        <UsageCount Value="3"/>
      </Unit105>
      <Unit106>
        <Filename Value="W:\programs\lazarus\components\synedit\synedit.pp"/>
        <TopLine Value="4334"/>
        <CursorPos X="3" Y="4336"/>
        <UsageCount Value="3"/>
      </Unit106>
      <Unit107>
        <Filename Value="W:\programs\lazarus\lcl\nonwin32\messages.pp"/>
        <TopLine Value="33"/>
        <CursorPos X="49" Y="45"/>
        <UsageCount Value="3"/>
      </Unit107>
      <Unit108>
        <Filename Value="..\..\NativeLib.pas"/>
        <UsageCount Value="3"/>
      </Unit108>
      <Unit109>
        <Filename Value="W:\programs\lazarus\lcl\interfaces\win32\win32winapih.inc"/>
        <UsageCount Value="3"/>
      </Unit109>
      <Unit110>
        <Filename Value="W:\programs\lazarus\designer\designerprocs.pas"/>
        <TopLine Value="113"/>
        <CursorPos Y="114"/>
        <UsageCount Value="8"/>
      </Unit110>
      <Unit111>
        <Filename Value="V:\programs\FPC\2.4\src\rtl\objpas\types.pp"/>
        <UsageCount Value="10"/>
      </Unit111>
      <Unit112>
        <Filename Value="..\..\ntvTabs.pas"/>
        <IsPartOfProject Value="True"/>
        <EditorIndex Value="-1"/>
        <TopLine Value="135"/>
        <CursorPos X="50" Y="160"/>
        <UsageCount Value="139"/>
        <Bookmarks Count="1">
          <Item0 X="35" Y="626" ID="2"/>
        </Bookmarks>
      </Unit112>
      <Unit113>
        <Filename Value="V:\programs\FPC\2.4\src\rtl\objpas\classes\classesh.inc"/>
        <TopLine Value="390"/>
        <CursorPos X="15" Y="411"/>
        <UsageCount Value="14"/>
      </Unit113>
      <Unit114>
        <Filename Value="V:\programs\FPC\2.4\src\rtl\inc\objpash.inc"/>
        <UsageCount Value="14"/>
      </Unit114>
      <Unit115>
        <Filename Value="V:\programs\FPC\2.4\src\rtl\inc\objpas.inc"/>
        <UsageCount Value="14"/>
      </Unit115>
      <Unit116>
        <Filename Value="V:\programs\FPC\2.4\src\rtl\objpas\classes\collect.inc"/>
        <TopLine Value="42"/>
        <CursorPos X="2" Y="45"/>
        <UsageCount Value="14"/>
      </Unit116>
      <Unit117>
        <Filename Value="V:\programs\FPC\2.4\src\rtl\objpas\classes\compon.inc"/>
        <TopLine Value="223"/>
        <CursorPos Y="223"/>
        <UsageCount Value="14"/>
      </Unit117>
      <Unit118>
        <Filename Value="W:\programs\lazarus\lcl\include\winapi.inc"/>
        <TopLine Value="1664"/>
        <CursorPos Y="1679"/>
        <UsageCount Value="5"/>
      </Unit118>
      <Unit119>
        <Filename Value="W:\programs\lazarus\lcl\include\canvas.inc"/>
        <UsageCount Value="14"/>
      </Unit119>
      <Unit120>
        <Filename Value="W:\programs\lazarus\lcl\graphics.pp"/>
        <TopLine Value="74"/>
        <CursorPos X="52" Y="77"/>
        <UsageCount Value="17"/>
      </Unit120>
      <Unit121>
        <Filename Value="..\..\ntvTabSets.pas"/>
        <IsPartOfProject Value="True"/>
        <EditorIndex Value="-1"/>
        <UsageCount Value="104"/>
        <Bookmarks Count="1">
          <Item0 Y="24" ID="3"/>
        </Bookmarks>
      </Unit121>
      <Unit122>
        <Filename Value="W:\programs\lazarus\ide\lazarus.pp"/>
        <CursorPos X="26" Y="6"/>
        <UsageCount Value="5"/>
      </Unit122>
      <Unit123>
        <Filename Value="..\..\ntvThemes.pas"/>
        <TopLine Value="74"/>
        <CursorPos X="6" Y="86"/>
        <UsageCount Value="8"/>
        <Bookmarks Count="1">
          <Item0 X="3" Y="36" ID="1"/>
        </Bookmarks>
      </Unit123>
      <Unit124>
        <Filename Value="W:\programs\lazarus\components\lazreport\source\barcode.pas"/>
        <TopLine Value="53"/>
        <CursorPos Y="73"/>
        <UsageCount Value="5"/>
      </Unit124>
      <Unit125>
        <Filename Value="W:\programs\lazarus\lcl\themes.pas"/>
        <TopLine Value="387"/>
        <CursorPos X="14" Y="409"/>
        <UsageCount Value="5"/>
      </Unit125>
      <Unit126>
        <Filename Value="W:\programs\lazarus\lcl\interfaces\win32\win32uxtheme.pas"/>
        <UsageCount Value="5"/>
      </Unit126>
      <Unit127>
        <Filename Value="W:\programs\lazarus\lcl\interfaces\win32\win32themes.pas"/>
        <TopLine Value="327"/>
        <CursorPos X="7" Y="342"/>
        <UsageCount Value="5"/>
      </Unit127>
      <Unit128>
        <Filename Value="..\..\ntvStdThemes.pas"/>
        <TopLine Value="15"/>
        <CursorPos X="34" Y="28"/>
        <UsageCount Value="8"/>
      </Unit128>
      <Unit129>
        <Filename Value="..\..\..\..\..\pos\source\posDraws.pas"/>
        <TopLine Value="88"/>
        <CursorPos X="56" Y="94"/>
        <UsageCount Value="8"/>
      </Unit129>
      <Unit130>
        <Filename Value="..\..\..\..\..\pos\source\posUtils.pas"/>
        <TopLine Value="457"/>
        <CursorPos X="3" Y="478"/>
        <UsageCount Value="10"/>
      </Unit130>
      <Unit131>
        <Filename Value="..\..\..\..\..\pos\source\posTypes.pas"/>
        <TopLine Value="5"/>
        <CursorPos Y="26"/>
        <UsageCount Value="8"/>
      </Unit131>
      <Unit132>
        <Filename Value="P:\programs\fpc\2.4\src\rtl\objpas\classes\classesh.inc"/>
        <TopLine Value="1869"/>
        <CursorPos X="10" Y="1890"/>
        <UsageCount Value="7"/>
      </Unit132>
      <Unit133>
        <Filename Value="P:\programs\fpc\2.4\src\rtl\objpas\classes\collect.inc"/>
        <TopLine Value="307"/>
        <CursorPos X="11" Y="309"/>
        <UsageCount Value="7"/>
      </Unit133>
      <Unit134>
        <Filename Value="W:\programs\lazarus\components\customdrawn\customdrawnextras.pas"/>
        <TopLine Value="2752"/>
        <CursorPos X="34" Y="2768"/>
        <UsageCount Value="6"/>
      </Unit134>
      <Unit135>
        <Filename Value="P:\programs\fpc\2.4\src\rtl\win\wininc\struct.inc"/>
        <TopLine Value="472"/>
        <CursorPos X="6" Y="493"/>
        <UsageCount Value="6"/>
      </Unit135>
      <Unit136>
        <Filename Value="W:\programs\lazarus\lcl\include\intfbaselcl.inc"/>
        <TopLine Value="29"/>
        <CursorPos X="3" Y="32"/>
        <UsageCount Value="6"/>
      </Unit136>
      <Unit137>
        <Filename Value="P:\programs\fpc\2.4\src\rtl\objpas\sysutils\sysutilh.inc"/>
        <TopLine Value="155"/>
        <CursorPos X="14" Y="176"/>
        <UsageCount Value="6"/>
      </Unit137>
      <Unit138>
        <Filename Value="P:\programs\fpc\2.4\src\rtl\win\sysutils.pp"/>
        <TopLine Value="608"/>
        <CursorPos X="3" Y="610"/>
        <UsageCount Value="6"/>
      </Unit138>
      <Unit139>
        <Filename Value="C:\Program Files\Borland\Delphi7\Source\Vcl\ComCtrls.pas"/>
        <TopLine Value="11499"/>
        <CursorPos X="37" Y="11522"/>
        <UsageCount Value="6"/>
      </Unit139>
      <Unit140>
        <Filename Value="..\..\..\..\..\pos\source\posControls.pas"/>
        <TopLine Value="1049"/>
        <CursorPos X="21" Y="1053"/>
        <UsageCount Value="8"/>
      </Unit140>
      <Unit141>
        <Filename Value="P:\programs\fpc\2.4\src\rtl\objpas\types.pp"/>
        <TopLine Value="49"/>
        <CursorPos X="3" Y="70"/>
        <UsageCount Value="8"/>
      </Unit141>
      <Unit142>
        <Filename Value="V:\dev\lazarus-ccr\components\jvcllaz\run\JvPageList.pas"/>
        <TopLine Value="112"/>
        <CursorPos X="15" Y="132"/>
        <UsageCount Value="8"/>
      </Unit142>
      <Unit143>
        <Filename Value="V:\dev\lazarus-ccr\components\orpheus\ovccalc.pas"/>
        <TopLine Value="1962"/>
        <CursorPos X="57" Y="1975"/>
        <UsageCount Value="8"/>
      </Unit143>
      <Unit144>
        <Filename Value="..\..\..\..\..\pos\source\posLists.pas"/>
        <TopLine Value="344"/>
        <CursorPos X="19" Y="364"/>
        <UsageCount Value="7"/>
      </Unit144>
      <Unit145>
        <Filename Value="..\..\..\..\..\pos\source\posImages.pas"/>
        <TopLine Value="135"/>
        <CursorPos X="16" Y="145"/>
        <UsageCount Value="9"/>
      </Unit145>
      <Unit146>
        <Filename Value="W:\programs\lazarus\components\lazcontrols\lazcontrols.pas"/>
        <UsageCount Value="5"/>
      </Unit146>
      <Unit147>
        <Filename Value="W:\programs\lazarus\components\lazcontrols\dividerbevel.pas"/>
        <CursorPos X="80" Y="21"/>
        <UsageCount Value="5"/>
      </Unit147>
      <Unit148>
        <Filename Value="Unit2.pas"/>
        <IsPartOfProject Value="True"/>
        <ComponentName Value="Form2"/>
        <HasResources Value="True"/>
        <ResourceBaseClass Value="Form"/>
        <EditorIndex Value="-1"/>
        <CursorPos X="6" Y="34"/>
        <UsageCount Value="67"/>
      </Unit148>
      <Unit149>
        <Filename Value="P:\dev\lazarus\lcl\include\control.inc"/>
        <TopLine Value="3154"/>
        <CursorPos Y="3170"/>
        <UsageCount Value="14"/>
      </Unit149>
      <Unit150>
        <Filename Value="P:\dev\fpc\2.6\src\rtl\objpas\classes\classesh.inc"/>
        <TopLine Value="1697"/>
        <CursorPos X="15" Y="1711"/>
        <UsageCount Value="14"/>
      </Unit150>
      <Unit151>
        <Filename Value="P:\dev\fpc\2.6\src\rtl\objpas\classes\compon.inc"/>
        <TopLine Value="372"/>
        <CursorPos X="3" Y="378"/>
        <UsageCount Value="14"/>
      </Unit151>
      <Unit152>
        <Filename Value="P:\dev\lazarus\lcl\graphics.pp"/>
        <UnitName Value="Graphics"/>
        <EditorIndex Value="-1"/>
        <TopLine Value="1040"/>
        <CursorPos X="15" Y="1042"/>
        <UsageCount Value="24"/>
      </Unit152>
      <Unit153>
        <Filename Value="P:\dev\lazarus\lcl\include\winapih.inc"/>
        <TopLine Value="66"/>
        <CursorPos X="10" Y="82"/>
        <UsageCount Value="9"/>
      </Unit153>
      <Unit154>
        <Filename Value="P:\dev\lazarus\lcl\lclproc.pas"/>
        <UsageCount Value="8"/>
      </Unit154>
      <Unit155>
        <Filename Value="P:\dev\fpc\2.6\src\packages\fcl-image\src\fpcanvas.pp"/>
        <TopLine Value="361"/>
        <CursorPos X="15" Y="377"/>
        <UsageCount Value="9"/>
      </Unit155>
      <Unit156>
        <Filename Value="P:\dev\fpc\2.6\src\packages\fcl-image\src\fpcanvas.inc"/>
        <TopLine Value="389"/>
        <CursorPos X="29" Y="393"/>
        <UsageCount Value="9"/>
      </Unit156>
      <Unit157>
        <Filename Value="P:\dev\fpc\2.6\src\packages\fcl-image\src\fpcdrawh.inc"/>
        <TopLine Value="17"/>
        <CursorPos X="3" Y="19"/>
        <UsageCount Value="9"/>
      </Unit157>
      <Unit158>
        <Filename Value="P:\dev\lazarus\lcl\include\canvas.inc"/>
        <TopLine Value="29"/>
        <CursorPos X="11" Y="36"/>
        <UsageCount Value="9"/>
      </Unit158>
      <Unit159>
        <Filename Value="P:\dev\lazarus\lcl\include\intfbasewinapi.inc"/>
        <TopLine Value="344"/>
        <CursorPos X="3" Y="346"/>
        <UsageCount Value="9"/>
      </Unit159>
      <Unit160>
        <Filename Value="P:\dev\lazarus\lcl\controls.pp"/>
        <TopLine Value="1961"/>
        <CursorPos X="15" Y="1976"/>
        <UsageCount Value="8"/>
      </Unit160>
      <Unit161>
        <Filename Value="P:\dev\lazarus\lcl\include\wincontrol.inc"/>
        <UsageCount Value="8"/>
      </Unit161>
      <Unit162>
        <Filename Value="P:\dev\lazarus\components\synedit\synedit.pp"/>
        <TopLine Value="426"/>
        <CursorPos Y="438"/>
        <UsageCount Value="8"/>
      </Unit162>
      <Unit163>
        <Filename Value="P:\dev\fpc\2.6\src\rtl\inc\objpash.inc"/>
        <TopLine Value="175"/>
        <CursorPos X="23" Y="192"/>
        <UsageCount Value="8"/>
      </Unit163>
      <Unit164>
        <Filename Value="..\..\ntvPanel.pas"/>
        <UnitName Value="ntvPanels"/>
        <EditorIndex Value="-1"/>
        <UsageCount Value="10"/>
      </Unit164>
      <Unit165>
        <Filename Value="..\..\ntvPanels.pas"/>
        <EditorIndex Value="2"/>
        <TopLine Value="449"/>
        <CursorPos Y="497"/>
        <UsageCount Value="15"/>
        <Bookmarks Count="1">
          <Item0 Y="345" ID="1"/>
        </Bookmarks>
        <Loaded Value="True"/>
      </Unit165>
      <Unit166>
        <Filename Value="d:\dev\lazarus\components\lazcontrols\dividerbevel.pas"/>
        <UnitName Value="DividerBevel"/>
        <EditorIndex Value="-1"/>
        <UsageCount Value="10"/>
      </Unit166>
      <Unit167>
        <Filename Value="d:\dev\lazarus\lcl\extctrls.pp"/>
        <UnitName Value="ExtCtrls"/>
        <EditorIndex Value="-1"/>
        <TopLine Value="1029"/>
        <CursorPos X="25" Y="1054"/>
        <UsageCount Value="11"/>
        <Bookmarks Count="1">
          <Item0 Y="1049" ID="1"/>
        </Bookmarks>
      </Unit167>
      <Unit168>
        <Filename Value="d:\dev\lazarus\lcl\include\custompanel.inc"/>
        <EditorIndex Value="-1"/>
        <TopLine Value="119"/>
        <CursorPos X="14" Y="123"/>
        <UsageCount Value="11"/>
      </Unit168>
      <Unit169>
        <Filename Value="d:\dev\fpc\3.0\src\rtl\inc\typshrdh.inc"/>
        <EditorIndex Value="-1"/>
        <CursorPos X="7" Y="28"/>
        <UsageCount Value="11"/>
      </Unit169>
      <Unit170>
        <Filename Value="d:\dev\lazarus\lcl\controls.pp"/>
        <UnitName Value="Controls"/>
        <EditorIndex Value="7"/>
        <TopLine Value="1629"/>
        <CursorPos X="15" Y="1655"/>
        <UsageCount Value="14"/>
        <Loaded Value="True"/>
      </Unit170>
      <Unit171>
        <Filename Value="d:\dev\lazarus\lcl\grids.pas"/>
        <UnitName Value="Grids"/>
        <EditorIndex Value="-1"/>
        <TopLine Value="8012"/>
        <CursorPos X="35" Y="8038"/>
        <UsageCount Value="10"/>
      </Unit171>
      <Unit172>
        <Filename Value="d:\dev\lazarus\lcl\include\lclintfh.inc"/>
        <EditorIndex Value="3"/>
        <TopLine Value="30"/>
        <CursorPos X="10" Y="55"/>
        <UsageCount Value="10"/>
        <Loaded Value="True"/>
      </Unit172>
      <Unit173>
        <Filename Value="d:\dev\lazarus\lcl\graphics.pp"/>
        <UnitName Value="Graphics"/>
        <EditorIndex Value="-1"/>
        <TopLine Value="229"/>
        <CursorPos X="11" Y="247"/>
        <UsageCount Value="10"/>
      </Unit173>
      <Unit174>
        <Filename Value="d:\dev\lazarus\lcl\include\canvas.inc"/>
        <EditorIndex Value="-1"/>
        <TopLine Value="1034"/>
        <CursorPos X="3" Y="1043"/>
        <UsageCount Value="10"/>
      </Unit174>
      <Unit175>
        <Filename Value="d:\dev\lazarus\lcl\include\control.inc"/>
        <EditorIndex Value="6"/>
        <TopLine Value="1627"/>
        <CursorPos Y="1651"/>
        <UsageCount Value="12"/>
        <Loaded Value="True"/>
      </Unit175>
      <Unit176>
        <Filename Value="..\..\ntvSplitters.pas"/>
        <IsVisibleTab Value="True"/>
        <EditorIndex Value="1"/>
        <TopLine Value="488"/>
        <CursorPos Y="520"/>
        <UsageCount Value="12"/>
        <Loaded Value="True"/>
      </Unit176>
      <Unit177>
        <Filename Value="d:\dev\fpc\3.0\src\rtl\objpas\classes\classesh.inc"/>
        <EditorIndex Value="5"/>
        <TopLine Value="2062"/>
        <CursorPos X="10" Y="2087"/>
        <UsageCount Value="11"/>
        <Loaded Value="True"/>
      </Unit177>
      <Unit178>
        <Filename Value="d:\dev\lazarus\lcl\include\intfbaselcl.inc"/>
        <EditorIndex Value="4"/>
        <TopLine Value="117"/>
        <CursorPos X="3" Y="119"/>
        <UsageCount Value="10"/>
        <Loaded Value="True"/>
      </Unit178>
    </Units>
    <JumpHistory Count="30" HistoryIndex="29">
      <Position1>
        <Filename Value="..\..\ntvSplitters.pas"/>
        <Caret Line="343" Column="25" TopLine="300"/>
      </Position1>
      <Position2>
        <Filename Value="..\..\ntvSplitters.pas"/>
        <Caret Line="365" Column="55" TopLine="322"/>
      </Position2>
      <Position3>
        <Filename Value="..\..\ntvSplitters.pas"/>
        <Caret Line="367" Column="55" TopLine="324"/>
      </Position3>
      <Position4>
        <Filename Value="..\..\ntvSplitters.pas"/>
        <Caret Line="418" Column="55" TopLine="375"/>
      </Position4>
      <Position5>
        <Filename Value="..\..\ntvSplitters.pas"/>
        <Caret Line="420" Column="55" TopLine="377"/>
      </Position5>
      <Position6>
        <Filename Value="..\..\ntvSplitters.pas"/>
      </Position6>
      <Position7>
        <Filename Value="..\..\ntvSplitters.pas"/>
        <Caret Line="48" Column="26" TopLine="5"/>
      </Position7>
      <Position8>
        <Filename Value="..\..\ntvSplitters.pas"/>
        <Caret Line="344" Column="3" TopLine="301"/>
      </Position8>
      <Position9>
        <Filename Value="..\..\ntvSplitters.pas"/>
        <Caret Line="420" Column="92" TopLine="377"/>
      </Position9>
      <Position10>
        <Filename Value="..\..\ntvSplitters.pas"/>
      </Position10>
      <Position11>
        <Filename Value="..\..\ntvPanels.pas"/>
        <Caret Line="326" Column="5" TopLine="283"/>
      </Position11>
      <Position12>
        <Filename Value="..\..\ntvPanels.pas"/>
        <Caret Line="49" Column="5" TopLine="25"/>
      </Position12>
      <Position13>
        <Filename Value="..\..\ntvSplitters.pas"/>
        <Caret Line="47" Column="5" TopLine="5"/>
      </Position13>
      <Position14>
        <Filename Value="..\..\ntvPanels.pas"/>
        <Caret Line="49" Column="19" TopLine="25"/>
      </Position14>
      <Position15>
        <Filename Value="..\..\ntvPanels.pas"/>
      </Position15>
      <Position16>
        <Filename Value="..\..\ntvPanels.pas"/>
        <Caret Line="49" Column="19" TopLine="6"/>
      </Position16>
      <Position17>
        <Filename Value="..\..\ntvSplitters.pas"/>
      </Position17>
      <Position18>
        <Filename Value="..\..\ntvSplitters.pas"/>
        <Caret Line="47" Column="27" TopLine="26"/>
      </Position18>
      <Position19>
        <Filename Value="..\..\ntvSplitters.pas"/>
        <Caret Line="343" Column="3" TopLine="300"/>
      </Position19>
      <Position20>
        <Filename Value="..\..\ntvSplitters.pas"/>
        <Caret Line="420" Column="47" TopLine="377"/>
      </Position20>
      <Position21>
        <Filename Value="..\..\ntvSplitters.pas"/>
      </Position21>
      <Position22>
        <Filename Value="..\..\ntvPanels.pas"/>
        <Caret Line="318" Column="19" TopLine="275"/>
      </Position22>
      <Position23>
        <Filename Value="..\..\ntvPanels.pas"/>
        <Caret Line="22"/>
      </Position23>
      <Position24>
        <Filename Value="..\..\ntvSplitters.pas"/>
        <Caret Line="21" TopLine="4"/>
      </Position24>
      <Position25>
        <Filename Value="..\..\ntvPanels.pas"/>
        <Caret Line="15"/>
      </Position25>
      <Position26>
        <Filename Value="..\..\ntvSplitters.pas"/>
        <Caret Line="14"/>
      </Position26>
      <Position27>
        <Filename Value="..\..\ntvPanels.pas"/>
        <Caret Line="19" Column="24"/>
      </Position27>
      <Position28>
        <Filename Value="..\..\ntvPanels.pas"/>
        <Caret Line="21" Column="24"/>
      </Position28>
      <Position29>
        <Filename Value="..\..\ntvSplitters.pas"/>
        <Caret Line="596" Column="5" TopLine="546"/>
      </Position29>
      <Position30>
        <Filename Value="..\..\ntvSplitters.pas"/>
        <Caret Line="26" TopLine="26"/>
      </Position30>
    </JumpHistory>
  </ProjectOptions>
  <CompilerOptions>
    <Version Value="11"/>
    <PathDelim Value="\"/>
    <SearchPaths>
      <IncludeFiles Value="$(ProjOutDir)"/>
      <OtherUnitFiles Value="$(LazarusDir)\ideintf\units\$(TargetCPU)-$(TargetOS);..\.."/>
      <UnitOutputDirectory Value="units\$(TargetCPU)-$(TargetOS)"/>
    </SearchPaths>
    <Parsing>
      <SyntaxOptions>
        <UseAnsiStrings Value="False"/>
      </SyntaxOptions>
    </Parsing>
    <Linking>
      <Options>
        <Win32>
          <GraphicApplication Value="True"/>
        </Win32>
      </Options>
    </Linking>
  </CompilerOptions>
  <Debugging>
    <Watches Count="1">
      <Item1>
        <Expression Value="self"/>
      </Item1>
    </Watches>
    <Exceptions Count="3">
      <Item1>
        <Name Value="EAbort"/>
      </Item1>
      <Item2>
        <Name Value="ECodetoolError"/>
      </Item2>
      <Item3>
        <Name Value="EFOpenError"/>
      </Item3>
    </Exceptions>
  </Debugging>
</CONFIG>
