<?xml version="1.0"?>
<CONFIG>
  <ProjectOptions>
    <PathDelim Value="\"/>
    <Version Value="7"/>
    <General>
      <MainUnit Value="0"/>
      <TargetFileExt Value=".exe"/>
      <UseXPManifest Value="True"/>
      <Icon Value="0"/>
      <ActiveWindowIndexAtStart Value="0"/>
    </General>
    <VersionInfo>
      <Language Value=""/>
      <CharSet Value=""/>
      <StringTable Comments="" CompanyName="" FileDescription="" FileVersion="0.0.0.0" InternalName="" LegalCopyright="" LegalTrademarks="" OriginalFilename="" ProductName="" ProductVersion=""/>
    </VersionInfo>
    <PublishOptions>
      <Version Value="2"/>
      <IgnoreBinaries Value="False"/>
      <IncludeFileFilter Value="*.(pas|pp|inc|lfm|lpr|lrs|lpi|lpk|sh|xml)"/>
      <ExcludeFileFilter Value="*.(bak|ppu|ppw|o|so);*~;backup"/>
    </PublishOptions>
    <RunParams>
      <local>
        <FormatVersion Value="1"/>
        <LaunchingApplication PathPlusParams="/usr/X11R6/bin/xterm -T 'Lazarus Run Output' -e $(LazarusDir)/tools/runwait.sh $(TargetCmdLine)"/>
      </local>
    </RunParams>
    <RequiredPackages Count="2">
      <Item1>
        <PackageName Value="NativeLib"/>
        <MinVersion Valid="True"/>
      </Item1>
      <Item2>
        <PackageName Value="LCL"/>
      </Item2>
    </RequiredPackages>
    <Units Count="111">
      <Unit0>
        <Filename Value="project1.lpr"/>
        <IsPartOfProject Value="True"/>
        <UnitName Value="project1"/>
        <TopLine Value="1"/>
        <CursorPos X="1" Y="1"/>
        <UsageCount Value="51"/>
      </Unit0>
      <Unit1>
        <Filename Value="Unit1.pas"/>
        <IsPartOfProject Value="True"/>
        <ComponentName Value="Form1"/>
        <ResourceBaseClass Value="Form"/>
        <UnitName Value="Unit1"/>
        <IsVisibleTab Value="True"/>
        <EditorIndex Value="0"/>
        <WindowIndex Value="0"/>
        <TopLine Value="1"/>
        <CursorPos X="42" Y="19"/>
        <UsageCount Value="51"/>
        <Loaded Value="True"/>
      </Unit1>
      <Unit2>
        <Filename Value="..\..\ntvCtrls.pas"/>
        <UnitName Value="ntvCtrls"/>
        <TopLine Value="1"/>
        <CursorPos X="1" Y="4"/>
        <UsageCount Value="10"/>
      </Unit2>
      <Unit3>
        <Filename Value="..\..\ntvUtils.pas"/>
        <UnitName Value="ntvUtils"/>
        <WindowIndex Value="0"/>
        <TopLine Value="1"/>
        <CursorPos X="1" Y="1"/>
        <UsageCount Value="10"/>
      </Unit3>
      <Unit4>
        <Filename Value="..\..\ntvRegCtrls.pas"/>
        <UnitName Value="ntvRegCtrls"/>
        <EditorIndex Value="6"/>
        <WindowIndex Value="0"/>
        <TopLine Value="10"/>
        <CursorPos X="18" Y="24"/>
        <UsageCount Value="14"/>
        <Loaded Value="True"/>
      </Unit4>
      <Unit5>
        <Filename Value="..\..\ntvPageControls.pas"/>
        <UnitName Value="ntvPageControls"/>
        <EditorIndex Value="1"/>
        <WindowIndex Value="0"/>
        <TopLine Value="821"/>
        <CursorPos X="59" Y="822"/>
        <UsageCount Value="15"/>
        <Bookmarks Count="2">
          <Item0 X="1" Y="1097" ID="2"/>
          <Item1 X="1" Y="846" ID="1"/>
        </Bookmarks>
        <Loaded Value="True"/>
      </Unit5>
      <Unit6>
        <Filename Value="..\..\ntvProgressBar.pas"/>
        <UnitName Value="ntvProgressBar"/>
        <TopLine Value="1"/>
        <CursorPos X="21" Y="1"/>
        <UsageCount Value="10"/>
      </Unit6>
      <Unit7>
        <Filename Value="..\..\ntvProgressBars.pas"/>
        <UnitName Value="ntvProgressBars"/>
        <WindowIndex Value="0"/>
        <TopLine Value="90"/>
        <CursorPos X="17" Y="90"/>
        <UsageCount Value="11"/>
      </Unit7>
      <Unit8>
        <Filename Value="..\..\ntvDotMatrix.pas"/>
        <UnitName Value="ntvDotMatrix"/>
        <TopLine Value="31"/>
        <CursorPos X="43" Y="31"/>
        <UsageCount Value="11"/>
      </Unit8>
      <Unit9>
        <Filename Value="..\..\ntvCtrlsLib.lrs"/>
        <TopLine Value="1"/>
        <CursorPos X="27" Y="1"/>
        <UsageCount Value="10"/>
      </Unit9>
      <Unit10>
        <Filename Value="..\..\images\res.cmd"/>
        <TopLine Value="1"/>
        <CursorPos X="17" Y="3"/>
        <SyntaxHighlighter Value="None"/>
        <UsageCount Value="10"/>
      </Unit10>
      <Unit11>
        <Filename Value="..\..\..\..\..\MiniSocket\source\mnWin32Sockets.pas"/>
        <UnitName Value="mnWin32Sockets"/>
        <TopLine Value="21"/>
        <CursorPos X="3" Y="32"/>
        <UsageCount Value="10"/>
      </Unit11>
      <Unit12>
        <Filename Value="W:\programs\fpc\src\rtl\win\winsock2.pp"/>
        <UnitName Value="WinSock2"/>
        <TopLine Value="1"/>
        <CursorPos X="1" Y="1"/>
        <UsageCount Value="10"/>
      </Unit12>
      <Unit13>
        <Filename Value="V:\dev\synapse\blcksock.pas"/>
        <UnitName Value="blcksock"/>
        <TopLine Value="3417"/>
        <CursorPos X="34" Y="3427"/>
        <UsageCount Value="10"/>
      </Unit13>
      <Unit14>
        <Filename Value="V:\dev\synapse\sswin32.pas"/>
        <UnitName Value="sswin32"/>
        <TopLine Value="1473"/>
        <CursorPos X="88" Y="1483"/>
        <UsageCount Value="10"/>
      </Unit14>
      <Unit15>
        <Filename Value="W:\programs\lazarus\lcl\include\winapih.inc"/>
        <TopLine Value="100"/>
        <CursorPos X="66" Y="120"/>
        <UsageCount Value="10"/>
      </Unit15>
      <Unit16>
        <Filename Value="W:\programs\fpc\src\rtl\win32\classes.pp"/>
        <UnitName Value="Classes"/>
        <TopLine Value="1"/>
        <CursorPos X="1" Y="1"/>
        <UsageCount Value="10"/>
      </Unit16>
      <Unit17>
        <Filename Value="W:\programs\lazarus\lcl\controls.pp"/>
        <UnitName Value="Controls"/>
        <EditorIndex Value="4"/>
        <WindowIndex Value="0"/>
        <TopLine Value="1136"/>
        <CursorPos X="15" Y="1157"/>
        <UsageCount Value="15"/>
        <Loaded Value="True"/>
      </Unit17>
      <Unit18>
        <Filename Value="W:\programs\lazarus\lcl\include\control.inc"/>
        <EditorIndex Value="5"/>
        <WindowIndex Value="0"/>
        <TopLine Value="3645"/>
        <CursorPos X="3" Y="3651"/>
        <UsageCount Value="12"/>
        <Loaded Value="True"/>
      </Unit18>
      <Unit19>
        <Filename Value="W:\programs\lazarus\lcl\include\docktree.inc"/>
        <TopLine Value="102"/>
        <CursorPos X="3" Y="104"/>
        <UsageCount Value="11"/>
      </Unit19>
      <Unit20>
        <Filename Value="W:\programs\lazarus\lcl\grids.pas"/>
        <UnitName Value="Grids"/>
        <WindowIndex Value="0"/>
        <TopLine Value="3674"/>
        <CursorPos X="3" Y="3676"/>
        <UsageCount Value="11"/>
      </Unit20>
      <Unit21>
        <Filename Value="W:\programs\lazarus\lcl\extctrls.pp"/>
        <UnitName Value="ExtCtrls"/>
        <WindowIndex Value="0"/>
        <TopLine Value="1"/>
        <CursorPos X="1" Y="1"/>
        <UsageCount Value="11"/>
      </Unit21>
      <Unit22>
        <Filename Value="W:\programs\lazarus\lcl\include\custompage.inc"/>
        <TopLine Value="133"/>
        <CursorPos X="12" Y="143"/>
        <UsageCount Value="10"/>
      </Unit22>
      <Unit23>
        <Filename Value="W:\programs\lazarus\lcl\calendar.pp"/>
        <UnitName Value="Calendar"/>
        <TopLine Value="146"/>
        <CursorPos X="26" Y="166"/>
        <UsageCount Value="10"/>
      </Unit23>
      <Unit24>
        <Filename Value="W:\programs\lazarus\lcl\comctrls.pp"/>
        <UnitName Value="ComCtrls"/>
        <WindowIndex Value="0"/>
        <TopLine Value="1418"/>
        <CursorPos X="15" Y="1430"/>
        <UsageCount Value="12"/>
      </Unit24>
      <Unit25>
        <Filename Value="W:\programs\lazarus\lcl\include\toolbutton.inc"/>
        <TopLine Value="1"/>
        <CursorPos X="36" Y="6"/>
        <UsageCount Value="10"/>
      </Unit25>
      <Unit26>
        <Filename Value="W:\programs\lazarus\lcl\include\customnotebook.inc"/>
        <TopLine Value="195"/>
        <CursorPos X="1" Y="195"/>
        <UsageCount Value="10"/>
      </Unit26>
      <Unit27>
        <Filename Value="W:\programs\lazarus\lcl\include\customsplitter.inc"/>
        <TopLine Value="518"/>
        <CursorPos X="3" Y="523"/>
        <UsageCount Value="10"/>
      </Unit27>
      <Unit28>
        <Filename Value="W:\programs\lazarus\components\rtticontrols\rttictrls.pas"/>
        <UnitName Value="RTTICtrls"/>
        <TopLine Value="1"/>
        <CursorPos X="1" Y="1"/>
        <UsageCount Value="10"/>
      </Unit28>
      <Unit29>
        <Filename Value="project1.lpi"/>
        <TopLine Value="1"/>
        <CursorPos X="1" Y="1"/>
        <SyntaxHighlighter Value="XML"/>
        <UsageCount Value="10"/>
      </Unit29>
      <Unit30>
        <Filename Value="Unit1.lfm"/>
        <TopLine Value="1"/>
        <CursorPos X="1" Y="1"/>
        <SyntaxHighlighter Value="LFM"/>
        <UsageCount Value="10"/>
      </Unit30>
      <Unit31>
        <Filename Value="W:\programs\lazarus\components\rx\apputils.pp"/>
        <UnitName Value="AppUtils"/>
        <TopLine Value="37"/>
        <CursorPos X="61" Y="37"/>
        <UsageCount Value="10"/>
      </Unit31>
      <Unit32>
        <Filename Value="W:\programs\lazarus\components\rx\placement.pp"/>
        <UnitName Value="Placement"/>
        <TopLine Value="1"/>
        <CursorPos X="1" Y="1"/>
        <UsageCount Value="10"/>
      </Unit32>
      <Unit33>
        <Filename Value="W:\programs\fpc\src\rtl\objpas\classes\classesh.inc"/>
        <TopLine Value="1"/>
        <CursorPos X="1" Y="1"/>
        <UsageCount Value="12"/>
      </Unit33>
      <Unit34>
        <Filename Value="W:\programs\lazarus\components\plotfunction\plotpanel.pp"/>
        <UnitName Value="plotpanel"/>
        <TopLine Value="81"/>
        <CursorPos X="36" Y="92"/>
        <UsageCount Value="10"/>
      </Unit34>
      <Unit35>
        <Filename Value="W:\programs\lazarus\ideintf\componentreg.pas"/>
        <UnitName Value="ComponentReg"/>
        <TopLine Value="43"/>
        <CursorPos X="1" Y="43"/>
        <UsageCount Value="10"/>
      </Unit35>
      <Unit36>
        <Filename Value="W:\programs\lazarus\ideintf\srceditorintf.pas"/>
        <UnitName Value="SrcEditorIntf"/>
        <TopLine Value="1"/>
        <CursorPos X="1" Y="1"/>
        <UsageCount Value="10"/>
      </Unit36>
      <Unit37>
        <Filename Value="W:\programs\lazarus\ideintf\propedits.pp"/>
        <UnitName Value="PropEdits"/>
        <TopLine Value="6715"/>
        <CursorPos X="35" Y="6717"/>
        <UsageCount Value="12"/>
      </Unit37>
      <Unit38>
        <Filename Value="W:\programs\lazarus\components\filebrowser\frmfilebrowser.lfm"/>
        <TopLine Value="1"/>
        <CursorPos X="1" Y="1"/>
        <SyntaxHighlighter Value="LFM"/>
        <UsageCount Value="10"/>
      </Unit38>
      <Unit39>
        <Filename Value="W:\programs\lazarus\components\filebrowser\frmfilebrowser.lrs"/>
        <TopLine Value="1"/>
        <CursorPos X="1" Y="1"/>
        <UsageCount Value="10"/>
      </Unit39>
      <Unit40>
        <Filename Value="W:\programs\lazarus\components\filebrowser\frmfilebrowser.pas"/>
        <ComponentName Value="FileBrowserForm"/>
        <HasResources Value="True"/>
        <ResourceBaseClass Value="Form"/>
        <UnitName Value="frmFileBrowser"/>
        <TopLine Value="1"/>
        <CursorPos X="1" Y="1"/>
        <UsageCount Value="10"/>
      </Unit40>
      <Unit41>
        <Filename Value="W:\programs\lazarus\components\filebrowser\frmconfigfilebrowser.pp"/>
        <ComponentName Value="FileBrowserConfigForm"/>
        <HasResources Value="True"/>
        <ResourceBaseClass Value="Form"/>
        <UnitName Value="frmconfigfilebrowser"/>
        <TopLine Value="1"/>
        <CursorPos X="77" Y="6"/>
        <UsageCount Value="10"/>
      </Unit41>
      <Unit42>
        <Filename Value="W:\programs\lazarus\components\filebrowser\regidefilebrowser.pp"/>
        <UnitName Value="regidefilebrowser"/>
        <TopLine Value="1"/>
        <CursorPos X="1" Y="1"/>
        <UsageCount Value="10"/>
      </Unit42>
      <Unit43>
        <Filename Value="W:\programs\lazarus\lcl\interfaces\win32\win32wsextctrls.pp"/>
        <UnitName Value="Win32WSExtCtrls"/>
        <TopLine Value="613"/>
        <CursorPos X="55" Y="626"/>
        <UsageCount Value="10"/>
      </Unit43>
      <Unit44>
        <Filename Value="W:\programs\lazarus\lcl\widgetset\wsextctrls.pp"/>
        <UnitName Value="WSExtCtrls"/>
        <TopLine Value="386"/>
        <CursorPos X="1" Y="387"/>
        <UsageCount Value="10"/>
      </Unit44>
      <Unit45>
        <Filename Value="W:\programs\lazarus\lcl\widgetset\wscontrols.pp"/>
        <UnitName Value="WSControls"/>
        <TopLine Value="81"/>
        <CursorPos X="40" Y="91"/>
        <UsageCount Value="10"/>
      </Unit45>
      <Unit46>
        <Filename Value="W:\programs\lazarus\lcl\widgetset\wslclclasses.pp"/>
        <UnitName Value="WSLCLClasses"/>
        <TopLine Value="1"/>
        <CursorPos X="1" Y="1"/>
        <UsageCount Value="10"/>
      </Unit46>
      <Unit47>
        <Filename Value="W:\programs\lazarus\lcl\interfaces\win32\win32callback.inc"/>
        <WindowIndex Value="0"/>
        <TopLine Value="379"/>
        <CursorPos X="7" Y="379"/>
        <UsageCount Value="10"/>
      </Unit47>
      <Unit48>
        <Filename Value="W:\programs\lazarus\lcl\lclclasses.pp"/>
        <UnitName Value="LCLClasses"/>
        <TopLine Value="126"/>
        <CursorPos X="3" Y="146"/>
        <UsageCount Value="10"/>
      </Unit48>
      <Unit49>
        <Filename Value="W:\programs\lazarus\lcl\include\tabcontrol.inc"/>
        <TopLine Value="1"/>
        <CursorPos X="1" Y="1"/>
        <UsageCount Value="10"/>
      </Unit49>
      <Unit50>
        <Filename Value="W:\programs\lazarus\lcl\stdctrls.pp"/>
        <UnitName Value="StdCtrls"/>
        <TopLine Value="1"/>
        <CursorPos X="1" Y="1"/>
        <UsageCount Value="11"/>
      </Unit50>
      <Unit51>
        <Filename Value="W:\programs\lazarus\lcl\interfaces\win32\win32wsfactory.pas"/>
        <UnitName Value="Win32WSFactory"/>
        <TopLine Value="1"/>
        <CursorPos X="1" Y="1"/>
        <UsageCount Value="10"/>
      </Unit51>
      <Unit52>
        <Filename Value="W:\programs\lazarus\lcl\interfaces\wince\wincewsextctrls.pp"/>
        <UnitName Value="WinCEWSExtCtrls"/>
        <TopLine Value="569"/>
        <CursorPos X="3" Y="579"/>
        <UsageCount Value="10"/>
      </Unit52>
      <Unit53>
        <Filename Value="W:\programs\lazarus\lcl\include\customtrayicon.inc"/>
        <TopLine Value="170"/>
        <CursorPos X="1" Y="174"/>
        <UsageCount Value="10"/>
      </Unit53>
      <Unit54>
        <Filename Value="W:\programs\lazarus\lcl\widgetset\wsfactory.pas"/>
        <UnitName Value="WSFactory"/>
        <TopLine Value="62"/>
        <CursorPos X="1" Y="102"/>
        <UsageCount Value="10"/>
      </Unit54>
      <Unit55>
        <Filename Value="W:\programs\lazarus\lcl\interfaces\win32\win32winapi.inc"/>
        <WindowIndex Value="0"/>
        <TopLine Value="1"/>
        <CursorPos X="1" Y="1"/>
        <UsageCount Value="10"/>
      </Unit55>
      <Unit56>
        <Filename Value="W:\programs\lazarus\lcl\include\wincontrol.inc"/>
        <WindowIndex Value="0"/>
        <TopLine Value="1"/>
        <CursorPos X="1" Y="1"/>
        <UsageCount Value="11"/>
      </Unit56>
      <Unit57>
        <Filename Value="W:\programs\lazarus\lcl\lmessages.pp"/>
        <UnitName Value="LMessages"/>
        <EditorIndex Value="2"/>
        <WindowIndex Value="0"/>
        <TopLine Value="413"/>
        <CursorPos X="3" Y="434"/>
        <UsageCount Value="13"/>
        <Loaded Value="True"/>
      </Unit57>
      <Unit58>
        <Filename Value="W:\programs\lazarus\lcl\widgetset\wscalendar.pp"/>
        <UnitName Value="WSCalendar"/>
        <TopLine Value="47"/>
        <CursorPos X="29" Y="54"/>
        <UsageCount Value="10"/>
      </Unit58>
      <Unit59>
        <Filename Value="W:\programs\lazarus\components\turbopower_ipro\ipconst.pas"/>
        <UnitName Value="IpConst"/>
        <TopLine Value="199"/>
        <CursorPos X="7" Y="209"/>
        <UsageCount Value="11"/>
      </Unit59>
      <Unit60>
        <Filename Value="W:\programs\lazarus\ide\main.pp"/>
        <UnitName Value="Main"/>
        <TopLine Value="1717"/>
        <CursorPos X="19" Y="1722"/>
        <UsageCount Value="11"/>
      </Unit60>
      <Unit61>
        <Filename Value="W:\programs\lazarus\ide\include\ide.inc"/>
        <TopLine Value="1"/>
        <CursorPos X="1" Y="3"/>
        <UsageCount Value="10"/>
      </Unit61>
      <Unit62>
        <Filename Value="W:\programs\lazarus\lcl\interfaces\win32\win32wsstdctrls.pp"/>
        <UnitName Value="Win32WSStdCtrls"/>
        <TopLine Value="1"/>
        <CursorPos X="1" Y="1"/>
        <UsageCount Value="10"/>
      </Unit62>
      <Unit63>
        <Filename Value="W:\programs\lazarus\lcl\interfaces\win32\win32int.pp"/>
        <UnitName Value="Win32Int"/>
        <TopLine Value="216"/>
        <CursorPos X="20" Y="235"/>
        <UsageCount Value="10"/>
      </Unit63>
      <Unit64>
        <Filename Value="W:\programs\fpc\src\rtl\win\wininc\messages.inc"/>
        <TopLine Value="1023"/>
        <CursorPos X="26" Y="1044"/>
        <UsageCount Value="10"/>
      </Unit64>
      <Unit65>
        <Filename Value="W:\programs\lazarus\lcl\include\dragobject.inc"/>
        <TopLine Value="1"/>
        <CursorPos X="1" Y="1"/>
        <UsageCount Value="10"/>
      </Unit65>
      <Unit66>
        <Filename Value="W:\programs\lazarus\ide\fpdoceditwindow.pas"/>
        <ComponentName Value="FPDocEditor"/>
        <HasResources Value="True"/>
        <ResourceBaseClass Value="Form"/>
        <UnitName Value="FPDocEditWindow"/>
        <TopLine Value="69"/>
        <CursorPos X="18" Y="90"/>
        <UsageCount Value="10"/>
      </Unit66>
      <Unit67>
        <Filename Value="W:\programs\lazarus\ide\componentlist.pas"/>
        <ComponentName Value="ComponentListForm"/>
        <HasResources Value="True"/>
        <ResourceBaseClass Value="Form"/>
        <UnitName Value="ComponentList"/>
        <TopLine Value="34"/>
        <CursorPos X="7" Y="37"/>
        <UsageCount Value="10"/>
      </Unit67>
      <Unit68>
        <Filename Value="W:\programs\lazarus\tools\lazdatadesktop\frmmain.pp"/>
        <ComponentName Value="MainForm"/>
        <HasResources Value="True"/>
        <ResourceBaseClass Value="Form"/>
        <UnitName Value="frmmain"/>
        <TopLine Value="105"/>
        <CursorPos X="16" Y="126"/>
        <UsageCount Value="10"/>
      </Unit68>
      <Unit69>
        <Filename Value="W:\programs\lazarus\lcl\include\tabsheet.inc"/>
        <TopLine Value="26"/>
        <CursorPos X="24" Y="33"/>
        <UsageCount Value="10"/>
      </Unit69>
      <Unit70>
        <Filename Value="W:\programs\lazarus\lcl\widgetset\wscomctrls.pp"/>
        <UnitName Value="WSComCtrls"/>
        <TopLine Value="558"/>
        <CursorPos X="1" Y="563"/>
        <UsageCount Value="10"/>
      </Unit70>
      <Unit71>
        <Filename Value="W:\programs\lazarus\designer\abstracteditor.pp"/>
        <UnitName Value="AbstractEditor"/>
        <TopLine Value="1"/>
        <CursorPos X="1" Y="1"/>
        <UsageCount Value="10"/>
      </Unit71>
      <Unit72>
        <Filename Value="W:\programs\lazarus\designer\aligncompsdlg.lfm"/>
        <TopLine Value="1"/>
        <CursorPos X="1" Y="1"/>
        <SyntaxHighlighter Value="LFM"/>
        <UsageCount Value="10"/>
      </Unit72>
      <Unit73>
        <Filename Value="W:\programs\lazarus\designer\aligncompsdlg.pp"/>
        <ComponentName Value="AlignComponentsDialog"/>
        <HasResources Value="True"/>
        <ResourceBaseClass Value="Form"/>
        <UnitName Value="AlignCompsDlg"/>
        <TopLine Value="1"/>
        <CursorPos X="1" Y="1"/>
        <UsageCount Value="10"/>
      </Unit73>
      <Unit74>
        <Filename Value="W:\programs\lazarus\designer\designer.pp"/>
        <UnitName Value="Designer"/>
        <EditorIndex Value="3"/>
        <WindowIndex Value="0"/>
        <TopLine Value="1747"/>
        <CursorPos X="7" Y="1759"/>
        <UsageCount Value="14"/>
        <Loaded Value="True"/>
      </Unit74>
      <Unit75>
        <Filename Value="W:\programs\lazarus\ideintf\componenteditors.pas"/>
        <UnitName Value="ComponentEditors"/>
        <WindowIndex Value="0"/>
        <TopLine Value="1176"/>
        <CursorPos X="1" Y="1198"/>
        <UsageCount Value="12"/>
      </Unit75>
      <Unit76>
        <Filename Value="W:\programs\lazarus\lcl\forms.pp"/>
        <UnitName Value="Forms"/>
        <WindowIndex Value="0"/>
        <TopLine Value="1"/>
        <CursorPos X="1" Y="1"/>
        <UsageCount Value="13"/>
      </Unit76>
      <Unit77>
        <Filename Value="W:\programs\lazarus\ideintf\maskpropedit.pas"/>
        <ComponentName Value="MaskEditorForm"/>
        <HasResources Value="True"/>
        <ResourceBaseClass Value="Form"/>
        <UnitName Value="MaskPropEdit"/>
        <TopLine Value="63"/>
        <CursorPos X="33" Y="85"/>
        <UsageCount Value="12"/>
      </Unit77>
      <Unit78>
        <Filename Value="W:\programs\lazarus\components\synunihighlighter\synunireg.pas"/>
        <UnitName Value="SynUniReg"/>
        <TopLine Value="54"/>
        <CursorPos X="3" Y="63"/>
        <UsageCount Value="12"/>
      </Unit78>
      <Unit79>
        <Filename Value="W:\work\delphi\lib\Nova\NovaRegister.pas"/>
        <UnitName Value="NovaRegister"/>
        <TopLine Value="160"/>
        <CursorPos X="1" Y="175"/>
        <UsageCount Value="10"/>
      </Unit79>
      <Unit80>
        <Filename Value="W:\programs\lazarus\ide\editoroptions.pp"/>
        <UnitName Value="EditorOptions"/>
        <TopLine Value="2174"/>
        <CursorPos X="1" Y="2174"/>
        <UsageCount Value="10"/>
      </Unit80>
      <Unit81>
        <Filename Value="W:\programs\lazarus\ide\compileroptionsdlg.pp"/>
        <ComponentName Value="frmCompilerOptions"/>
        <HasResources Value="True"/>
        <ResourceBaseClass Value="Form"/>
        <UnitName Value="CompilerOptionsDlg"/>
        <TopLine Value="55"/>
        <CursorPos X="19" Y="67"/>
        <UsageCount Value="10"/>
      </Unit81>
      <Unit82>
        <Filename Value="W:\programs\lazarus\examples\notebooktest.pp"/>
        <UnitName Value="NotebookTest"/>
        <TopLine Value="20"/>
        <CursorPos X="35" Y="23"/>
        <UsageCount Value="10"/>
      </Unit82>
      <Unit83>
        <Filename Value="W:\programs\lazarus\lcl\interfaces\qt\qtwsextctrls.pp"/>
        <UnitName Value="QtWSExtCtrls"/>
        <TopLine Value="347"/>
        <CursorPos X="29" Y="360"/>
        <UsageCount Value="10"/>
      </Unit83>
      <Unit84>
        <Filename Value="W:\programs\lazarus\lcl\interfaces\carbon\carbonwscontrols.pp"/>
        <UnitName Value="CarbonWSControls"/>
        <TopLine Value="110"/>
        <CursorPos X="42" Y="122"/>
        <UsageCount Value="10"/>
      </Unit84>
      <Unit85>
        <Filename Value="W:\programs\lazarus\lcl\interfaces\qt\qtwscontrols.pp"/>
        <UnitName Value="QtWSControls"/>
        <TopLine Value="314"/>
        <CursorPos X="19" Y="326"/>
        <UsageCount Value="10"/>
      </Unit85>
      <Unit86>
        <Filename Value="W:\programs\lazarus\lcl\include\treeview.inc"/>
        <TopLine Value="4926"/>
        <CursorPos X="3" Y="4932"/>
        <UsageCount Value="11"/>
      </Unit86>
      <Unit87>
        <Filename Value="C:\Program Files\Borland\Delphi7\Source\Vcl\Controls.pas"/>
        <UnitName Value="Controls"/>
        <TopLine Value="830"/>
        <CursorPos X="22" Y="852"/>
        <UsageCount Value="10"/>
      </Unit87>
      <Unit88>
        <Filename Value="W:\programs\lazarus\lcl\include\customform.inc"/>
        <WindowIndex Value="0"/>
        <TopLine Value="1"/>
        <CursorPos X="1" Y="1"/>
        <UsageCount Value="11"/>
      </Unit88>
      <Unit89>
        <Filename Value="W:\programs\lazarus\examples\dockmanager\package\easydocksite.pas"/>
        <UnitName Value="EasyDockSite"/>
        <TopLine Value="191"/>
        <CursorPos X="29" Y="212"/>
        <UsageCount Value="10"/>
      </Unit89>
      <Unit90>
        <Filename Value="W:\programs\lazarus\lcl\lclmessageglue.pas"/>
        <UnitName Value="LCLMessageGlue"/>
        <TopLine Value="64"/>
        <CursorPos X="1" Y="64"/>
        <UsageCount Value="10"/>
      </Unit90>
      <Unit91>
        <Filename Value="W:\programs\lazarus\lcl\include\pagecontrol.inc"/>
        <TopLine Value="74"/>
        <CursorPos X="3" Y="77"/>
        <UsageCount Value="10"/>
      </Unit91>
      <Unit92>
        <Filename Value="W:\programs\lazarus\designer\objinspext.pas"/>
        <UnitName Value="ObjInspExt"/>
        <TopLine Value="22"/>
        <CursorPos X="19" Y="28"/>
        <UsageCount Value="11"/>
      </Unit92>
      <Unit93>
        <Filename Value="W:\programs\lazarus\ideintf\oifavouriteproperties.pas"/>
        <UnitName Value="OIFavouriteProperties"/>
        <TopLine Value="1"/>
        <CursorPos X="27" Y="14"/>
        <UsageCount Value="11"/>
      </Unit93>
      <Unit94>
        <Filename Value="V:\dev\lazarus-ccr\components\jvcllaz\run\JvExControls.pas"/>
        <UnitName Value="JvExControls"/>
        <TopLine Value="1022"/>
        <CursorPos X="72" Y="1041"/>
        <UsageCount Value="10"/>
      </Unit94>
      <Unit95>
        <Filename Value="V:\dev\lazarus-ccr\components\orpheus\o32vlop1.pas"/>
        <UnitName Value="o32vlop1"/>
        <TopLine Value="54"/>
        <CursorPos X="8" Y="75"/>
        <UsageCount Value="10"/>
      </Unit95>
      <Unit96>
        <Filename Value="V:\dev\lazarus-ccr\components\richmemo\win32\win32richmemo.pas"/>
        <UnitName Value="Win32RichMemo"/>
        <TopLine Value="128"/>
        <CursorPos X="18" Y="140"/>
        <UsageCount Value="10"/>
      </Unit96>
      <Unit97>
        <Filename Value="V:\dev\lazarus-ccr\components\rx\rxctrls.pas"/>
        <UnitName Value="rxctrls"/>
        <TopLine Value="2899"/>
        <CursorPos X="36" Y="2899"/>
        <UsageCount Value="10"/>
      </Unit97>
      <Unit98>
        <Filename Value="V:\dev\lazarus-ccr\components\virtualtreeview\virtualtrees.pas"/>
        <UnitName Value="VirtualTrees"/>
        <TopLine Value="2205"/>
        <CursorPos X="87" Y="2241"/>
        <UsageCount Value="10"/>
      </Unit98>
      <Unit99>
        <Filename Value="V:\dev\lazarus-ccr\components\virtualtreeview-new\VirtualTrees.pas"/>
        <UnitName Value="VirtualTrees"/>
        <TopLine Value="1"/>
        <CursorPos X="1" Y="1"/>
        <UsageCount Value="10"/>
      </Unit99>
      <Unit100>
        <Filename Value="V:\dev\lazarus-ccr\components\acs\Src\fileformats\windows\directdraw.pas"/>
        <UnitName Value="directdraw"/>
        <TopLine Value="3716"/>
        <CursorPos X="61" Y="3728"/>
        <UsageCount Value="10"/>
      </Unit100>
      <Unit101>
        <Filename Value="V:\dev\lazarus-ccr\components\gradcontrols\src\ugradtabcontrol.pas"/>
        <UnitName Value="ugradtabcontrol"/>
        <TopLine Value="2117"/>
        <CursorPos X="21" Y="2127"/>
        <UsageCount Value="10"/>
      </Unit101>
      <Unit102>
        <Filename Value="W:\programs\lazarus\lcl\lcltype.pp"/>
        <UnitName Value="LCLType"/>
        <TopLine Value="2344"/>
        <CursorPos X="10" Y="2365"/>
        <UsageCount Value="10"/>
      </Unit102>
      <Unit103>
        <Filename Value="W:\programs\lazarus\lcl\lclproc.pas"/>
        <UnitName Value="LCLProc"/>
        <TopLine Value="1491"/>
        <CursorPos X="1" Y="1491"/>
        <UsageCount Value="10"/>
      </Unit103>
      <Unit104>
        <Filename Value="W:\programs\lazarus\lcl\lclintf.pas"/>
        <UnitName Value="LCLIntf"/>
        <WindowIndex Value="0"/>
        <TopLine Value="1"/>
        <CursorPos X="1" Y="1"/>
        <UsageCount Value="10"/>
      </Unit104>
      <Unit105>
        <Filename Value="W:\programs\lazarus\components\turbopower_ipro\iphtml.pas"/>
        <UnitName Value="IpHtml"/>
        <WindowIndex Value="0"/>
        <TopLine Value="18501"/>
        <CursorPos X="3" Y="18503"/>
        <UsageCount Value="10"/>
      </Unit105>
      <Unit106>
        <Filename Value="W:\programs\lazarus\components\synedit\synedit.pp"/>
        <UnitName Value="SynEdit"/>
        <WindowIndex Value="0"/>
        <TopLine Value="4334"/>
        <CursorPos X="3" Y="4336"/>
        <UsageCount Value="10"/>
      </Unit106>
      <Unit107>
        <Filename Value="W:\programs\lazarus\lcl\nonwin32\messages.pp"/>
        <UnitName Value="Messages"/>
        <WindowIndex Value="0"/>
        <TopLine Value="33"/>
        <CursorPos X="49" Y="45"/>
        <UsageCount Value="10"/>
      </Unit107>
      <Unit108>
        <Filename Value="..\..\NativeLib.pas"/>
        <UnitName Value="NativeLib"/>
        <TopLine Value="1"/>
        <CursorPos X="1" Y="1"/>
        <UsageCount Value="10"/>
      </Unit108>
      <Unit109>
        <Filename Value="W:\programs\lazarus\lcl\interfaces\win32\win32winapih.inc"/>
        <WindowIndex Value="0"/>
        <TopLine Value="1"/>
        <CursorPos X="1" Y="1"/>
        <UsageCount Value="10"/>
      </Unit109>
      <Unit110>
        <Filename Value="W:\programs\lazarus\designer\designerprocs.pas"/>
        <UnitName Value="DesignerProcs"/>
        <WindowIndex Value="0"/>
        <TopLine Value="85"/>
        <CursorPos X="54" Y="89"/>
        <UsageCount Value="10"/>
      </Unit110>
    </Units>
    <JumpHistory Count="29" HistoryIndex="28">
      <Position1>
        <Filename Value="W:\programs\lazarus\designer\designer.pp"/>
        <Caret Line="1472" Column="8" TopLine="1451"/>
      </Position1>
      <Position2>
        <Filename Value="W:\programs\lazarus\designer\designer.pp"/>
        <Caret Line="1473" Column="8" TopLine="1451"/>
      </Position2>
      <Position3>
        <Filename Value="W:\programs\lazarus\designer\designer.pp"/>
        <Caret Line="1474" Column="8" TopLine="1451"/>
      </Position3>
      <Position4>
        <Filename Value="W:\programs\lazarus\designer\designer.pp"/>
        <Caret Line="1689" Column="24" TopLine="1668"/>
      </Position4>
      <Position5>
        <Filename Value="W:\programs\lazarus\designer\designer.pp"/>
        <Caret Line="1706" Column="33" TopLine="1668"/>
      </Position5>
      <Position6>
        <Filename Value="W:\programs\lazarus\designer\designer.pp"/>
        <Caret Line="2087" Column="1" TopLine="2061"/>
      </Position6>
      <Position7>
        <Filename Value="W:\programs\lazarus\designer\designer.pp"/>
        <Caret Line="1" Column="1" TopLine="1"/>
      </Position7>
      <Position8>
        <Filename Value="W:\programs\lazarus\designer\designer.pp"/>
        <Caret Line="40" Column="42" TopLine="1"/>
      </Position8>
      <Position9>
        <Filename Value="W:\programs\lazarus\designer\designer.pp"/>
        <Caret Line="48" Column="28" TopLine="27"/>
      </Position9>
      <Position10>
        <Filename Value="Unit1.pas"/>
        <Caret Line="1" Column="1" TopLine="1"/>
      </Position10>
      <Position11>
        <Filename Value="..\..\ntvPageControls.pas"/>
        <Caret Line="214" Column="15" TopLine="191"/>
      </Position11>
      <Position12>
        <Filename Value="..\..\ntvPageControls.pas"/>
        <Caret Line="1" Column="1" TopLine="1"/>
      </Position12>
      <Position13>
        <Filename Value="..\..\ntvPageControls.pas"/>
        <Caret Line="147" Column="65" TopLine="126"/>
      </Position13>
      <Position14>
        <Filename Value="..\..\ntvPageControls.pas"/>
        <Caret Line="148" Column="66" TopLine="126"/>
      </Position14>
      <Position15>
        <Filename Value="..\..\ntvPageControls.pas"/>
        <Caret Line="149" Column="15" TopLine="128"/>
      </Position15>
      <Position16>
        <Filename Value="..\..\ntvPageControls.pas"/>
        <Caret Line="1" Column="1" TopLine="1"/>
      </Position16>
      <Position17>
        <Filename Value="..\..\ntvPageControls.pas"/>
        <Caret Line="147" Column="65" TopLine="126"/>
      </Position17>
      <Position18>
        <Filename Value="..\..\ntvPageControls.pas"/>
        <Caret Line="148" Column="66" TopLine="126"/>
      </Position18>
      <Position19>
        <Filename Value="..\..\ntvPageControls.pas"/>
        <Caret Line="149" Column="74" TopLine="126"/>
      </Position19>
      <Position20>
        <Filename Value="..\..\ntvPageControls.pas"/>
        <Caret Line="2166" Column="1" TopLine="2124"/>
      </Position20>
      <Position21>
        <Filename Value="..\..\ntvPageControls.pas"/>
        <Caret Line="2144" Column="1" TopLine="2124"/>
      </Position21>
      <Position22>
        <Filename Value="..\..\ntvPageControls.pas"/>
        <Caret Line="1" Column="1" TopLine="1"/>
      </Position22>
      <Position23>
        <Filename Value="..\..\ntvPageControls.pas"/>
        <Caret Line="150" Column="79" TopLine="126"/>
      </Position23>
      <Position24>
        <Filename Value="W:\programs\lazarus\designer\designer.pp"/>
        <Caret Line="47" Column="16" TopLine="27"/>
      </Position24>
      <Position25>
        <Filename Value="W:\programs\lazarus\designer\designer.pp"/>
        <Caret Line="1757" Column="40" TopLine="1747"/>
      </Position25>
      <Position26>
        <Filename Value="..\..\ntvPageControls.pas"/>
        <Caret Line="1" Column="1" TopLine="1"/>
      </Position26>
      <Position27>
        <Filename Value="..\..\ntvPageControls.pas"/>
        <Caret Line="822" Column="59" TopLine="821"/>
      </Position27>
      <Position28>
        <Filename Value="W:\programs\lazarus\designer\designer.pp"/>
        <Caret Line="1759" Column="7" TopLine="1747"/>
      </Position28>
      <Position29>
        <Filename Value="Unit1.pas"/>
        <Caret Line="19" Column="42" TopLine="1"/>
      </Position29>
    </JumpHistory>
  </ProjectOptions>
  <CompilerOptions>
    <Version Value="8"/>
    <PathDelim Value="\"/>
    <SearchPaths>
      <IncludeFiles Value="$(ProjOutDir)\"/>
      <OtherUnitFiles Value="$(LazarusDir)\ideintf\units\$(TargetCPU)-$(TargetOS)\"/>
    </SearchPaths>
    <Linking>
      <Options>
        <Win32>
          <GraphicApplication Value="True"/>
        </Win32>
      </Options>
    </Linking>
    <Other>
      <CompilerPath Value="$(CompPath)"/>
    </Other>
  </CompilerOptions>
  <Debugging>
    <Exceptions Count="3">
      <Item1>
        <Name Value="EAbort"/>
      </Item1>
      <Item2>
        <Name Value="ECodetoolError"/>
      </Item2>
      <Item3>
        <Name Value="EFOpenError"/>
      </Item3>
    </Exceptions>
  </Debugging>
</CONFIG>
