<?xml version="1.0"?>
<CONFIG>
  <ProjectOptions>
    <Version Value="9"/>
    <PathDelim Value="\"/>
    <General>
      <MainUnit Value="0"/>
      <ResourceType Value="res"/>
      <UseXPManifest Value="True"/>
      <Icon Value="0"/>
      <ActiveWindowIndexAtStart Value="0"/>
    </General>
    <i18n>
      <EnableI18N LFM="False"/>
    </i18n>
    <VersionInfo>
      <StringTable ProductVersion=""/>
    </VersionInfo>
    <BuildModes Count="2" Active="wince">
      <Item1 Name="default" Default="True"/>
      <Item2 Name="wince">
        <CompilerOptions>
          <Version Value="11"/>
          <PathDelim Value="\"/>
          <Target>
            <Filename Value="minibidi_test"/>
          </Target>
          <SearchPaths>
            <IncludeFiles Value="$(ProjOutDir)"/>
            <OtherUnitFiles Value="W:\home\pascal\lib\minilib\Commons\;W:\home\pascal\lib\minilib\Unicodes\source\;W:\home\pascal\lib\minilib\MiniComm\source\;W:\home\pascal\lib\minilib\MiniComm\printers\escpos\;W:\home\pascal\lib\minilib\lib\"/>
            <UnitOutputDirectory Value="lib\$(TargetCPU)-$(TargetOS)"/>
          </SearchPaths>
          <CodeGeneration>
            <Checks>
              <IOChecks Value="True"/>
              <RangeChecks Value="True"/>
              <OverflowChecks Value="True"/>
              <StackChecks Value="True"/>
            </Checks>
          </CodeGeneration>
          <Linking>
            <Options>
              <Win32>
                <GraphicApplication Value="True"/>
              </Win32>
            </Options>
          </Linking>
          <Other>
            <CompilerMessages>
              <UseMsgFile Value="True"/>
            </CompilerMessages>
            <CompilerPath Value="$(CompPath)"/>
          </Other>
        </CompilerOptions>
      </Item2>
    </BuildModes>
    <PublishOptions>
      <Version Value="2"/>
      <IncludeFileFilter Value="*.(pas|pp|inc|lfm|lpr|lrs|lpi|lpk|sh|xml)"/>
      <ExcludeFileFilter Value="*.(bak|ppu|ppw|o|so);*~;backup"/>
    </PublishOptions>
    <RunParams>
      <local>
        <FormatVersion Value="1"/>
      </local>
    </RunParams>
    <RequiredPackages Count="1">
      <Item1>
        <PackageName Value="LCL"/>
      </Item1>
    </RequiredPackages>
    <Units Count="44">
      <Unit0>
        <Filename Value="minibidi_test.lpr"/>
        <IsPartOfProject Value="True"/>
        <UnitName Value="minibidi_test"/>
        <WindowIndex Value="0"/>
        <TopLine Value="1"/>
        <CursorPos X="40" Y="7"/>
        <UsageCount Value="129"/>
      </Unit0>
      <Unit1>
        <Filename Value="main.pas"/>
        <IsPartOfProject Value="True"/>
        <ComponentName Value="Form1"/>
        <ResourceBaseClass Value="Form"/>
        <UnitName Value="main"/>
        <EditorIndex Value="0"/>
        <WindowIndex Value="0"/>
        <TopLine Value="33"/>
        <CursorPos X="1" Y="54"/>
        <UsageCount Value="129"/>
        <Loaded Value="True"/>
      </Unit1>
      <Unit2>
        <Filename Value="V:\programs\FPC\2.4\src\rtl\inc\wstringh.inc"/>
        <WindowIndex Value="0"/>
        <TopLine Value="8"/>
        <CursorPos X="21" Y="44"/>
        <UsageCount Value="8"/>
      </Unit2>
      <Unit3>
        <Filename Value="..\..\lib\minibidi.pas"/>
        <UnitName Value="minibidi"/>
        <EditorIndex Value="1"/>
        <WindowIndex Value="0"/>
        <TopLine Value="1011"/>
        <CursorPos X="77" Y="1032"/>
        <ExtraEditorCount Value="1"/>
        <UsageCount Value="62"/>
        <Bookmarks Count="5">
          <Item0 X="1" Y="626" ID="0"/>
          <Item1 X="1" Y="853" ID="8"/>
          <Item2 X="1" Y="966" ID="7"/>
          <Item3 X="1" Y="184" ID="2"/>
          <Item4 X="16" Y="346" ID="1"/>
        </Bookmarks>
        <Loaded Value="True"/>
      </Unit3>
      <Unit4>
        <Filename Value="W:\programs\lazarus\lcl\include\customlistbox.inc"/>
        <WindowIndex Value="0"/>
        <TopLine Value="1"/>
        <CursorPos X="12" Y="10"/>
        <UsageCount Value="8"/>
      </Unit4>
      <Unit5>
        <Filename Value="V:\programs\FPC\2.4\src\rtl\inc\systemh.inc"/>
        <WindowIndex Value="0"/>
        <TopLine Value="580"/>
        <CursorPos X="10" Y="587"/>
        <UsageCount Value="21"/>
      </Unit5>
      <Unit6>
        <Filename Value="..\..\lib\doc\minibidi.c"/>
        <WindowIndex Value="0"/>
        <TopLine Value="1578"/>
        <CursorPos X="79" Y="1589"/>
        <UsageCount Value="54"/>
        <DefaultSyntaxHighlighter Value="C++"/>
      </Unit6>
      <Unit7>
        <Filename Value="..\..\lib\doc\minibidi.google.c"/>
        <WindowIndex Value="0"/>
        <TopLine Value="1050"/>
        <CursorPos X="10" Y="1061"/>
        <UsageCount Value="44"/>
        <DefaultSyntaxHighlighter Value="C++"/>
      </Unit7>
      <Unit8>
        <Filename Value="V:\programs\FPC\2.4\src\rtl\inc\heaph.inc"/>
        <WindowIndex Value="0"/>
        <TopLine Value="1"/>
        <CursorPos X="1" Y="1"/>
        <UsageCount Value="4"/>
      </Unit8>
      <Unit9>
        <Filename Value="V:\programs\FPC\2.4\src\rtl\inc\heap.inc"/>
        <WindowIndex Value="0"/>
        <TopLine Value="274"/>
        <CursorPos X="28" Y="277"/>
        <UsageCount Value="4"/>
      </Unit9>
      <Unit10>
        <Filename Value="E:\Shared\minibidi\scripts\mini_condense.pl"/>
        <WindowIndex Value="0"/>
        <TopLine Value="1"/>
        <CursorPos X="1" Y="3"/>
        <UsageCount Value="4"/>
        <DefaultSyntaxHighlighter Value="Perl"/>
      </Unit10>
      <Unit11>
        <Filename Value="E:\Shared\minibidi\scripts\mini_mirror.pl"/>
        <WindowIndex Value="0"/>
        <TopLine Value="1"/>
        <CursorPos X="1" Y="16"/>
        <UsageCount Value="4"/>
        <DefaultSyntaxHighlighter Value="Perl"/>
      </Unit11>
      <Unit12>
        <Filename Value="E:\Shared\minibidi\README"/>
        <WindowIndex Value="0"/>
        <TopLine Value="1"/>
        <CursorPos X="32" Y="9"/>
        <UsageCount Value="5"/>
        <DefaultSyntaxHighlighter Value="None"/>
      </Unit12>
      <Unit13>
        <Filename Value="V:\programs\FPC\2.4\src\rtl\win32\windows.pp"/>
        <UnitName Value="windows"/>
        <WindowIndex Value="0"/>
        <TopLine Value="1"/>
        <CursorPos X="1" Y="1"/>
        <UsageCount Value="6"/>
      </Unit13>
      <Unit14>
        <Filename Value="..\..\lib\doc\minibidi\README"/>
        <WindowIndex Value="0"/>
        <TopLine Value="96"/>
        <CursorPos X="1" Y="96"/>
        <UsageCount Value="7"/>
        <DefaultSyntaxHighlighter Value="None"/>
      </Unit14>
      <Unit15>
        <Filename Value="V:\programs\FPC\2.4\src\rtl\inc\generic.inc"/>
        <WindowIndex Value="0"/>
        <TopLine Value="1452"/>
        <CursorPos X="4" Y="1454"/>
        <UsageCount Value="21"/>
      </Unit15>
      <Unit16>
        <Filename Value="V:\programs\FPC\2.4\src\packages\gtk2\src\gtk+\gdk\gdkkeysyms.inc"/>
        <WindowIndex Value="0"/>
        <TopLine Value="1"/>
        <CursorPos X="35" Y="12"/>
        <UsageCount Value="9"/>
      </Unit16>
      <Unit17>
        <Filename Value="..\fribidi\fribidi.c"/>
        <WindowIndex Value="0"/>
        <TopLine Value="63"/>
        <CursorPos X="30" Y="79"/>
        <UsageCount Value="17"/>
        <DefaultSyntaxHighlighter Value="C++"/>
      </Unit17>
      <Unit18>
        <Filename Value="..\fribidi\fribidi.h"/>
        <WindowIndex Value="0"/>
        <TopLine Value="31"/>
        <CursorPos X="11" Y="45"/>
        <UsageCount Value="17"/>
        <DefaultSyntaxHighlighter Value="C++"/>
      </Unit18>
      <Unit19>
        <Filename Value="W:\work\delphi\jobs\sahlisoft_2\languages\Arabic\mpos.po"/>
        <WindowIndex Value="0"/>
        <TopLine Value="956"/>
        <CursorPos X="29" Y="998"/>
        <UsageCount Value="11"/>
        <DefaultSyntaxHighlighter Value="None"/>
      </Unit19>
      <Unit20>
        <Filename Value="W:\work\delphi\jobs\sahlisoft_2\languages\English\mpos.po"/>
        <WindowIndex Value="0"/>
        <TopLine Value="956"/>
        <CursorPos X="22" Y="997"/>
        <UsageCount Value="11"/>
        <DefaultSyntaxHighlighter Value="None"/>
      </Unit20>
      <Unit21>
        <Filename Value="W:\work\delphi\jobs\sahlisoft_2\source\gadgets\lib\mposFPCStrings.inc"/>
        <WindowIndex Value="0"/>
        <TopLine Value="240"/>
        <CursorPos X="39" Y="255"/>
        <UsageCount Value="11"/>
      </Unit21>
      <Unit22>
        <Filename Value="V:\programs\FPC\2.4\src\packages\fcl-image\src\ftfont.pp"/>
        <UnitName Value="ftfont"/>
        <WindowIndex Value="0"/>
        <TopLine Value="212"/>
        <CursorPos X="32" Y="238"/>
        <UsageCount Value="10"/>
      </Unit22>
      <Unit23>
        <Filename Value="V:\programs\FPC\2.4\src\packages\fcl-image\src\freetype.pp"/>
        <UnitName Value="freetype"/>
        <WindowIndex Value="0"/>
        <TopLine Value="634"/>
        <CursorPos X="3" Y="634"/>
        <UsageCount Value="10"/>
      </Unit23>
      <Unit24>
        <Filename Value="V:\programs\FPC\2.4\src\packages\libndsfpc\examples\graphics\Printing\custom_font\CustomFont.pp"/>
        <UnitName Value="custom_font"/>
        <WindowIndex Value="0"/>
        <TopLine Value="1"/>
        <CursorPos X="15" Y="7"/>
        <UsageCount Value="10"/>
      </Unit24>
      <Unit25>
        <Filename Value="V:\programs\FPC\2.4\src\rtl\inc\ctypes.pp"/>
        <UnitName Value="ctypes"/>
        <WindowIndex Value="0"/>
        <TopLine Value="1"/>
        <CursorPos X="1" Y="1"/>
        <UsageCount Value="10"/>
      </Unit25>
      <Unit26>
        <Filename Value="V:\programs\FPC\2.4\src\packages\xforms\examples\fonts.pp"/>
        <UnitName Value="fonts"/>
        <TopLine Value="65"/>
        <CursorPos X="1" Y="65"/>
        <UsageCount Value="10"/>
      </Unit26>
      <Unit27>
        <Filename Value="V:\programs\FPC\2.4\src\packages\univint\src\Fonts.pas"/>
        <UnitName Value="Fonts"/>
        <WindowIndex Value="0"/>
        <TopLine Value="190"/>
        <CursorPos X="1" Y="211"/>
        <UsageCount Value="10"/>
      </Unit27>
      <Unit28>
        <Filename Value="V:\programs\FPC\2.4\src\packages\libndsfpc\src\nds9.pp"/>
        <UnitName Value="nds9"/>
        <WindowIndex Value="0"/>
        <TopLine Value="1"/>
        <CursorPos X="38" Y="9"/>
        <UsageCount Value="10"/>
      </Unit28>
      <Unit29>
        <Filename Value="P:\programs\fpc\2.6\src\rtl\objpas\objpas.pp"/>
        <UnitName Value="objpas"/>
        <WindowIndex Value="0"/>
        <TopLine Value="12"/>
        <CursorPos X="28" Y="26"/>
        <UsageCount Value="12"/>
      </Unit29>
      <Unit30>
        <Filename Value="P:\programs\fpc\2.6\src\rtl\inc\systemh.inc"/>
        <EditorIndex Value="7"/>
        <WindowIndex Value="0"/>
        <TopLine Value="360"/>
        <CursorPos X="3" Y="372"/>
        <UsageCount Value="18"/>
        <Loaded Value="True"/>
      </Unit30>
      <Unit31>
        <Filename Value="C:\Temp\curr.pas"/>
        <UnitName Value="test_abs_curr"/>
        <WindowIndex Value="0"/>
        <TopLine Value="1"/>
        <CursorPos X="11" Y="9"/>
        <UsageCount Value="12"/>
      </Unit31>
      <Unit32>
        <Filename Value="P:\programs\fpc\2.6\src\rtl\inc\mathh.inc"/>
        <WindowIndex Value="0"/>
        <TopLine Value="56"/>
        <CursorPos X="26" Y="70"/>
        <UsageCount Value="12"/>
      </Unit32>
      <Unit33>
        <Filename Value="..\..\lib\minibidi.inc"/>
        <IsVisibleTab Value="True"/>
        <EditorIndex Value="5"/>
        <WindowIndex Value="0"/>
        <TopLine Value="841"/>
        <CursorPos X="85" Y="863"/>
        <UsageCount Value="16"/>
        <Bookmarks Count="1">
          <Item0 X="5" Y="846" ID="9"/>
        </Bookmarks>
        <Loaded Value="True"/>
      </Unit33>
      <Unit34>
        <Filename Value="..\..\unicodes\doc\bidiassist.c"/>
        <EditorIndex Value="6"/>
        <WindowIndex Value="0"/>
        <TopLine Value="415"/>
        <CursorPos X="1" Y="457"/>
        <UsageCount Value="11"/>
        <Loaded Value="True"/>
        <DefaultSyntaxHighlighter Value="C++"/>
      </Unit34>
      <Unit35>
        <Filename Value="..\..\lib\doc\unicode\readme.txt"/>
        <EditorIndex Value="2"/>
        <WindowIndex Value="0"/>
        <TopLine Value="1"/>
        <CursorPos X="1" Y="1"/>
        <UsageCount Value="10"/>
        <Loaded Value="True"/>
        <DefaultSyntaxHighlighter Value="None"/>
      </Unit35>
      <Unit36>
        <Filename Value="..\..\lib\doc\unicode\bidi.cpp"/>
        <EditorIndex Value="3"/>
        <WindowIndex Value="0"/>
        <TopLine Value="1438"/>
        <CursorPos X="41" Y="1453"/>
        <UsageCount Value="10"/>
        <Loaded Value="True"/>
        <DefaultSyntaxHighlighter Value="C++"/>
      </Unit36>
      <Unit37>
        <Filename Value="..\..\lib\doc\minibidi\scripts\mini_mirror.pl"/>
        <EditorIndex Value="4"/>
        <WindowIndex Value="0"/>
        <TopLine Value="1"/>
        <CursorPos X="23" Y="26"/>
        <UsageCount Value="10"/>
        <Loaded Value="True"/>
        <DefaultSyntaxHighlighter Value="Perl"/>
      </Unit37>
      <Unit38>
        <Filename Value="..\..\lib\doc\minibidi\scripts\mini_condense.pl"/>
        <WindowIndex Value="0"/>
        <TopLine Value="161"/>
        <CursorPos X="14" Y="203"/>
        <UsageCount Value="10"/>
        <DefaultSyntaxHighlighter Value="Perl"/>
      </Unit38>
      <Unit39>
        <Filename Value="..\..\lib\doc\minibidi\minitests.txt"/>
        <WindowIndex Value="0"/>
        <TopLine Value="1"/>
        <CursorPos X="1" Y="1"/>
        <UsageCount Value="10"/>
        <DefaultSyntaxHighlighter Value="None"/>
      </Unit39>
      <Unit40>
        <Filename Value="..\..\lib\doc\fribidi\fribidi_mirroring.c"/>
        <EditorIndex Value="8"/>
        <WindowIndex Value="0"/>
        <TopLine Value="26"/>
        <CursorPos X="1" Y="32"/>
        <UsageCount Value="10"/>
        <Loaded Value="True"/>
        <DefaultSyntaxHighlighter Value="C++"/>
      </Unit40>
      <Unit41>
        <Filename Value="..\..\lib\doc\fribidi\fribidi_tab_mirroring.i"/>
        <EditorIndex Value="11"/>
        <WindowIndex Value="0"/>
        <TopLine Value="350"/>
        <CursorPos X="26" Y="392"/>
        <UsageCount Value="10"/>
        <Loaded Value="True"/>
        <DefaultSyntaxHighlighter Value="None"/>
      </Unit41>
      <Unit42>
        <Filename Value="..\..\lib\doc\fribidi\fribidi_create_mirroring.c"/>
        <EditorIndex Value="9"/>
        <WindowIndex Value="0"/>
        <TopLine Value="99"/>
        <CursorPos X="1" Y="141"/>
        <UsageCount Value="10"/>
        <Loaded Value="True"/>
        <DefaultSyntaxHighlighter Value="C++"/>
      </Unit42>
      <Unit43>
        <Filename Value="..\..\lib\doc\fribidi\fribidi_char_sets_iso8859_6.c"/>
        <EditorIndex Value="10"/>
        <WindowIndex Value="0"/>
        <TopLine Value="34"/>
        <CursorPos X="19" Y="69"/>
        <UsageCount Value="10"/>
        <Loaded Value="True"/>
        <DefaultSyntaxHighlighter Value="C++"/>
      </Unit43>
    </Units>
    <JumpHistory Count="30" HistoryIndex="29">
      <Position1>
        <Filename Value="..\..\lib\minibidi.pas"/>
        <Caret Line="342" Column="1" TopLine="317"/>
      </Position1>
      <Position2>
        <Filename Value="..\..\lib\minibidi.pas"/>
        <Caret Line="343" Column="1" TopLine="317"/>
      </Position2>
      <Position3>
        <Filename Value="..\..\lib\minibidi.pas"/>
        <Caret Line="345" Column="1" TopLine="317"/>
      </Position3>
      <Position4>
        <Filename Value="..\..\lib\minibidi.pas"/>
        <Caret Line="346" Column="1" TopLine="317"/>
      </Position4>
      <Position5>
        <Filename Value="..\..\lib\minibidi.pas"/>
        <Caret Line="342" Column="1" TopLine="317"/>
      </Position5>
      <Position6>
        <Filename Value="..\..\lib\minibidi.pas"/>
        <Caret Line="343" Column="1" TopLine="317"/>
      </Position6>
      <Position7>
        <Filename Value="..\..\lib\minibidi.pas"/>
        <Caret Line="345" Column="1" TopLine="317"/>
      </Position7>
      <Position8>
        <Filename Value="..\..\lib\minibidi.pas"/>
        <Caret Line="346" Column="1" TopLine="317"/>
      </Position8>
      <Position9>
        <Filename Value="..\..\lib\minibidi.pas"/>
        <Caret Line="353" Column="1" TopLine="318"/>
      </Position9>
      <Position10>
        <Filename Value="..\..\lib\minibidi.pas"/>
        <Caret Line="1059" Column="1" TopLine="1038"/>
      </Position10>
      <Position11>
        <Filename Value="..\..\lib\minibidi.pas"/>
        <Caret Line="1091" Column="1" TopLine="1070"/>
      </Position11>
      <Position12>
        <Filename Value="..\..\lib\minibidi.pas"/>
        <Caret Line="1042" Column="1" TopLine="1021"/>
      </Position12>
      <Position13>
        <Filename Value="..\..\lib\minibidi.pas"/>
        <Caret Line="1042" Column="7" TopLine="1021"/>
      </Position13>
      <Position14>
        <Filename Value="..\..\lib\minibidi.pas"/>
        <Caret Line="1040" Column="1" TopLine="1021"/>
      </Position14>
      <Position15>
        <Filename Value="..\..\lib\minibidi.pas"/>
        <Caret Line="126" Column="1" TopLine="105"/>
      </Position15>
      <Position16>
        <Filename Value="main.pas"/>
        <Caret Line="54" Column="1" TopLine="33"/>
      </Position16>
      <Position17>
        <Filename Value="..\..\lib\minibidi.pas"/>
        <Caret Line="1041" Column="9" TopLine="1019"/>
      </Position17>
      <Position18>
        <Filename Value="..\..\lib\minibidi.pas"/>
        <Caret Line="342" Column="33" TopLine="313"/>
      </Position18>
      <Position19>
        <Filename Value="..\..\lib\minibidi.pas"/>
        <Caret Line="343" Column="18" TopLine="313"/>
      </Position19>
      <Position20>
        <Filename Value="..\..\lib\minibidi.pas"/>
        <Caret Line="345" Column="23" TopLine="313"/>
      </Position20>
      <Position21>
        <Filename Value="..\..\lib\minibidi.pas"/>
        <Caret Line="347" Column="23" TopLine="313"/>
      </Position21>
      <Position22>
        <Filename Value="..\..\lib\minibidi.pas"/>
        <Caret Line="349" Column="17" TopLine="314"/>
      </Position22>
      <Position23>
        <Filename Value="..\..\lib\minibidi.pas"/>
        <Caret Line="1032" Column="48" TopLine="997"/>
      </Position23>
      <Position24>
        <Filename Value="..\..\lib\minibidi.pas"/>
        <Caret Line="1033" Column="26" TopLine="998"/>
      </Position24>
      <Position25>
        <Filename Value="..\..\lib\minibidi.pas"/>
        <Caret Line="1041" Column="9" TopLine="1011"/>
      </Position25>
      <Position26>
        <Filename Value="..\..\lib\doc\unicode\bidi.cpp"/>
        <Caret Line="2183" Column="35" TopLine="2141"/>
      </Position26>
      <Position27>
        <Filename Value="..\..\lib\doc\unicode\bidi.cpp"/>
        <Caret Line="1" Column="1" TopLine="1"/>
      </Position27>
      <Position28>
        <Filename Value="..\..\lib\doc\minibidi\scripts\mini_mirror.pl"/>
        <Caret Line="1" Column="1" TopLine="1"/>
      </Position28>
      <Position29>
        <Filename Value="..\..\lib\doc\fribidi\fribidi_tab_mirroring.i"/>
        <Caret Line="392" Column="8" TopLine="350"/>
      </Position29>
      <Position30>
        <Filename Value="..\..\lib\doc\fribidi\fribidi_char_sets_iso8859_6.c"/>
        <Caret Line="1" Column="1" TopLine="1"/>
      </Position30>
    </JumpHistory>
  </ProjectOptions>
  <CompilerOptions>
    <Version Value="11"/>
    <PathDelim Value="\"/>
    <Target>
      <Filename Value="minibidi_test"/>
    </Target>
    <SearchPaths>
      <IncludeFiles Value="$(ProjOutDir)"/>
      <OtherUnitFiles Value="W:\home\pascal\lib\minilib\Commons\;W:\home\pascal\lib\minilib\Unicodes\source\;W:\home\pascal\lib\minilib\MiniComm\source\;W:\home\pascal\lib\minilib\MiniComm\printers\escpos\;W:\home\pascal\lib\minilib\lib\"/>
      <UnitOutputDirectory Value="lib\$(TargetCPU)-$(TargetOS)"/>
    </SearchPaths>
    <CodeGeneration>
      <Checks>
        <IOChecks Value="True"/>
        <RangeChecks Value="True"/>
        <OverflowChecks Value="True"/>
        <StackChecks Value="True"/>
      </Checks>
    </CodeGeneration>
    <Linking>
      <Options>
        <Win32>
          <GraphicApplication Value="True"/>
        </Win32>
      </Options>
    </Linking>
    <Other>
      <CompilerMessages>
        <UseMsgFile Value="True"/>
      </CompilerMessages>
      <CompilerPath Value="$(CompPath)"/>
    </Other>
  </CompilerOptions>
  <Debugging>
    <BreakPoints Count="2">
      <Item1>
        <Kind Value="bpkSource"/>
        <WatchScope Value="wpsLocal"/>
        <WatchKind Value="wpkWrite"/>
        <Source Value="..\..\lib\minibidi.pas"/>
        <Line Value="349"/>
      </Item1>
      <Item2>
        <Kind Value="bpkSource"/>
        <WatchScope Value="wpsLocal"/>
        <WatchKind Value="wpkWrite"/>
        <Source Value="..\..\lib\minibidi.pas"/>
        <Line Value="338"/>
      </Item2>
    </BreakPoints>
    <Watches Count="3">
      <Item1>
        <Expression Value="Levels[0]"/>
      </Item1>
      <Item2>
        <Expression Value="the"/>
      </Item2>
      <Item3>
        <Expression Value="Types^"/>
      </Item3>
    </Watches>
    <Exceptions Count="3">
      <Item1>
        <Name Value="EAbort"/>
      </Item1>
      <Item2>
        <Name Value="ECodetoolError"/>
      </Item2>
      <Item3>
        <Name Value="EFOpenError"/>
      </Item3>
    </Exceptions>
  </Debugging>
</CONFIG>
