<?xml version="1.0"?>
<CONFIG>
  <ProjectOptions>
    <PathDelim Value="\"/>
    <Version Value="7"/>
    <General>
      <MainUnit Value="0"/>
      <TargetFileExt Value=".exe"/>
      <UseAppBundle Value="False"/>
      <Icon Value="0"/>
      <ActiveEditorIndexAtStart Value="2"/>
    </General>
    <VersionInfo>
      <ProjectVersion Value=""/>
    </VersionInfo>
    <PublishOptions>
      <Version Value="2"/>
      <IgnoreBinaries Value="False"/>
      <IncludeFileFilter Value="*.(pas|pp|inc|lfm|lpr|lrs|lpi|lpk|sh|xml)"/>
      <ExcludeFileFilter Value="*.(bak|ppu|ppw|o|so);*~;backup"/>
    </PublishOptions>
    <RunParams>
      <local>
        <FormatVersion Value="1"/>
        <LaunchingApplication PathPlusParams="/usr/X11R6/bin/xterm -T 'Lazarus Run Output' -e $(LazarusDir)/tools/runwait.sh $(TargetCmdLine)"/>
      </local>
    </RunParams>
    <RequiredPackages Count="1">
      <Item1>
        <PackageName Value="LCL"/>
      </Item1>
    </RequiredPackages>
    <Units Count="92">
      <Unit0>
        <Filename Value="Translator.lpr"/>
        <IsPartOfProject Value="True"/>
        <CursorPos X="1" Y="1"/>
        <TopLine Value="1"/>
        <EditorIndex Value="1"/>
        <UsageCount Value="86"/>
        <Loaded Value="True"/>
      </Unit0>
      <Unit1>
        <Filename Value="AboutForms.pas"/>
        <IsPartOfProject Value="True"/>
        <ComponentName Value="AboutForm"/>
        <HasResources Value="True"/>
        <ResourceBaseClass Value="Form"/>
        <UnitName Value="AboutForms"/>
        <CursorPos X="1" Y="1"/>
        <TopLine Value="1"/>
        <UsageCount Value="86"/>
      </Unit1>
      <Unit2>
        <Filename Value="LogForms.pas"/>
        <IsPartOfProject Value="True"/>
        <ComponentName Value="LogForm"/>
        <HasResources Value="True"/>
        <ResourceBaseClass Value="Form"/>
        <UnitName Value="LogForms"/>
        <CursorPos X="20" Y="50"/>
        <TopLine Value="9"/>
        <UsageCount Value="86"/>
      </Unit2>
      <Unit3>
        <Filename Value="OptionForms.pas"/>
        <IsPartOfProject Value="True"/>
        <ComponentName Value="OptionsForm"/>
        <HasResources Value="True"/>
        <ResourceBaseClass Value="Form"/>
        <UnitName Value="OptionForms"/>
        <CursorPos X="1" Y="1"/>
        <TopLine Value="1"/>
        <UsageCount Value="86"/>
      </Unit3>
      <Unit4>
        <Filename Value="Setups.pas"/>
        <IsPartOfProject Value="True"/>
        <ComponentName Value="SetupForm"/>
        <HasResources Value="True"/>
        <ResourceBaseClass Value="Form"/>
        <UnitName Value="Setups"/>
        <CursorPos X="1" Y="1"/>
        <TopLine Value="1"/>
        <UsageCount Value="59"/>
        <Bookmarks Count="1">
          <Item0 X="1" Y="75" ID="1"/>
        </Bookmarks>
      </Unit4>
      <Unit5>
        <Filename Value="TrasnlatorClassForms.pas"/>
        <ComponentName Value="TrasnlatorClassForm"/>
        <HasResources Value="True"/>
        <ResourceBaseClass Value="Form"/>
        <UnitName Value="TrasnlatorClassForms"/>
        <CursorPos X="1" Y="1"/>
        <TopLine Value="1"/>
        <UsageCount Value="22"/>
      </Unit5>
      <Unit6>
        <Filename Value="Main.pas"/>
        <IsPartOfProject Value="True"/>
        <ComponentName Value="MainForm"/>
        <HasResources Value="True"/>
        <ResourceBaseClass Value="Form"/>
        <UnitName Value="Main"/>
        <CursorPos X="3" Y="30"/>
        <TopLine Value="1"/>
        <UsageCount Value="86"/>
        <Bookmarks Count="1">
          <Item0 X="3" Y="1188" ID="2"/>
        </Bookmarks>
      </Unit6>
      <Unit7>
        <Filename Value="Main.lfm"/>
        <CursorPos X="19" Y="572"/>
        <TopLine Value="554"/>
        <UsageCount Value="5"/>
        <SyntaxHighlighter Value="LFM"/>
      </Unit7>
      <Unit8>
        <Filename Value="..\..\clean.cmd"/>
        <CursorPos X="72" Y="1"/>
        <TopLine Value="1"/>
        <UsageCount Value="5"/>
        <SyntaxHighlighter Value="None"/>
      </Unit8>
      <Unit9>
        <Filename Value="..\..\..\miniSQLViewer\clean.cmd"/>
        <CursorPos X="1" Y="2"/>
        <TopLine Value="1"/>
        <UsageCount Value="5"/>
        <SyntaxHighlighter Value="None"/>
      </Unit9>
      <Unit10>
        <Filename Value="TranslatorProjects.pas"/>
        <UnitName Value="TranslatorProjects"/>
        <CursorPos X="40" Y="55"/>
        <TopLine Value="34"/>
        <UsageCount Value="8"/>
      </Unit10>
      <Unit11>
        <Filename Value="..\..\release.cmd"/>
        <CursorPos X="10" Y="1"/>
        <TopLine Value="1"/>
        <UsageCount Value="5"/>
        <SyntaxHighlighter Value="None"/>
      </Unit11>
      <Unit12>
        <Filename Value="..\..\backup.cmd"/>
        <CursorPos X="1" Y="1"/>
        <TopLine Value="1"/>
        <UsageCount Value="5"/>
        <SyntaxHighlighter Value="None"/>
      </Unit12>
      <Unit13>
        <Filename Value="..\..\source.lst"/>
        <CursorPos X="1" Y="1"/>
        <TopLine Value="1"/>
        <UsageCount Value="5"/>
        <SyntaxHighlighter Value="None"/>
      </Unit13>
      <Unit14>
        <Filename Value="..\..\compile.cmd"/>
        <CursorPos X="1" Y="1"/>
        <TopLine Value="1"/>
        <UsageCount Value="5"/>
        <SyntaxHighlighter Value="None"/>
      </Unit14>
      <Unit15>
        <Filename Value="..\..\extra.cfg"/>
        <CursorPos X="4" Y="31"/>
        <TopLine Value="10"/>
        <UsageCount Value="5"/>
        <SyntaxHighlighter Value="None"/>
      </Unit15>
      <Unit16>
        <Filename Value="..\..\..\..\..\MiniTranslator\source\LangClasses.pas"/>
        <UnitName Value="LangClasses"/>
        <CursorPos X="3" Y="759"/>
        <TopLine Value="754"/>
        <UsageCount Value="30"/>
        <Bookmarks Count="1">
          <Item0 X="5" Y="213" ID="3"/>
        </Bookmarks>
      </Unit16>
      <Unit17>
        <Filename Value="..\..\..\..\..\MiniTranslator\source\LangUtils.pas"/>
        <UnitName Value="LangUtils"/>
        <CursorPos X="1" Y="1"/>
        <TopLine Value="1"/>
        <UsageCount Value="18"/>
      </Unit17>
      <Unit18>
        <Filename Value="..\..\..\..\..\MiniXml\source\mnXMLRttiProfile.pas"/>
        <UnitName Value="mnXMLRttiProfile"/>
        <CursorPos X="53" Y="189"/>
        <TopLine Value="168"/>
        <EditorIndex Value="3"/>
        <UsageCount Value="10"/>
        <Loaded Value="True"/>
      </Unit18>
      <Unit19>
        <Filename Value="..\..\oldTranslator\source\mnGetText.pas"/>
        <UnitName Value="mnGetText"/>
        <CursorPos X="1" Y="22"/>
        <TopLine Value="22"/>
        <UsageCount Value="5"/>
      </Unit19>
      <Unit20>
        <Filename Value="..\..\oldTranslator\source\mnTranslatorClasses.pas"/>
        <UnitName Value="mnTranslatorClasses"/>
        <CursorPos X="7" Y="881"/>
        <TopLine Value="870"/>
        <UsageCount Value="12"/>
      </Unit20>
      <Unit21>
        <Filename Value="..\..\..\..\..\MiniTranslator\source\FLAT_Languages.pas"/>
        <UnitName Value="RST_Languages"/>
        <CursorPos X="1" Y="1"/>
        <TopLine Value="1"/>
        <UsageCount Value="5"/>
      </Unit21>
      <Unit22>
        <Filename Value="..\..\..\..\..\MiniTranslator\source\PO_Languages.pas"/>
        <UnitName Value="PO_Languages"/>
        <CursorPos X="60" Y="207"/>
        <TopLine Value="186"/>
        <UsageCount Value="28"/>
      </Unit22>
      <Unit23>
        <Filename Value="..\..\..\..\..\..\..\..\..\programs\fpc\src\rtl\objpas\classes\classesh.inc"/>
        <CursorPos X="15" Y="532"/>
        <TopLine Value="511"/>
        <UsageCount Value="12"/>
      </Unit23>
      <Unit24>
        <Filename Value="..\..\..\..\..\..\..\..\..\programs\fpc\src\rtl\objpas\classes\cregist.inc"/>
        <CursorPos X="9" Y="228"/>
        <TopLine Value="186"/>
        <UsageCount Value="5"/>
      </Unit24>
      <Unit25>
        <Filename Value="AboutForms.lrs"/>
        <CursorPos X="1" Y="1"/>
        <TopLine Value="1"/>
        <UsageCount Value="5"/>
      </Unit25>
      <Unit26>
        <Filename Value="Main.lrs"/>
        <CursorPos X="1" Y="1"/>
        <TopLine Value="1"/>
        <UsageCount Value="5"/>
      </Unit26>
      <Unit27>
        <Filename Value="..\..\..\..\..\..\..\..\..\programs\lazarus\lcl\dialogs.pp"/>
        <UnitName Value="Dialogs"/>
        <CursorPos X="1" Y="2"/>
        <TopLine Value="1"/>
        <UsageCount Value="5"/>
      </Unit27>
      <Unit28>
        <Filename Value="..\..\..\..\..\MiniXml\source\mnXMLUtils.pas"/>
        <UnitName Value="mnXMLUtils"/>
        <CursorPos X="1" Y="17"/>
        <TopLine Value="1"/>
        <UsageCount Value="10"/>
      </Unit28>
      <Unit29>
        <Filename Value="..\..\..\..\..\..\..\..\..\programs\fpc\src\rtl\objpas\strutils.pp"/>
        <UnitName Value="strutils"/>
        <CursorPos X="18" Y="174"/>
        <TopLine Value="148"/>
        <UsageCount Value="5"/>
      </Unit29>
      <Unit30>
        <Filename Value="..\..\..\..\..\..\..\..\..\programs\lazarus\lcl\forms.pp"/>
        <UnitName Value="Forms"/>
        <CursorPos X="1" Y="1825"/>
        <TopLine Value="1804"/>
        <UsageCount Value="5"/>
      </Unit30>
      <Unit31>
        <Filename Value="NewProjectForms.lrs"/>
        <CursorPos X="1" Y="1"/>
        <TopLine Value="1"/>
        <UsageCount Value="5"/>
      </Unit31>
      <Unit32>
        <Filename Value="NewProjectForms.lfm"/>
        <CursorPos X="1" Y="1"/>
        <TopLine Value="1"/>
        <UsageCount Value="5"/>
        <SyntaxHighlighter Value="LFM"/>
      </Unit32>
      <Unit33>
        <Filename Value="NewProjectForms.pas"/>
        <IsPartOfProject Value="True"/>
        <ComponentName Value="NewProjectForm"/>
        <HasResources Value="True"/>
        <ResourceBaseClass Value="Form"/>
        <UnitName Value="NewProjectForms"/>
        <CursorPos X="15" Y="53"/>
        <TopLine Value="38"/>
        <UsageCount Value="72"/>
      </Unit33>
      <Unit34>
        <Filename Value="..\lib\trsProjects.pas"/>
        <IsPartOfProject Value="True"/>
        <UnitName Value="trsProjects"/>
        <CursorPos X="1" Y="168"/>
        <TopLine Value="147"/>
        <UsageCount Value="78"/>
      </Unit34>
      <Unit35>
        <Filename Value="..\lib\trsClasses.pas"/>
        <IsPartOfProject Value="True"/>
        <UnitName Value="trsClasses"/>
        <CursorPos X="59" Y="246"/>
        <TopLine Value="225"/>
        <UsageCount Value="78"/>
      </Unit35>
      <Unit36>
        <Filename Value="..\..\..\..\..\..\..\..\..\programs\fpc\src\packages\fcl-base\src\contnrs.pp"/>
        <UnitName Value="contnrs"/>
        <CursorPos X="1" Y="1"/>
        <TopLine Value="1"/>
        <UsageCount Value="10"/>
      </Unit36>
      <Unit37>
        <Filename Value="..\..\..\..\..\..\..\..\..\programs\fpc\src\rtl\inc\objpash.inc"/>
        <CursorPos X="23" Y="175"/>
        <TopLine Value="154"/>
        <UsageCount Value="8"/>
      </Unit37>
      <Unit38>
        <Filename Value="..\..\..\..\..\..\..\..\..\programs\lazarus\lcl\include\customlistbox.inc"/>
        <CursorPos X="1" Y="566"/>
        <TopLine Value="555"/>
        <UsageCount Value="7"/>
      </Unit38>
      <Unit39>
        <Filename Value="..\..\demos\test\test.po"/>
        <CursorPos X="1" Y="27"/>
        <TopLine Value="1"/>
        <UsageCount Value="7"/>
        <SyntaxHighlighter Value="None"/>
      </Unit39>
      <Unit40>
        <Filename Value="..\..\demos\test\drupal-ar.po"/>
        <CursorPos X="1" Y="1"/>
        <TopLine Value="1"/>
        <UsageCount Value="7"/>
        <SyntaxHighlighter Value="None"/>
      </Unit40>
      <Unit41>
        <Filename Value="..\..\demos\test\en.po"/>
        <CursorPos X="1" Y="1"/>
        <TopLine Value="1"/>
        <UsageCount Value="11"/>
        <SyntaxHighlighter Value="None"/>
      </Unit41>
      <Unit42>
        <Filename Value="..\..\demos\test\ar.po"/>
        <CursorPos X="1" Y="1"/>
        <TopLine Value="1"/>
        <UsageCount Value="9"/>
        <SyntaxHighlighter Value="None"/>
      </Unit42>
      <Unit43>
        <Filename Value="..\..\..\..\..\..\..\..\..\programs\fpc\src\rtl\objpas\sysutils\filutilh.inc"/>
        <CursorPos X="10" Y="86"/>
        <TopLine Value="65"/>
        <UsageCount Value="8"/>
      </Unit43>
      <Unit44>
        <Filename Value="..\..\..\..\..\..\..\..\..\programs\fpc\src\rtl\win\sysutils.pp"/>
        <UnitName Value="sysutils"/>
        <CursorPos X="23" Y="768"/>
        <TopLine Value="752"/>
        <UsageCount Value="8"/>
      </Unit44>
      <Unit45>
        <Filename Value="..\..\..\..\..\..\..\..\..\programs\fpc\src\rtl\objpas\sysutils\osutilsh.inc"/>
        <CursorPos X="10" Y="21"/>
        <TopLine Value="1"/>
        <UsageCount Value="7"/>
      </Unit45>
      <Unit46>
        <Filename Value="..\..\..\..\..\..\..\..\..\programs\fpc\src\rtl\objpas\sysutils\osutil.inc"/>
        <CursorPos X="3" Y="121"/>
        <TopLine Value="118"/>
        <UsageCount Value="7"/>
      </Unit46>
      <Unit47>
        <Filename Value="..\..\..\..\..\..\..\..\..\workspace\lazarus\idemake.cfg"/>
        <CursorPos X="1" Y="16"/>
        <TopLine Value="1"/>
        <UsageCount Value="7"/>
        <SyntaxHighlighter Value="None"/>
      </Unit47>
      <Unit48>
        <Filename Value="..\..\..\..\..\..\..\..\..\programs\lazarus\ide\buildmanager.pas"/>
        <UnitName Value="BuildManager"/>
        <CursorPos X="27" Y="1274"/>
        <TopLine Value="1253"/>
        <UsageCount Value="7"/>
      </Unit48>
      <Unit49>
        <Filename Value="..\..\..\..\..\..\..\..\..\programs\lazarus\lcl\fileutil.pas"/>
        <UnitName Value="FileUtil"/>
        <CursorPos X="10" Y="216"/>
        <TopLine Value="195"/>
        <UsageCount Value="7"/>
      </Unit49>
      <Unit50>
        <Filename Value="..\..\..\..\..\..\..\..\..\programs\lazarus\lcl\include\fileutil.inc"/>
        <CursorPos X="30" Y="248"/>
        <TopLine Value="246"/>
        <UsageCount Value="7"/>
      </Unit50>
      <Unit51>
        <Filename Value="..\..\..\..\..\..\..\..\..\workspace\miniTranslator\options.xml"/>
        <CursorPos X="26" Y="12"/>
        <TopLine Value="1"/>
        <UsageCount Value="9"/>
        <SyntaxHighlighter Value="XML"/>
      </Unit51>
      <Unit52>
        <Filename Value="..\..\..\..\..\..\..\..\..\programs\lazarus\lcl\graphics.pp"/>
        <UnitName Value="Graphics"/>
        <CursorPos X="61" Y="550"/>
        <TopLine Value="529"/>
        <UsageCount Value="8"/>
      </Unit52>
      <Unit53>
        <Filename Value="..\..\..\..\..\..\..\..\..\programs\lazarus\lcl\include\font.inc"/>
        <CursorPos X="33" Y="1245"/>
        <TopLine Value="1243"/>
        <UsageCount Value="8"/>
      </Unit53>
      <Unit54>
        <Filename Value="..\..\..\..\..\MiniXml\source\mnXMLRttiWriter.pas"/>
        <UnitName Value="mnXMLRttiWriter"/>
        <CursorPos X="1" Y="1"/>
        <TopLine Value="1"/>
        <UsageCount Value="8"/>
      </Unit54>
      <Unit55>
        <Filename Value="..\..\..\..\..\MiniXml\source\mnXMLRtti.pas"/>
        <UnitName Value="mnXMLRtti"/>
        <CursorPos X="14" Y="20"/>
        <TopLine Value="1"/>
        <UsageCount Value="13"/>
      </Unit55>
      <Unit56>
        <Filename Value="..\..\..\..\..\MiniXml\source\mnXML.pas"/>
        <UnitName Value="mnXML"/>
        <CursorPos X="5" Y="135"/>
        <TopLine Value="114"/>
        <EditorIndex Value="4"/>
        <UsageCount Value="10"/>
        <Loaded Value="True"/>
      </Unit56>
      <Unit57>
        <Filename Value="..\..\..\..\..\MiniXml\source\mnXMLStreams.pas"/>
        <UnitName Value="mnXMLStreams"/>
        <CursorPos X="1" Y="24"/>
        <TopLine Value="1"/>
        <EditorIndex Value="0"/>
        <UsageCount Value="11"/>
        <Loaded Value="True"/>
      </Unit57>
      <Unit58>
        <Filename Value="..\..\..\..\..\MiniXml\source\mnXMLWriter.pas"/>
        <UnitName Value="mnXMLWriter"/>
        <CursorPos X="40" Y="126"/>
        <TopLine Value="105"/>
        <UsageCount Value="9"/>
      </Unit58>
      <Unit59>
        <Filename Value="..\..\..\..\..\MiniXml\source\mnXMLRttiReader.pas"/>
        <UnitName Value="mnXMLRttiReader"/>
        <CursorPos X="49" Y="185"/>
        <TopLine Value="164"/>
        <UsageCount Value="9"/>
        <Bookmarks Count="2">
          <Item0 X="23" Y="317" ID="1"/>
          <Item1 X="41" Y="184" ID="2"/>
        </Bookmarks>
      </Unit59>
      <Unit60>
        <Filename Value="..\..\..\..\..\MiniXml\source\mnXMLScanner.pas"/>
        <UnitName Value="mnXMLScanner"/>
        <CursorPos X="29" Y="36"/>
        <TopLine Value="15"/>
        <UsageCount Value="10"/>
      </Unit60>
      <Unit61>
        <Filename Value="..\..\..\..\..\..\..\..\..\programs\fpc\src\packages\fcl-image\src\fpcanvas.pp"/>
        <UnitName Value="FPCanvas"/>
        <CursorPos X="26" Y="82"/>
        <TopLine Value="61"/>
        <UsageCount Value="7"/>
      </Unit61>
      <Unit62>
        <Filename Value="..\..\..\..\..\..\..\..\..\programs\fpc\src\packages\fcl-image\src\fphelper.inc"/>
        <CursorPos X="3" Y="20"/>
        <TopLine Value="18"/>
        <UsageCount Value="7"/>
      </Unit62>
      <Unit63>
        <Filename Value="..\..\..\..\..\..\..\..\..\programs\fpc\src\rtl\objpas\classes\classes.inc"/>
        <CursorPos X="3" Y="420"/>
        <TopLine Value="408"/>
        <UsageCount Value="8"/>
      </Unit63>
      <Unit64>
        <Filename Value="..\..\..\..\..\..\..\..\..\programs\fpc\src\rtl\objpas\typinfo.pp"/>
        <UnitName Value="typinfo"/>
        <CursorPos X="10" Y="651"/>
        <TopLine Value="630"/>
        <UsageCount Value="8"/>
      </Unit64>
      <Unit65>
        <Filename Value="..\..\..\..\..\..\..\..\..\programs\fpc\src\rtl\objpas\sysutils\sysstrh.inc"/>
        <CursorPos X="41" Y="216"/>
        <TopLine Value="198"/>
        <UsageCount Value="12"/>
      </Unit65>
      <Unit66>
        <Filename Value="..\..\..\..\..\..\..\..\..\programs\fpc\src\rtl\objpas\sysutils\sysstr.inc"/>
        <CursorPos X="12" Y="2503"/>
        <TopLine Value="2503"/>
        <UsageCount Value="10"/>
      </Unit66>
      <Unit67>
        <Filename Value="..\..\..\..\..\..\..\..\..\programs\lazarus\lcl\translations.pas"/>
        <UnitName Value="Translations"/>
        <CursorPos X="1" Y="190"/>
        <TopLine Value="190"/>
        <UsageCount Value="15"/>
      </Unit67>
      <Unit68>
        <Filename Value="..\..\..\..\..\..\..\..\..\programs\lazarus\lcl\lclproc.pas"/>
        <UnitName Value="LCLProc"/>
        <CursorPos X="1" Y="1"/>
        <TopLine Value="1"/>
        <UsageCount Value="13"/>
      </Unit68>
      <Unit69>
        <Filename Value="..\..\..\..\..\..\..\..\..\programs\fpc\src\rtl\win32\system.pp"/>
        <UnitName Value="System"/>
        <CursorPos X="2" Y="35"/>
        <TopLine Value="14"/>
        <UsageCount Value="11"/>
      </Unit69>
      <Unit70>
        <Filename Value="..\..\..\..\..\Commons\mnUtils.pas"/>
        <UnitName Value="mnUtils"/>
        <CursorPos X="28" Y="23"/>
        <TopLine Value="2"/>
        <UsageCount Value="15"/>
      </Unit70>
      <Unit71>
        <Filename Value="D:\Users\Job\Desktop\MiniTranslator\demos\test\ar.po"/>
        <CursorPos X="40" Y="16"/>
        <TopLine Value="1"/>
        <UsageCount Value="9"/>
        <SyntaxHighlighter Value="None"/>
      </Unit71>
      <Unit72>
        <Filename Value="..\..\..\..\..\..\..\..\..\programs\lazarus\ideintf\texttools.pas"/>
        <UnitName Value="TextTools"/>
        <CursorPos X="53" Y="56"/>
        <TopLine Value="45"/>
        <UsageCount Value="14"/>
      </Unit72>
      <Unit73>
        <Filename Value="..\..\..\..\..\..\..\..\..\programs\lazarus\components\rx\apputils.pp"/>
        <UnitName Value="AppUtils"/>
        <CursorPos X="3" Y="139"/>
        <TopLine Value="118"/>
        <UsageCount Value="14"/>
      </Unit73>
      <Unit74>
        <Filename Value="..\..\..\..\..\..\..\..\..\programs\lazarus\lcl\postscriptcanvas.pas"/>
        <UnitName Value="PostScriptCanvas"/>
        <CursorPos X="1" Y="888"/>
        <TopLine Value="873"/>
        <UsageCount Value="14"/>
      </Unit74>
      <Unit75>
        <Filename Value="..\..\bin\init.cfg"/>
        <CursorPos X="1" Y="1"/>
        <TopLine Value="1"/>
        <UsageCount Value="9"/>
        <SyntaxHighlighter Value="None"/>
      </Unit75>
      <Unit76>
        <Filename Value="D:\Users\Job\Desktop\MiniTranslator\extra\FluxBB_Parser.pas"/>
        <UnitName Value="FluxBB_Parser"/>
        <CursorPos X="1" Y="1"/>
        <TopLine Value="1"/>
        <UsageCount Value="9"/>
      </Unit76>
      <Unit77>
        <Filename Value="D:\Users\Job\Desktop\minilib1\Lazarus\projects\miniTranslator\demos\test\en.po"/>
        <CursorPos X="1" Y="1"/>
        <TopLine Value="1"/>
        <UsageCount Value="9"/>
        <SyntaxHighlighter Value="None"/>
      </Unit77>
      <Unit78>
        <Filename Value="..\..\..\..\..\..\..\..\..\programs\lazarus\languages\lazaruside.ar.po"/>
        <CursorPos X="28" Y="22"/>
        <TopLine Value="1"/>
        <UsageCount Value="11"/>
        <SyntaxHighlighter Value="None"/>
      </Unit78>
      <Unit79>
        <Filename Value="..\..\..\..\..\..\..\..\..\programs\fpc\src\rtl\objpas\classes\stringl.inc"/>
        <CursorPos X="25" Y="515"/>
        <TopLine Value="494"/>
        <UsageCount Value="10"/>
      </Unit79>
      <Unit80>
        <Filename Value="..\..\..\..\..\..\..\..\..\programs\lazarus\languages\lazaruside.he.po"/>
        <CursorPos X="33" Y="18"/>
        <TopLine Value="1"/>
        <UsageCount Value="9"/>
        <SyntaxHighlighter Value="None"/>
      </Unit80>
      <Unit81>
        <Filename Value="..\lib\FluxBB_Parser.pas"/>
        <UnitName Value="FluxBB_Parser"/>
        <CursorPos X="61" Y="127"/>
        <TopLine Value="107"/>
        <UsageCount Value="14"/>
        <Bookmarks Count="1">
          <Item0 X="5" Y="217" ID="1"/>
        </Bookmarks>
      </Unit81>
      <Unit82>
        <Filename Value="..\..\..\oldTranslator\source\mnTranslatorClasses.pas"/>
        <UnitName Value="mnTranslatorClasses"/>
        <CursorPos X="1" Y="1"/>
        <TopLine Value="1"/>
        <UsageCount Value="9"/>
      </Unit82>
      <Unit83>
        <Filename Value="..\..\..\oldTranslator\source\mnGetText.pas"/>
        <UnitName Value="mnGetText"/>
        <CursorPos X="1" Y="1"/>
        <TopLine Value="1"/>
        <UsageCount Value="9"/>
      </Unit83>
      <Unit84>
        <Filename Value="..\..\..\oldTranslator\source\PO_Parser.pas"/>
        <UnitName Value="PO_Parser"/>
        <CursorPos X="1" Y="1"/>
        <TopLine Value="1"/>
        <UsageCount Value="9"/>
      </Unit84>
      <Unit85>
        <Filename Value="..\..\..\..\..\..\..\..\delphi\projects\LightPHPEdit\source\gui\lpeClasses.pas"/>
        <UnitName Value="lpeClasses"/>
        <CursorPos X="1" Y="595"/>
        <TopLine Value="566"/>
        <UsageCount Value="11"/>
      </Unit85>
      <Unit86>
        <Filename Value="..\..\..\..\..\..\..\..\delphi\projects\LightPHPEdit\source\editor\EditorEngine.pas"/>
        <UnitName Value="EditorEngine"/>
        <CursorPos X="20" Y="1984"/>
        <TopLine Value="1959"/>
        <UsageCount Value="11"/>
      </Unit86>
      <Unit87>
        <Filename Value="..\..\..\..\..\..\..\..\..\programs\fpc\src\rtl\objpas\sysutils\finah.inc"/>
        <CursorPos X="10" Y="23"/>
        <TopLine Value="1"/>
        <UsageCount Value="11"/>
      </Unit87>
      <Unit88>
        <Filename Value="..\..\..\..\..\..\..\..\..\programs\fpc\src\rtl\objpas\sysutils\fina.inc"/>
        <CursorPos X="2" Y="28"/>
        <TopLine Value="23"/>
        <UsageCount Value="11"/>
      </Unit88>
      <Unit89>
        <Filename Value="..\..\..\..\..\MiniXml\source\mnXMLReader.pas"/>
        <UnitName Value="mnXMLReader"/>
        <CursorPos X="33" Y="28"/>
        <TopLine Value="1"/>
        <UsageCount Value="10"/>
      </Unit89>
      <Unit90>
        <Filename Value="..\..\..\..\..\Commons\mnStreams.pas"/>
        <UnitName Value="mnStreams"/>
        <CursorPos X="59" Y="51"/>
        <TopLine Value="31"/>
        <EditorIndex Value="2"/>
        <UsageCount Value="11"/>
        <Loaded Value="True"/>
      </Unit90>
      <Unit91>
        <Filename Value="..\..\..\..\..\MiniSocket\source\mnConsts.pas"/>
        <UnitName Value="mnConsts"/>
        <CursorPos X="1" Y="25"/>
        <TopLine Value="1"/>
        <EditorIndex Value="5"/>
        <UsageCount Value="10"/>
        <Loaded Value="True"/>
      </Unit91>
    </Units>
    <JumpHistory Count="30" HistoryIndex="29">
      <Position1>
        <Filename Value="..\..\..\..\..\MiniXml\source\mnXMLStreams.pas"/>
        <Caret Line="207" Column="12" TopLine="184"/>
      </Position1>
      <Position2>
        <Filename Value="..\..\..\..\..\MiniXml\source\mnXMLStreams.pas"/>
        <Caret Line="211" Column="9" TopLine="184"/>
      </Position2>
      <Position3>
        <Filename Value="..\..\..\..\..\MiniXml\source\mnXMLStreams.pas"/>
        <Caret Line="212" Column="15" TopLine="184"/>
      </Position3>
      <Position4>
        <Filename Value="..\..\..\..\..\Commons\mnStreams.pas"/>
        <Caret Line="79" Column="1" TopLine="47"/>
      </Position4>
      <Position5>
        <Filename Value="..\..\..\..\..\MiniXml\source\mnXMLStreams.pas"/>
        <Caret Line="245" Column="3" TopLine="230"/>
      </Position5>
      <Position6>
        <Filename Value="..\..\..\..\..\MiniXml\source\mnXMLStreams.pas"/>
        <Caret Line="24" Column="18" TopLine="1"/>
      </Position6>
      <Position7>
        <Filename Value="..\..\..\..\..\MiniXml\source\mnXMLStreams.pas"/>
        <Caret Line="7" Column="5" TopLine="1"/>
      </Position7>
      <Position8>
        <Filename Value="..\..\..\..\..\Commons\mnStreams.pas"/>
        <Caret Line="251" Column="3" TopLine="236"/>
      </Position8>
      <Position9>
        <Filename Value="..\..\..\..\..\MiniXml\source\mnXMLStreams.pas"/>
        <Caret Line="27" Column="1" TopLine="1"/>
      </Position9>
      <Position10>
        <Filename Value="..\..\..\..\..\MiniXml\source\mnXMLStreams.pas"/>
        <Caret Line="1" Column="1" TopLine="1"/>
      </Position10>
      <Position11>
        <Filename Value="..\..\..\..\..\MiniXml\source\mnXMLStreams.pas"/>
        <Caret Line="27" Column="1" TopLine="1"/>
      </Position11>
      <Position12>
        <Filename Value="..\..\..\..\..\Commons\mnStreams.pas"/>
        <Caret Line="43" Column="1" TopLine="43"/>
      </Position12>
      <Position13>
        <Filename Value="..\..\..\..\..\Commons\mnStreams.pas"/>
        <Caret Line="140" Column="21" TopLine="122"/>
      </Position13>
      <Position14>
        <Filename Value="..\..\..\..\..\Commons\mnStreams.pas"/>
        <Caret Line="144" Column="1" TopLine="124"/>
      </Position14>
      <Position15>
        <Filename Value="..\..\..\..\..\MiniXml\source\mnXMLStreams.pas"/>
        <Caret Line="23" Column="33" TopLine="1"/>
      </Position15>
      <Position16>
        <Filename Value="Translator.lpr"/>
        <Caret Line="1" Column="1" TopLine="1"/>
      </Position16>
      <Position17>
        <Filename Value="Translator.lpr"/>
        <Caret Line="28" Column="38" TopLine="16"/>
      </Position17>
      <Position18>
        <Filename Value="..\..\..\..\..\Commons\mnStreams.pas"/>
        <Caret Line="19" Column="38" TopLine="1"/>
      </Position18>
      <Position19>
        <Filename Value="..\..\..\..\..\Commons\mnStreams.pas"/>
        <Caret Line="278" Column="1" TopLine="236"/>
      </Position19>
      <Position20>
        <Filename Value="..\..\..\..\..\Commons\mnStreams.pas"/>
        <Caret Line="19" Column="40" TopLine="1"/>
      </Position20>
      <Position21>
        <Filename Value="..\..\..\..\..\Commons\mnStreams.pas"/>
        <Caret Line="56" Column="1" TopLine="46"/>
      </Position21>
      <Position22>
        <Filename Value="..\..\..\..\..\MiniXml\source\mnXMLStreams.pas"/>
        <Caret Line="26" Column="3" TopLine="1"/>
      </Position22>
      <Position23>
        <Filename Value="..\..\..\..\..\Commons\mnStreams.pas"/>
        <Caret Line="65" Column="1" TopLine="24"/>
      </Position23>
      <Position24>
        <Filename Value="..\..\..\..\..\Commons\mnStreams.pas"/>
        <Caret Line="49" Column="5" TopLine="22"/>
      </Position24>
      <Position25>
        <Filename Value="..\..\..\..\..\MiniXml\source\mnXMLRttiProfile.pas"/>
        <Caret Line="22" Column="25" TopLine="1"/>
      </Position25>
      <Position26>
        <Filename Value="..\..\..\..\..\MiniXml\source\mnXMLRttiProfile.pas"/>
        <Caret Line="189" Column="53" TopLine="168"/>
      </Position26>
      <Position27>
        <Filename Value="..\..\..\..\..\Commons\mnStreams.pas"/>
        <Caret Line="39" Column="3" TopLine="28"/>
      </Position27>
      <Position28>
        <Filename Value="..\..\..\..\..\Commons\mnStreams.pas"/>
        <Caret Line="206" Column="3" TopLine="204"/>
      </Position28>
      <Position29>
        <Filename Value="..\..\..\..\..\Commons\mnStreams.pas"/>
        <Caret Line="145" Column="21" TopLine="124"/>
      </Position29>
      <Position30>
        <Filename Value="..\..\..\..\..\Commons\mnStreams.pas"/>
        <Caret Line="133" Column="31" TopLine="119"/>
      </Position30>
    </JumpHistory>
  </ProjectOptions>
  <CompilerOptions>
    <Version Value="8"/>
    <PathDelim Value="\"/>
    <Target>
      <Filename Value="..\..\bin\Translator.exe"/>
    </Target>
    <SearchPaths>
      <IncludeFiles Value="$(ProjOutDir)\"/>
      <OtherUnitFiles Value="..\lib\;W:\home\pascal\lib\minilib\Commons\;W:\home\pascal\lib\minilib\MiniTranslator\source\;W:\home\pascal\lib\minilib\MiniConnection\source\;W:\home\pascal\lib\minilib\MiniXml\source\"/>
      <UnitOutputDirectory Value="..\..\units"/>
    </SearchPaths>
    <Linking>
      <Options>
        <Win32>
          <GraphicApplication Value="True"/>
        </Win32>
      </Options>
    </Linking>
    <Other>
      <Verbosity>
        <ShowGenInfo Value="False"/>
      </Verbosity>
      <CompilerPath Value="$(CompPath)"/>
    </Other>
  </CompilerOptions>
  <Debugging>
    <Exceptions Count="3">
      <Item1>
        <Name Value="EAbort"/>
      </Item1>
      <Item2>
        <Name Value="ECodetoolError"/>
      </Item2>
      <Item3>
        <Name Value="EFOpenError"/>
      </Item3>
    </Exceptions>
  </Debugging>
</CONFIG>
