<?xml version="1.0"?>
<CONFIG>
  <ProjectOptions>
    <Version Value="9"/>
    <PathDelim Value="\"/>
    <General>
      <MainUnit Value="0"/>
      <ResourceType Value="res"/>
      <UseXPManifest Value="True"/>
      <Icon Value="0"/>
      <ActiveWindowIndexAtStart Value="0"/>
    </General>
    <i18n>
      <EnableI18N LFM="False"/>
    </i18n>
    <VersionInfo>
      <StringTable ProductVersion=""/>
    </VersionInfo>
    <BuildModes Count="1" Active="Default">
      <Item1 Name="Default" Default="True"/>
    </BuildModes>
    <PublishOptions>
      <Version Value="2"/>
      <IncludeFileFilter Value="*.(pas|pp|inc|lfm|lpr|lrs|lpi|lpk|sh|xml)"/>
      <ExcludeFileFilter Value="*.(bak|ppu|o|so);*~;backup"/>
    </PublishOptions>
    <RunParams>
      <local>
        <FormatVersion Value="1"/>
      </local>
    </RunParams>
    <RequiredPackages Count="1">
      <Item1>
        <PackageName Value="LCL"/>
      </Item1>
    </RequiredPackages>
    <Units Count="12">
      <Unit0>
        <Filename Value="project1.lpr"/>
        <IsPartOfProject Value="True"/>
        <UnitName Value="project1"/>
        <UsageCount Value="31"/>
      </Unit0>
      <Unit1>
        <Filename Value="unit1.pas"/>
        <IsPartOfProject Value="True"/>
        <ComponentName Value="Form1"/>
        <ResourceBaseClass Value="Form"/>
        <UnitName Value="unit1"/>
        <EditorIndex Value="0"/>
        <WindowIndex Value="0"/>
        <TopLine Value="92"/>
        <CursorPos X="19" Y="96"/>
        <UsageCount Value="31"/>
        <Loaded Value="True"/>
        <LoadedDesigner Value="True"/>
      </Unit1>
      <Unit2>
        <Filename Value="..\..\lib\UniDates.pas"/>
        <UnitName Value="UniDates"/>
        <IsVisibleTab Value="True"/>
        <EditorIndex Value="3"/>
        <WindowIndex Value="0"/>
        <TopLine Value="97"/>
        <CursorPos X="10" Y="124"/>
        <UsageCount Value="16"/>
        <Bookmarks Count="1">
          <Item0 X="1" Y="90" ID="1"/>
        </Bookmarks>
        <Loaded Value="True"/>
      </Unit2>
      <Unit3>
        <Filename Value="..\..\lib\mnUtils.pas"/>
        <UnitName Value="mnUtils"/>
        <EditorIndex Value="4"/>
        <WindowIndex Value="0"/>
        <TopLine Value="1"/>
        <CursorPos X="1" Y="10"/>
        <UsageCount Value="16"/>
        <Loaded Value="True"/>
      </Unit3>
      <Unit4>
        <Filename Value="..\..\lib\HejriUtils.pas"/>
        <UnitName Value="HejriUtils"/>
        <EditorIndex Value="5"/>
        <WindowIndex Value="0"/>
        <TopLine Value="1"/>
        <CursorPos X="1" Y="1"/>
        <UsageCount Value="16"/>
        <Loaded Value="True"/>
      </Unit4>
      <Unit5>
        <Filename Value="..\..\lib\HejriDates.pas"/>
        <UnitName Value="HejriDates"/>
        <EditorIndex Value="1"/>
        <WindowIndex Value="0"/>
        <TopLine Value="125"/>
        <CursorPos X="3" Y="143"/>
        <UsageCount Value="16"/>
        <Loaded Value="True"/>
      </Unit5>
      <Unit6>
        <Filename Value="P:\programs\fpc\2.4\src\rtl\objpas\dateutils.pp"/>
        <UnitName Value="dateutils"/>
        <WindowIndex Value="0"/>
        <TopLine Value="1"/>
        <CursorPos X="1" Y="1"/>
        <UsageCount Value="10"/>
      </Unit6>
      <Unit7>
        <Filename Value="P:\programs\fpc\2.4\src\rtl\objpas\dateutil.inc"/>
        <WindowIndex Value="0"/>
        <TopLine Value="2329"/>
        <CursorPos X="50" Y="2364"/>
        <UsageCount Value="10"/>
      </Unit7>
      <Unit8>
        <Filename Value="P:\programs\fpc\2.4\src\rtl\objpas\sysutils\sysinth.inc"/>
        <WindowIndex Value="0"/>
        <TopLine Value="9"/>
        <CursorPos X="1" Y="32"/>
        <UsageCount Value="10"/>
      </Unit8>
      <Unit9>
        <Filename Value="P:\programs\fpc\2.4\src\rtl\objpas\sysutils\datih.inc"/>
        <WindowIndex Value="0"/>
        <TopLine Value="127"/>
        <CursorPos X="11" Y="148"/>
        <UsageCount Value="10"/>
      </Unit9>
      <Unit10>
        <Filename Value="P:\programs\fpc\2.4\src\rtl\objpas\sysutils\dati.inc"/>
        <WindowIndex Value="0"/>
        <TopLine Value="798"/>
        <CursorPos X="17" Y="819"/>
        <UsageCount Value="10"/>
      </Unit10>
      <Unit11>
        <Filename Value="P:\programs\fpc\2.4\src\rtl\inc\mathh.inc"/>
        <EditorIndex Value="2"/>
        <WindowIndex Value="0"/>
        <TopLine Value="55"/>
        <CursorPos X="43" Y="79"/>
        <UsageCount Value="12"/>
        <Loaded Value="True"/>
      </Unit11>
    </Units>
    <JumpHistory Count="30" HistoryIndex="29">
      <Position1>
        <Filename Value="..\..\lib\HejriUtils.pas"/>
        <Caret Line="7" Column="3" TopLine="1"/>
      </Position1>
      <Position2>
        <Filename Value="..\..\lib\HejriUtils.pas"/>
        <Caret Line="70" Column="1" TopLine="64"/>
      </Position2>
      <Position3>
        <Filename Value="..\..\lib\UniDates.pas"/>
        <Caret Line="114" Column="10" TopLine="114"/>
      </Position3>
      <Position4>
        <Filename Value="..\..\lib\UniDates.pas"/>
        <Caret Line="122" Column="1" TopLine="106"/>
      </Position4>
      <Position5>
        <Filename Value="..\..\lib\UniDates.pas"/>
        <Caret Line="251" Column="1" TopLine="223"/>
      </Position5>
      <Position6>
        <Filename Value="..\..\lib\UniDates.pas"/>
        <Caret Line="107" Column="17" TopLine="77"/>
      </Position6>
      <Position7>
        <Filename Value="..\..\lib\UniDates.pas"/>
        <Caret Line="403" Column="17" TopLine="403"/>
      </Position7>
      <Position8>
        <Filename Value="..\..\lib\UniDates.pas"/>
        <Caret Line="118" Column="11" TopLine="86"/>
      </Position8>
      <Position9>
        <Filename Value="..\..\lib\UniDates.pas"/>
        <Caret Line="539" Column="3" TopLine="537"/>
      </Position9>
      <Position10>
        <Filename Value="..\..\lib\UniDates.pas"/>
        <Caret Line="119" Column="1" TopLine="97"/>
      </Position10>
      <Position11>
        <Filename Value="..\..\lib\UniDates.pas"/>
        <Caret Line="166" Column="3" TopLine="161"/>
      </Position11>
      <Position12>
        <Filename Value="..\..\lib\UniDates.pas"/>
        <Caret Line="122" Column="10" TopLine="98"/>
      </Position12>
      <Position13>
        <Filename Value="..\..\lib\UniDates.pas"/>
        <Caret Line="513" Column="3" TopLine="509"/>
      </Position13>
      <Position14>
        <Filename Value="..\..\lib\UniDates.pas"/>
        <Caret Line="122" Column="10" TopLine="101"/>
      </Position14>
      <Position15>
        <Filename Value="..\..\lib\UniDates.pas"/>
        <Caret Line="520" Column="33" TopLine="509"/>
      </Position15>
      <Position16>
        <Filename Value="..\..\lib\UniDates.pas"/>
        <Caret Line="230" Column="10" TopLine="209"/>
      </Position16>
      <Position17>
        <Filename Value="..\..\lib\UniDates.pas"/>
        <Caret Line="118" Column="1" TopLine="103"/>
      </Position17>
      <Position18>
        <Filename Value="..\..\lib\UniDates.pas"/>
        <Caret Line="229" Column="3" TopLine="227"/>
      </Position18>
      <Position19>
        <Filename Value="..\..\lib\UniDates.pas"/>
        <Caret Line="118" Column="10" TopLine="97"/>
      </Position19>
      <Position20>
        <Filename Value="..\..\lib\UniDates.pas"/>
        <Caret Line="229" Column="3" TopLine="227"/>
      </Position20>
      <Position21>
        <Filename Value="..\..\lib\UniDates.pas"/>
        <Caret Line="118" Column="1" TopLine="97"/>
      </Position21>
      <Position22>
        <Filename Value="..\..\lib\UniDates.pas"/>
        <Caret Line="229" Column="3" TopLine="227"/>
      </Position22>
      <Position23>
        <Filename Value="..\..\lib\UniDates.pas"/>
        <Caret Line="118" Column="1" TopLine="97"/>
      </Position23>
      <Position24>
        <Filename Value="..\..\lib\UniDates.pas"/>
        <Caret Line="237" Column="3" TopLine="231"/>
      </Position24>
      <Position25>
        <Filename Value="..\..\lib\UniDates.pas"/>
        <Caret Line="118" Column="17" TopLine="97"/>
      </Position25>
      <Position26>
        <Filename Value="..\..\lib\UniDates.pas"/>
        <Caret Line="228" Column="1" TopLine="227"/>
      </Position26>
      <Position27>
        <Filename Value="..\..\lib\UniDates.pas"/>
        <Caret Line="124" Column="10" TopLine="98"/>
      </Position27>
      <Position28>
        <Filename Value="..\..\lib\UniDates.pas"/>
        <Caret Line="237" Column="3" TopLine="226"/>
      </Position28>
      <Position29>
        <Filename Value="..\..\lib\UniDates.pas"/>
        <Caret Line="118" Column="1" TopLine="103"/>
      </Position29>
      <Position30>
        <Filename Value="..\..\lib\UniDates.pas"/>
        <Caret Line="257" Column="3" TopLine="252"/>
      </Position30>
    </JumpHistory>
  </ProjectOptions>
  <CompilerOptions>
    <Version Value="10"/>
    <PathDelim Value="\"/>
    <Target>
      <Filename Value="project1"/>
    </Target>
    <SearchPaths>
      <IncludeFiles Value="$(ProjOutDir)"/>
      <OtherUnitFiles Value="W:\home\pascal\lib\minilib\lib\"/>
      <UnitOutputDirectory Value="lib\$(TargetCPU)-$(TargetOS)"/>
    </SearchPaths>
    <Linking>
      <Debugging>
        <GenerateDebugInfo Value="True"/>
        <DebugInfoType Value="dsAuto"/>
      </Debugging>
      <Options>
        <Win32>
          <GraphicApplication Value="True"/>
        </Win32>
      </Options>
    </Linking>
    <Other>
      <CompilerMessages>
        <UseMsgFile Value="True"/>
      </CompilerMessages>
      <CompilerPath Value="$(CompPath)"/>
    </Other>
  </CompilerOptions>
  <Debugging>
    <Watches Count="1">
      <Item1>
        <Expression Value="Result"/>
      </Item1>
    </Watches>
    <Exceptions Count="3">
      <Item1>
        <Name Value="EAbort"/>
      </Item1>
      <Item2>
        <Name Value="ECodetoolError"/>
      </Item2>
      <Item3>
        <Name Value="EFOpenError"/>
      </Item3>
    </Exceptions>
  </Debugging>
</CONFIG>
